
Microsoft Visual Studio Solution File, Format Version 12.00
# Visual Studio 14
VisualStudioVersion = 14.0.25420.1
MinimumVisualStudioVersion = 10.0.40219.1
Project("{2150E333-8FDC-42A3-9474-1A3956D46DE8}") = ".nuspec", ".nuspec", "{7C2AC26D-FFB8-4CF1-B189-1955A747B770}"
	ProjectSection(SolutionItems) = preProject
		..\nuspec\Forms\XLabs.Forms.nuspec = ..\nuspec\Forms\XLabs.Forms.nuspec
	EndProjectSection
EndProject
Project("{2150E333-8FDC-42A3-9474-1A3956D46DE8}") = "source", "source", "{8507F10B-CF78-4193-BC5B-C602837092B3}"
EndProject
Project("{2150E333-8FDC-42A3-9474-1A3956D46DE8}") = "samples", "samples", "{1DC24B28-EE21-4980-97E5-951084882D1C}"
EndProject
Project("{2150E333-8FDC-42A3-9474-1A3956D46DE8}") = "Forms", "Forms", "{C1296FBA-3002-40B6-B762-FF1E87FBC9B1}"
EndProject
Project("{FAE04EC0-301F-11D3-BF4B-00C04F79EFBC}") = "XLabs.Forms", "Forms\XLabs.Forms\XLabs.Forms.csproj", "{59AD9D73-9348-4262-A869-6168057DA26A}"
EndProject
Project("{FAE04EC0-301F-11D3-BF4B-00C04F79EFBC}") = "XLabs.Forms.Droid", "Forms\XLabs.Forms.Droid\XLabs.Forms.Droid.csproj", "{3FDEEE8A-55E3-42E9-91AF-FBF94688CE71}"
EndProject
Project("{FAE04EC0-301F-11D3-BF4B-00C04F79EFBC}") = "XLabs.Forms.iOS", "Forms\XLabs.Forms.iOS\XLabs.Forms.iOS.csproj", "{5F75F28C-0E83-4594-97F1-9CDF806DB5F2}"
EndProject
Project("{FAE04EC0-301F-11D3-BF4B-00C04F79EFBC}") = "XLabs.Forms.UWP", "Forms\XLabs.Forms.UWP\XLabs.Forms.UWP.csproj", "{963ABF63-CCA5-4B67-86DC-FC5E372DB33C}"
EndProject
Project("{FAE04EC0-301F-11D3-BF4B-00C04F79EFBC}") = "XLabs.Forms.WinRT", "Forms\XLabs.Forms.WinRT\XLabs.Forms.WinRT.csproj", "{54897E78-FB65-4EC5-A386-18745EAE3EAD}"
EndProject
Project("{FAE04EC0-301F-11D3-BF4B-00C04F79EFBC}") = "XLabs.Forms.WinRT.Phone", "Forms\XLabs.Forms.WinRT.Phone\XLabs.Forms.WinRT.Phone.csproj", "{B959890D-B576-469D-AEF6-6582C1DC5A3E}"
EndProject
Project("{D954291E-2A0B-460D-934E-DC6B0785DB48}") = "XLabs.Forms.WinRT.Shared", "Forms\XLabs.Forms.WinRT.Shared\XLabs.Forms.WinRT.Shared.shproj", "{51334EB5-28A0-48BF-B213-2E256FD2601B}"
EndProject
Project("{FAE04EC0-301F-11D3-BF4B-00C04F79EFBC}") = "XLabs.Samples.Droid", "..\samples\Forms\XLabs.Samples.Droid\XLabs.Samples.Droid.csproj", "{9D3710BB-4550-4825-8392-2763903BB335}"
EndProject
Project("{FAE04EC0-301F-11D3-BF4B-00C04F79EFBC}") = "XLabs.Samples.iOS", "..\samples\Forms\XLabs.Samples.iOS\XLabs.Samples.iOS.csproj", "{3370101A-47EC-49B4-ABAF-2249A70B79E3}"
EndProject
Project("{FAE04EC0-301F-11D3-BF4B-00C04F79EFBC}") = "XLabs.Samples.UWP", "..\samples\Forms\XLabs.Samples.UWP\XLabs.Samples.UWP.csproj", "{86EC4C83-425D-4D50-8DE5-0AC7AAE9D04C}"
EndProject
Project("{FAE04EC0-301F-11D3-BF4B-00C04F79EFBC}") = "XLabs.Samples.WinRT", "..\samples\Forms\XLabs.Samples.WinRT\XLabs.Samples.WinRT.csproj", "{945D0FE6-C6ED-461A-B91A-F70287B38213}"
EndProject
Project("{FAE04EC0-301F-11D3-BF4B-00C04F79EFBC}") = "XLabs.Samples.WinRT.Phone", "..\samples\Forms\XLabs.Samples.WinRT.Phone\XLabs.Samples.WinRT.Phone.csproj", "{D7952CFD-BDB2-4F9F-864C-98DD75B6A98C}"
EndProject
Project("{FAE04EC0-301F-11D3-BF4B-00C04F79EFBC}") = "XLabs.Samples", "..\samples\Forms\XLabs.Samples\XLabs.Samples.csproj", "{3C2A9E36-2D18-4780-9C40-3213471B716C}"
EndProject
Project("{D954291E-2A0B-460D-934E-DC6B0785DB48}") = "XLabs.Forms.Shared", "Forms\XLabs.Forms.Shared\XLabs.Forms.Shared.shproj", "{531D5086-CA30-4E17-AFE8-D339B312A57D}"
EndProject
Project("{2150E333-8FDC-42A3-9474-1A3956D46DE8}") = ".nuget", ".nuget", "{92DE34DB-420B-4B18-B60C-9BCFACD3CDFC}"
	ProjectSection(SolutionItems) = preProject
		..\.nuget\NuGet.Config = ..\.nuget\NuGet.Config
		..\.nuget\NuGet.exe = ..\.nuget\NuGet.exe
		..\.nuget\NuGet.targets = ..\.nuget\NuGet.targets
	EndProjectSection
EndProject
Project("{2150E333-8FDC-42A3-9474-1A3956D46DE8}") = ".misc", ".misc", "{475F5D19-903E-4801-8FA2-FD33BBB4C69A}"
	ProjectSection(SolutionItems) = preProject
		AssemblyInfo.Shared.cs = AssemblyInfo.Shared.cs
		..\settings.json = ..\settings.json
		..\version.json = ..\version.json
	EndProjectSection
EndProject
Global
	GlobalSection(SharedMSBuildProjectFiles) = preSolution
		Forms\XLabs.Forms.Shared\XLabs.Forms.Shared.projitems*{3fdeee8a-55e3-42e9-91af-fbf94688ce71}*SharedItemsImports = 4
		Forms\XLabs.Forms.WinRT.Shared\XLabs.Forms.WinRT.Shared.projitems*{51334eb5-28a0-48bf-b213-2e256fd2601b}*SharedItemsImports = 13
		Forms\XLabs.Forms.Shared\XLabs.Forms.Shared.projitems*{531d5086-ca30-4e17-afe8-d339b312a57d}*SharedItemsImports = 13
		Forms\XLabs.Forms.Shared\XLabs.Forms.Shared.projitems*{54897e78-fb65-4ec5-a386-18745eae3ead}*SharedItemsImports = 4
		Forms\XLabs.Forms.WinRT.Shared\XLabs.Forms.WinRT.Shared.projitems*{54897e78-fb65-4ec5-a386-18745eae3ead}*SharedItemsImports = 4
		Forms\XLabs.Forms.Shared\XLabs.Forms.Shared.projitems*{5f75f28c-0e83-4594-97f1-9cdf806db5f2}*SharedItemsImports = 4
		Forms\XLabs.Forms.Shared\XLabs.Forms.Shared.projitems*{963abf63-cca5-4b67-86dc-fc5e372db33c}*SharedItemsImports = 4
		Forms\XLabs.Forms.WinRT.Shared\XLabs.Forms.WinRT.Shared.projitems*{963abf63-cca5-4b67-86dc-fc5e372db33c}*SharedItemsImports = 4
		Forms\XLabs.Forms.Shared\XLabs.Forms.Shared.projitems*{b959890d-b576-469d-aef6-6582c1dc5a3e}*SharedItemsImports = 4
		Forms\XLabs.Forms.WinRT.Shared\XLabs.Forms.WinRT.Shared.projitems*{b959890d-b576-469d-aef6-6582c1dc5a3e}*SharedItemsImports = 4
	EndGlobalSection
	GlobalSection(SolutionConfigurationPlatforms) = preSolution
		Ad-Hoc|Any CPU = Ad-Hoc|Any CPU
		Ad-Hoc|ARM = Ad-Hoc|ARM
		Ad-Hoc|iPhone = Ad-Hoc|iPhone
		Ad-Hoc|iPhoneSimulator = Ad-Hoc|iPhoneSimulator
		Ad-Hoc|x64 = Ad-Hoc|x64
		Ad-Hoc|x86 = Ad-Hoc|x86
		AppStore|Any CPU = AppStore|Any CPU
		AppStore|ARM = AppStore|ARM
		AppStore|iPhone = AppStore|iPhone
		AppStore|iPhoneSimulator = AppStore|iPhoneSimulator
		AppStore|x64 = AppStore|x64
		AppStore|x86 = AppStore|x86
		Debug|Any CPU = Debug|Any CPU
		Debug|ARM = Debug|ARM
		Debug|iPhone = Debug|iPhone
		Debug|iPhoneSimulator = Debug|iPhoneSimulator
		Debug|x64 = Debug|x64
		Debug|x86 = Debug|x86
		Release|Any CPU = Release|Any CPU
		Release|ARM = Release|ARM
		Release|iPhone = Release|iPhone
		Release|iPhoneSimulator = Release|iPhoneSimulator
		Release|x64 = Release|x64
		Release|x86 = Release|x86
	EndGlobalSection
	GlobalSection(ProjectConfigurationPlatforms) = postSolution
		{59AD9D73-9348-4262-A869-6168057DA26A}.Ad-Hoc|Any CPU.ActiveCfg = Release|Any CPU
		{59AD9D73-9348-4262-A869-6168057DA26A}.Ad-Hoc|Any CPU.Build.0 = Release|Any CPU
		{59AD9D73-9348-4262-A869-6168057DA26A}.Ad-Hoc|ARM.ActiveCfg = Release|Any CPU
		{59AD9D73-9348-4262-A869-6168057DA26A}.Ad-Hoc|ARM.Build.0 = Release|Any CPU
		{59AD9D73-9348-4262-A869-6168057DA26A}.Ad-Hoc|iPhone.ActiveCfg = Release|Any CPU
		{59AD9D73-9348-4262-A869-6168057DA26A}.Ad-Hoc|iPhone.Build.0 = Release|Any CPU
		{59AD9D73-9348-4262-A869-6168057DA26A}.Ad-Hoc|iPhoneSimulator.ActiveCfg = Release|Any CPU
		{59AD9D73-9348-4262-A869-6168057DA26A}.Ad-Hoc|iPhoneSimulator.Build.0 = Release|Any CPU
		{59AD9D73-9348-4262-A869-6168057DA26A}.Ad-Hoc|x64.ActiveCfg = Release|Any CPU
		{59AD9D73-9348-4262-A869-6168057DA26A}.Ad-Hoc|x64.Build.0 = Release|Any CPU
		{59AD9D73-9348-4262-A869-6168057DA26A}.Ad-Hoc|x86.ActiveCfg = Release|Any CPU
		{59AD9D73-9348-4262-A869-6168057DA26A}.Ad-Hoc|x86.Build.0 = Release|Any CPU
		{59AD9D73-9348-4262-A869-6168057DA26A}.AppStore|Any CPU.ActiveCfg = Release|Any CPU
		{59AD9D73-9348-4262-A869-6168057DA26A}.AppStore|Any CPU.Build.0 = Release|Any CPU
		{59AD9D73-9348-4262-A869-6168057DA26A}.AppStore|ARM.ActiveCfg = Release|Any CPU
		{59AD9D73-9348-4262-A869-6168057DA26A}.AppStore|ARM.Build.0 = Release|Any CPU
		{59AD9D73-9348-4262-A869-6168057DA26A}.AppStore|iPhone.ActiveCfg = Release|Any CPU
		{59AD9D73-9348-4262-A869-6168057DA26A}.AppStore|iPhone.Build.0 = Release|Any CPU
		{59AD9D73-9348-4262-A869-6168057DA26A}.AppStore|iPhoneSimulator.ActiveCfg = Release|Any CPU
		{59AD9D73-9348-4262-A869-6168057DA26A}.AppStore|iPhoneSimulator.Build.0 = Release|Any CPU
		{59AD9D73-9348-4262-A869-6168057DA26A}.AppStore|x64.ActiveCfg = Release|Any CPU
		{59AD9D73-9348-4262-A869-6168057DA26A}.AppStore|x64.Build.0 = Release|Any CPU
		{59AD9D73-9348-4262-A869-6168057DA26A}.AppStore|x86.ActiveCfg = Release|Any CPU
		{59AD9D73-9348-4262-A869-6168057DA26A}.AppStore|x86.Build.0 = Release|Any CPU
		{59AD9D73-9348-4262-A869-6168057DA26A}.Debug|Any CPU.ActiveCfg = Debug|Any CPU
		{59AD9D73-9348-4262-A869-6168057DA26A}.Debug|Any CPU.Build.0 = Debug|Any CPU
		{59AD9D73-9348-4262-A869-6168057DA26A}.Debug|ARM.ActiveCfg = Debug|Any CPU
		{59AD9D73-9348-4262-A869-6168057DA26A}.Debug|ARM.Build.0 = Debug|Any CPU
		{59AD9D73-9348-4262-A869-6168057DA26A}.Debug|iPhone.ActiveCfg = Debug|Any CPU
		{59AD9D73-9348-4262-A869-6168057DA26A}.Debug|iPhone.Build.0 = Debug|Any CPU
		{59AD9D73-9348-4262-A869-6168057DA26A}.Debug|iPhoneSimulator.ActiveCfg = Debug|Any CPU
		{59AD9D73-9348-4262-A869-6168057DA26A}.Debug|iPhoneSimulator.Build.0 = Debug|Any CPU
		{59AD9D73-9348-4262-A869-6168057DA26A}.Debug|x64.ActiveCfg = Debug|Any CPU
		{59AD9D73-9348-4262-A869-6168057DA26A}.Debug|x64.Build.0 = Debug|Any CPU
		{59AD9D73-9348-4262-A869-6168057DA26A}.Debug|x86.ActiveCfg = Debug|Any CPU
		{59AD9D73-9348-4262-A869-6168057DA26A}.Debug|x86.Build.0 = Debug|Any CPU
		{59AD9D73-9348-4262-A869-6168057DA26A}.Release|Any CPU.ActiveCfg = Release|Any CPU
		{59AD9D73-9348-4262-A869-6168057DA26A}.Release|Any CPU.Build.0 = Release|Any CPU
		{59AD9D73-9348-4262-A869-6168057DA26A}.Release|ARM.ActiveCfg = Release|Any CPU
		{59AD9D73-9348-4262-A869-6168057DA26A}.Release|ARM.Build.0 = Release|Any CPU
		{59AD9D73-9348-4262-A869-6168057DA26A}.Release|iPhone.ActiveCfg = Release|Any CPU
		{59AD9D73-9348-4262-A869-6168057DA26A}.Release|iPhone.Build.0 = Release|Any CPU
		{59AD9D73-9348-4262-A869-6168057DA26A}.Release|iPhoneSimulator.ActiveCfg = Release|Any CPU
		{59AD9D73-9348-4262-A869-6168057DA26A}.Release|iPhoneSimulator.Build.0 = Release|Any CPU
		{59AD9D73-9348-4262-A869-6168057DA26A}.Release|x64.ActiveCfg = Release|Any CPU
		{59AD9D73-9348-4262-A869-6168057DA26A}.Release|x64.Build.0 = Release|Any CPU
		{59AD9D73-9348-4262-A869-6168057DA26A}.Release|x86.ActiveCfg = Release|Any CPU
		{59AD9D73-9348-4262-A869-6168057DA26A}.Release|x86.Build.0 = Release|Any CPU
		{3FDEEE8A-55E3-42E9-91AF-FBF94688CE71}.Ad-Hoc|Any CPU.ActiveCfg = Release|Any CPU
		{3FDEEE8A-55E3-42E9-91AF-FBF94688CE71}.Ad-Hoc|Any CPU.Build.0 = Release|Any CPU
		{3FDEEE8A-55E3-42E9-91AF-FBF94688CE71}.Ad-Hoc|ARM.ActiveCfg = Release|Any CPU
		{3FDEEE8A-55E3-42E9-91AF-FBF94688CE71}.Ad-Hoc|ARM.Build.0 = Release|Any CPU
		{3FDEEE8A-55E3-42E9-91AF-FBF94688CE71}.Ad-Hoc|iPhone.ActiveCfg = Release|Any CPU
		{3FDEEE8A-55E3-42E9-91AF-FBF94688CE71}.Ad-Hoc|iPhone.Build.0 = Release|Any CPU
		{3FDEEE8A-55E3-42E9-91AF-FBF94688CE71}.Ad-Hoc|iPhoneSimulator.ActiveCfg = Release|Any CPU
		{3FDEEE8A-55E3-42E9-91AF-FBF94688CE71}.Ad-Hoc|iPhoneSimulator.Build.0 = Release|Any CPU
		{3FDEEE8A-55E3-42E9-91AF-FBF94688CE71}.Ad-Hoc|x64.ActiveCfg = Release|Any CPU
		{3FDEEE8A-55E3-42E9-91AF-FBF94688CE71}.Ad-Hoc|x64.Build.0 = Release|Any CPU
		{3FDEEE8A-55E3-42E9-91AF-FBF94688CE71}.Ad-Hoc|x86.ActiveCfg = Release|Any CPU
		{3FDEEE8A-55E3-42E9-91AF-FBF94688CE71}.Ad-Hoc|x86.Build.0 = Release|Any CPU
		{3FDEEE8A-55E3-42E9-91AF-FBF94688CE71}.AppStore|Any CPU.ActiveCfg = Release|Any CPU
		{3FDEEE8A-55E3-42E9-91AF-FBF94688CE71}.AppStore|Any CPU.Build.0 = Release|Any CPU
		{3FDEEE8A-55E3-42E9-91AF-FBF94688CE71}.AppStore|ARM.ActiveCfg = Release|Any CPU
		{3FDEEE8A-55E3-42E9-91AF-FBF94688CE71}.AppStore|ARM.Build.0 = Release|Any CPU
		{3FDEEE8A-55E3-42E9-91AF-FBF94688CE71}.AppStore|iPhone.ActiveCfg = Release|Any CPU
		{3FDEEE8A-55E3-42E9-91AF-FBF94688CE71}.AppStore|iPhone.Build.0 = Release|Any CPU
		{3FDEEE8A-55E3-42E9-91AF-FBF94688CE71}.AppStore|iPhoneSimulator.ActiveCfg = Release|Any CPU
		{3FDEEE8A-55E3-42E9-91AF-FBF94688CE71}.AppStore|iPhoneSimulator.Build.0 = Release|Any CPU
		{3FDEEE8A-55E3-42E9-91AF-FBF94688CE71}.AppStore|x64.ActiveCfg = Release|Any CPU
		{3FDEEE8A-55E3-42E9-91AF-FBF94688CE71}.AppStore|x64.Build.0 = Release|Any CPU
		{3FDEEE8A-55E3-42E9-91AF-FBF94688CE71}.AppStore|x86.ActiveCfg = Release|Any CPU
		{3FDEEE8A-55E3-42E9-91AF-FBF94688CE71}.AppStore|x86.Build.0 = Release|Any CPU
		{3FDEEE8A-55E3-42E9-91AF-FBF94688CE71}.Debug|Any CPU.ActiveCfg = Debug|Any CPU
		{3FDEEE8A-55E3-42E9-91AF-FBF94688CE71}.Debug|Any CPU.Build.0 = Debug|Any CPU
		{3FDEEE8A-55E3-42E9-91AF-FBF94688CE71}.Debug|ARM.ActiveCfg = Debug|Any CPU
		{3FDEEE8A-55E3-42E9-91AF-FBF94688CE71}.Debug|ARM.Build.0 = Debug|Any CPU
		{3FDEEE8A-55E3-42E9-91AF-FBF94688CE71}.Debug|iPhone.ActiveCfg = Debug|Any CPU
		{3FDEEE8A-55E3-42E9-91AF-FBF94688CE71}.Debug|iPhone.Build.0 = Debug|Any CPU
		{3FDEEE8A-55E3-42E9-91AF-FBF94688CE71}.Debug|iPhoneSimulator.ActiveCfg = Debug|Any CPU
		{3FDEEE8A-55E3-42E9-91AF-FBF94688CE71}.Debug|iPhoneSimulator.Build.0 = Debug|Any CPU
		{3FDEEE8A-55E3-42E9-91AF-FBF94688CE71}.Debug|x64.ActiveCfg = Debug|Any CPU
		{3FDEEE8A-55E3-42E9-91AF-FBF94688CE71}.Debug|x64.Build.0 = Debug|Any CPU
		{3FDEEE8A-55E3-42E9-91AF-FBF94688CE71}.Debug|x86.ActiveCfg = Debug|Any CPU
		{3FDEEE8A-55E3-42E9-91AF-FBF94688CE71}.Debug|x86.Build.0 = Debug|Any CPU
		{3FDEEE8A-55E3-42E9-91AF-FBF94688CE71}.Release|Any CPU.ActiveCfg = Release|Any CPU
		{3FDEEE8A-55E3-42E9-91AF-FBF94688CE71}.Release|Any CPU.Build.0 = Release|Any CPU
		{3FDEEE8A-55E3-42E9-91AF-FBF94688CE71}.Release|ARM.ActiveCfg = Release|Any CPU
		{3FDEEE8A-55E3-42E9-91AF-FBF94688CE71}.Release|ARM.Build.0 = Release|Any CPU
		{3FDEEE8A-55E3-42E9-91AF-FBF94688CE71}.Release|iPhone.ActiveCfg = Release|Any CPU
		{3FDEEE8A-55E3-42E9-91AF-FBF94688CE71}.Release|iPhone.Build.0 = Release|Any CPU
		{3FDEEE8A-55E3-42E9-91AF-FBF94688CE71}.Release|iPhoneSimulator.ActiveCfg = Release|Any CPU
		{3FDEEE8A-55E3-42E9-91AF-FBF94688CE71}.Release|iPhoneSimulator.Build.0 = Release|Any CPU
		{3FDEEE8A-55E3-42E9-91AF-FBF94688CE71}.Release|x64.ActiveCfg = Release|Any CPU
		{3FDEEE8A-55E3-42E9-91AF-FBF94688CE71}.Release|x64.Build.0 = Release|Any CPU
		{3FDEEE8A-55E3-42E9-91AF-FBF94688CE71}.Release|x86.ActiveCfg = Release|Any CPU
		{3FDEEE8A-55E3-42E9-91AF-FBF94688CE71}.Release|x86.Build.0 = Release|Any CPU
		{5F75F28C-0E83-4594-97F1-9CDF806DB5F2}.Ad-Hoc|Any CPU.ActiveCfg = Release|Any CPU
		{5F75F28C-0E83-4594-97F1-9CDF806DB5F2}.Ad-Hoc|Any CPU.Build.0 = Release|Any CPU
		{5F75F28C-0E83-4594-97F1-9CDF806DB5F2}.Ad-Hoc|ARM.ActiveCfg = Release|Any CPU
		{5F75F28C-0E83-4594-97F1-9CDF806DB5F2}.Ad-Hoc|ARM.Build.0 = Release|Any CPU
		{5F75F28C-0E83-4594-97F1-9CDF806DB5F2}.Ad-Hoc|iPhone.ActiveCfg = Release|Any CPU
		{5F75F28C-0E83-4594-97F1-9CDF806DB5F2}.Ad-Hoc|iPhone.Build.0 = Release|Any CPU
		{5F75F28C-0E83-4594-97F1-9CDF806DB5F2}.Ad-Hoc|iPhoneSimulator.ActiveCfg = Release|Any CPU
		{5F75F28C-0E83-4594-97F1-9CDF806DB5F2}.Ad-Hoc|iPhoneSimulator.Build.0 = Release|Any CPU
		{5F75F28C-0E83-4594-97F1-9CDF806DB5F2}.Ad-Hoc|x64.ActiveCfg = Release|Any CPU
		{5F75F28C-0E83-4594-97F1-9CDF806DB5F2}.Ad-Hoc|x64.Build.0 = Release|Any CPU
		{5F75F28C-0E83-4594-97F1-9CDF806DB5F2}.Ad-Hoc|x86.ActiveCfg = Release|Any CPU
		{5F75F28C-0E83-4594-97F1-9CDF806DB5F2}.Ad-Hoc|x86.Build.0 = Release|Any CPU
		{5F75F28C-0E83-4594-97F1-9CDF806DB5F2}.AppStore|Any CPU.ActiveCfg = Release|Any CPU
		{5F75F28C-0E83-4594-97F1-9CDF806DB5F2}.AppStore|Any CPU.Build.0 = Release|Any CPU
		{5F75F28C-0E83-4594-97F1-9CDF806DB5F2}.AppStore|ARM.ActiveCfg = Release|Any CPU
		{5F75F28C-0E83-4594-97F1-9CDF806DB5F2}.AppStore|ARM.Build.0 = Release|Any CPU
		{5F75F28C-0E83-4594-97F1-9CDF806DB5F2}.AppStore|iPhone.ActiveCfg = Release|Any CPU
		{5F75F28C-0E83-4594-97F1-9CDF806DB5F2}.AppStore|iPhone.Build.0 = Release|Any CPU
		{5F75F28C-0E83-4594-97F1-9CDF806DB5F2}.AppStore|iPhoneSimulator.ActiveCfg = Release|Any CPU
		{5F75F28C-0E83-4594-97F1-9CDF806DB5F2}.AppStore|iPhoneSimulator.Build.0 = Release|Any CPU
		{5F75F28C-0E83-4594-97F1-9CDF806DB5F2}.AppStore|x64.ActiveCfg = Release|Any CPU
		{5F75F28C-0E83-4594-97F1-9CDF806DB5F2}.AppStore|x64.Build.0 = Release|Any CPU
		{5F75F28C-0E83-4594-97F1-9CDF806DB5F2}.AppStore|x86.ActiveCfg = Release|Any CPU
		{5F75F28C-0E83-4594-97F1-9CDF806DB5F2}.AppStore|x86.Build.0 = Release|Any CPU
		{5F75F28C-0E83-4594-97F1-9CDF806DB5F2}.Debug|Any CPU.ActiveCfg = Debug|Any CPU
		{5F75F28C-0E83-4594-97F1-9CDF806DB5F2}.Debug|Any CPU.Build.0 = Debug|Any CPU
		{5F75F28C-0E83-4594-97F1-9CDF806DB5F2}.Debug|ARM.ActiveCfg = Debug|Any CPU
		{5F75F28C-0E83-4594-97F1-9CDF806DB5F2}.Debug|ARM.Build.0 = Debug|Any CPU
		{5F75F28C-0E83-4594-97F1-9CDF806DB5F2}.Debug|iPhone.ActiveCfg = Debug|Any CPU
		{5F75F28C-0E83-4594-97F1-9CDF806DB5F2}.Debug|iPhone.Build.0 = Debug|Any CPU
		{5F75F28C-0E83-4594-97F1-9CDF806DB5F2}.Debug|iPhoneSimulator.ActiveCfg = Debug|Any CPU
		{5F75F28C-0E83-4594-97F1-9CDF806DB5F2}.Debug|iPhoneSimulator.Build.0 = Debug|Any CPU
		{5F75F28C-0E83-4594-97F1-9CDF806DB5F2}.Debug|x64.ActiveCfg = Debug|Any CPU
		{5F75F28C-0E83-4594-97F1-9CDF806DB5F2}.Debug|x64.Build.0 = Debug|Any CPU
		{5F75F28C-0E83-4594-97F1-9CDF806DB5F2}.Debug|x86.ActiveCfg = Debug|Any CPU
		{5F75F28C-0E83-4594-97F1-9CDF806DB5F2}.Debug|x86.Build.0 = Debug|Any CPU
		{5F75F28C-0E83-4594-97F1-9CDF806DB5F2}.Release|Any CPU.ActiveCfg = Release|Any CPU
		{5F75F28C-0E83-4594-97F1-9CDF806DB5F2}.Release|Any CPU.Build.0 = Release|Any CPU
		{5F75F28C-0E83-4594-97F1-9CDF806DB5F2}.Release|ARM.ActiveCfg = Release|Any CPU
		{5F75F28C-0E83-4594-97F1-9CDF806DB5F2}.Release|ARM.Build.0 = Release|Any CPU
		{5F75F28C-0E83-4594-97F1-9CDF806DB5F2}.Release|iPhone.ActiveCfg = Release|Any CPU
		{5F75F28C-0E83-4594-97F1-9CDF806DB5F2}.Release|iPhone.Build.0 = Release|Any CPU
		{5F75F28C-0E83-4594-97F1-9CDF806DB5F2}.Release|iPhoneSimulator.ActiveCfg = Release|Any CPU
		{5F75F28C-0E83-4594-97F1-9CDF806DB5F2}.Release|iPhoneSimulator.Build.0 = Release|Any CPU
		{5F75F28C-0E83-4594-97F1-9CDF806DB5F2}.Release|x64.ActiveCfg = Release|Any CPU
		{5F75F28C-0E83-4594-97F1-9CDF806DB5F2}.Release|x64.Build.0 = Release|Any CPU
		{5F75F28C-0E83-4594-97F1-9CDF806DB5F2}.Release|x86.ActiveCfg = Release|Any CPU
		{5F75F28C-0E83-4594-97F1-9CDF806DB5F2}.Release|x86.Build.0 = Release|Any CPU
		{963ABF63-CCA5-4B67-86DC-FC5E372DB33C}.Ad-Hoc|Any CPU.ActiveCfg = Release|Any CPU
		{963ABF63-CCA5-4B67-86DC-FC5E372DB33C}.Ad-Hoc|Any CPU.Build.0 = Release|Any CPU
		{963ABF63-CCA5-4B67-86DC-FC5E372DB33C}.Ad-Hoc|ARM.ActiveCfg = Release|ARM
		{963ABF63-CCA5-4B67-86DC-FC5E372DB33C}.Ad-Hoc|ARM.Build.0 = Release|ARM
		{963ABF63-CCA5-4B67-86DC-FC5E372DB33C}.Ad-Hoc|iPhone.ActiveCfg = Release|Any CPU
		{963ABF63-CCA5-4B67-86DC-FC5E372DB33C}.Ad-Hoc|iPhone.Build.0 = Release|Any CPU
		{963ABF63-CCA5-4B67-86DC-FC5E372DB33C}.Ad-Hoc|iPhoneSimulator.ActiveCfg = Release|Any CPU
		{963ABF63-CCA5-4B67-86DC-FC5E372DB33C}.Ad-Hoc|iPhoneSimulator.Build.0 = Release|Any CPU
		{963ABF63-CCA5-4B67-86DC-FC5E372DB33C}.Ad-Hoc|x64.ActiveCfg = Release|x64
		{963ABF63-CCA5-4B67-86DC-FC5E372DB33C}.Ad-Hoc|x64.Build.0 = Release|x64
		{963ABF63-CCA5-4B67-86DC-FC5E372DB33C}.Ad-Hoc|x86.ActiveCfg = Release|x86
		{963ABF63-CCA5-4B67-86DC-FC5E372DB33C}.Ad-Hoc|x86.Build.0 = Release|x86
		{963ABF63-CCA5-4B67-86DC-FC5E372DB33C}.AppStore|Any CPU.ActiveCfg = Release|Any CPU
		{963ABF63-CCA5-4B67-86DC-FC5E372DB33C}.AppStore|Any CPU.Build.0 = Release|Any CPU
		{963ABF63-CCA5-4B67-86DC-FC5E372DB33C}.AppStore|ARM.ActiveCfg = Release|ARM
		{963ABF63-CCA5-4B67-86DC-FC5E372DB33C}.AppStore|ARM.Build.0 = Release|ARM
		{963ABF63-CCA5-4B67-86DC-FC5E372DB33C}.AppStore|iPhone.ActiveCfg = Release|Any CPU
		{963ABF63-CCA5-4B67-86DC-FC5E372DB33C}.AppStore|iPhone.Build.0 = Release|Any CPU
		{963ABF63-CCA5-4B67-86DC-FC5E372DB33C}.AppStore|iPhoneSimulator.ActiveCfg = Release|Any CPU
		{963ABF63-CCA5-4B67-86DC-FC5E372DB33C}.AppStore|iPhoneSimulator.Build.0 = Release|Any CPU
		{963ABF63-CCA5-4B67-86DC-FC5E372DB33C}.AppStore|x64.ActiveCfg = Release|x64
		{963ABF63-CCA5-4B67-86DC-FC5E372DB33C}.AppStore|x64.Build.0 = Release|x64
		{963ABF63-CCA5-4B67-86DC-FC5E372DB33C}.AppStore|x86.ActiveCfg = Release|x86
		{963ABF63-CCA5-4B67-86DC-FC5E372DB33C}.AppStore|x86.Build.0 = Release|x86
		{963ABF63-CCA5-4B67-86DC-FC5E372DB33C}.Debug|Any CPU.ActiveCfg = Debug|Any CPU
		{963ABF63-CCA5-4B67-86DC-FC5E372DB33C}.Debug|Any CPU.Build.0 = Debug|Any CPU
		{963ABF63-CCA5-4B67-86DC-FC5E372DB33C}.Debug|ARM.ActiveCfg = Debug|ARM
		{963ABF63-CCA5-4B67-86DC-FC5E372DB33C}.Debug|ARM.Build.0 = Debug|ARM
		{963ABF63-CCA5-4B67-86DC-FC5E372DB33C}.Debug|iPhone.ActiveCfg = Debug|Any CPU
		{963ABF63-CCA5-4B67-86DC-FC5E372DB33C}.Debug|iPhone.Build.0 = Debug|Any CPU
		{963ABF63-CCA5-4B67-86DC-FC5E372DB33C}.Debug|iPhoneSimulator.ActiveCfg = Debug|Any CPU
		{963ABF63-CCA5-4B67-86DC-FC5E372DB33C}.Debug|iPhoneSimulator.Build.0 = Debug|Any CPU
		{963ABF63-CCA5-4B67-86DC-FC5E372DB33C}.Debug|x64.ActiveCfg = Debug|x64
		{963ABF63-CCA5-4B67-86DC-FC5E372DB33C}.Debug|x64.Build.0 = Debug|x64
		{963ABF63-CCA5-4B67-86DC-FC5E372DB33C}.Debug|x86.ActiveCfg = Debug|x86
		{963ABF63-CCA5-4B67-86DC-FC5E372DB33C}.Debug|x86.Build.0 = Debug|x86
		{963ABF63-CCA5-4B67-86DC-FC5E372DB33C}.Release|Any CPU.ActiveCfg = Release|Any CPU
		{963ABF63-CCA5-4B67-86DC-FC5E372DB33C}.Release|Any CPU.Build.0 = Release|Any CPU
		{963ABF63-CCA5-4B67-86DC-FC5E372DB33C}.Release|ARM.ActiveCfg = Release|ARM
		{963ABF63-CCA5-4B67-86DC-FC5E372DB33C}.Release|ARM.Build.0 = Release|ARM
		{963ABF63-CCA5-4B67-86DC-FC5E372DB33C}.Release|iPhone.ActiveCfg = Release|Any CPU
		{963ABF63-CCA5-4B67-86DC-FC5E372DB33C}.Release|iPhone.Build.0 = Release|Any CPU
		{963ABF63-CCA5-4B67-86DC-FC5E372DB33C}.Release|iPhoneSimulator.ActiveCfg = Release|Any CPU
		{963ABF63-CCA5-4B67-86DC-FC5E372DB33C}.Release|iPhoneSimulator.Build.0 = Release|Any CPU
		{963ABF63-CCA5-4B67-86DC-FC5E372DB33C}.Release|x64.ActiveCfg = Release|x64
		{963ABF63-CCA5-4B67-86DC-FC5E372DB33C}.Release|x64.Build.0 = Release|x64
		{963ABF63-CCA5-4B67-86DC-FC5E372DB33C}.Release|x86.ActiveCfg = Release|x86
		{963ABF63-CCA5-4B67-86DC-FC5E372DB33C}.Release|x86.Build.0 = Release|x86
		{54897E78-FB65-4EC5-A386-18745EAE3EAD}.Ad-Hoc|Any CPU.ActiveCfg = Release|Any CPU
		{54897E78-FB65-4EC5-A386-18745EAE3EAD}.Ad-Hoc|Any CPU.Build.0 = Release|Any CPU
		{54897E78-FB65-4EC5-A386-18745EAE3EAD}.Ad-Hoc|ARM.ActiveCfg = Release|Any CPU
		{54897E78-FB65-4EC5-A386-18745EAE3EAD}.Ad-Hoc|ARM.Build.0 = Release|Any CPU
		{54897E78-FB65-4EC5-A386-18745EAE3EAD}.Ad-Hoc|iPhone.ActiveCfg = Release|Any CPU
		{54897E78-FB65-4EC5-A386-18745EAE3EAD}.Ad-Hoc|iPhone.Build.0 = Release|Any CPU
		{54897E78-FB65-4EC5-A386-18745EAE3EAD}.Ad-Hoc|iPhoneSimulator.ActiveCfg = Release|Any CPU
		{54897E78-FB65-4EC5-A386-18745EAE3EAD}.Ad-Hoc|iPhoneSimulator.Build.0 = Release|Any CPU
		{54897E78-FB65-4EC5-A386-18745EAE3EAD}.Ad-Hoc|x64.ActiveCfg = Release|Any CPU
		{54897E78-FB65-4EC5-A386-18745EAE3EAD}.Ad-Hoc|x64.Build.0 = Release|Any CPU
		{54897E78-FB65-4EC5-A386-18745EAE3EAD}.Ad-Hoc|x86.ActiveCfg = Release|Any CPU
		{54897E78-FB65-4EC5-A386-18745EAE3EAD}.Ad-Hoc|x86.Build.0 = Release|Any CPU
		{54897E78-FB65-4EC5-A386-18745EAE3EAD}.AppStore|Any CPU.ActiveCfg = Release|Any CPU
		{54897E78-FB65-4EC5-A386-18745EAE3EAD}.AppStore|Any CPU.Build.0 = Release|Any CPU
		{54897E78-FB65-4EC5-A386-18745EAE3EAD}.AppStore|ARM.ActiveCfg = Release|Any CPU
		{54897E78-FB65-4EC5-A386-18745EAE3EAD}.AppStore|ARM.Build.0 = Release|Any CPU
		{54897E78-FB65-4EC5-A386-18745EAE3EAD}.AppStore|iPhone.ActiveCfg = Release|Any CPU
		{54897E78-FB65-4EC5-A386-18745EAE3EAD}.AppStore|iPhone.Build.0 = Release|Any CPU
		{54897E78-FB65-4EC5-A386-18745EAE3EAD}.AppStore|iPhoneSimulator.ActiveCfg = Release|Any CPU
		{54897E78-FB65-4EC5-A386-18745EAE3EAD}.AppStore|iPhoneSimulator.Build.0 = Release|Any CPU
		{54897E78-FB65-4EC5-A386-18745EAE3EAD}.AppStore|x64.ActiveCfg = Release|Any CPU
		{54897E78-FB65-4EC5-A386-18745EAE3EAD}.AppStore|x64.Build.0 = Release|Any CPU
		{54897E78-FB65-4EC5-A386-18745EAE3EAD}.AppStore|x86.ActiveCfg = Release|Any CPU
		{54897E78-FB65-4EC5-A386-18745EAE3EAD}.AppStore|x86.Build.0 = Release|Any CPU
		{54897E78-FB65-4EC5-A386-18745EAE3EAD}.Debug|Any CPU.ActiveCfg = Debug|Any CPU
		{54897E78-FB65-4EC5-A386-18745EAE3EAD}.Debug|Any CPU.Build.0 = Debug|Any CPU
		{54897E78-FB65-4EC5-A386-18745EAE3EAD}.Debug|ARM.ActiveCfg = Debug|Any CPU
		{54897E78-FB65-4EC5-A386-18745EAE3EAD}.Debug|ARM.Build.0 = Debug|Any CPU
		{54897E78-FB65-4EC5-A386-18745EAE3EAD}.Debug|iPhone.ActiveCfg = Debug|Any CPU
		{54897E78-FB65-4EC5-A386-18745EAE3EAD}.Debug|iPhone.Build.0 = Debug|Any CPU
		{54897E78-FB65-4EC5-A386-18745EAE3EAD}.Debug|iPhoneSimulator.ActiveCfg = Debug|Any CPU
		{54897E78-FB65-4EC5-A386-18745EAE3EAD}.Debug|iPhoneSimulator.Build.0 = Debug|Any CPU
		{54897E78-FB65-4EC5-A386-18745EAE3EAD}.Debug|x64.ActiveCfg = Debug|Any CPU
		{54897E78-FB65-4EC5-A386-18745EAE3EAD}.Debug|x64.Build.0 = Debug|Any CPU
		{54897E78-FB65-4EC5-A386-18745EAE3EAD}.Debug|x86.ActiveCfg = Debug|Any CPU
		{54897E78-FB65-4EC5-A386-18745EAE3EAD}.Debug|x86.Build.0 = Debug|Any CPU
		{54897E78-FB65-4EC5-A386-18745EAE3EAD}.Release|Any CPU.ActiveCfg = Release|Any CPU
		{54897E78-FB65-4EC5-A386-18745EAE3EAD}.Release|Any CPU.Build.0 = Release|Any CPU
		{54897E78-FB65-4EC5-A386-18745EAE3EAD}.Release|ARM.ActiveCfg = Release|Any CPU
		{54897E78-FB65-4EC5-A386-18745EAE3EAD}.Release|ARM.Build.0 = Release|Any CPU
		{54897E78-FB65-4EC5-A386-18745EAE3EAD}.Release|iPhone.ActiveCfg = Release|Any CPU
		{54897E78-FB65-4EC5-A386-18745EAE3EAD}.Release|iPhone.Build.0 = Release|Any CPU
		{54897E78-FB65-4EC5-A386-18745EAE3EAD}.Release|iPhoneSimulator.ActiveCfg = Release|Any CPU
		{54897E78-FB65-4EC5-A386-18745EAE3EAD}.Release|iPhoneSimulator.Build.0 = Release|Any CPU
		{54897E78-FB65-4EC5-A386-18745EAE3EAD}.Release|x64.ActiveCfg = Release|Any CPU
		{54897E78-FB65-4EC5-A386-18745EAE3EAD}.Release|x64.Build.0 = Release|Any CPU
		{54897E78-FB65-4EC5-A386-18745EAE3EAD}.Release|x86.ActiveCfg = Release|Any CPU
		{54897E78-FB65-4EC5-A386-18745EAE3EAD}.Release|x86.Build.0 = Release|Any CPU
		{B959890D-B576-469D-AEF6-6582C1DC5A3E}.Ad-Hoc|Any CPU.ActiveCfg = Release|Any CPU
		{B959890D-B576-469D-AEF6-6582C1DC5A3E}.Ad-Hoc|Any CPU.Build.0 = Release|Any CPU
		{B959890D-B576-469D-AEF6-6582C1DC5A3E}.Ad-Hoc|ARM.ActiveCfg = Release|Any CPU
		{B959890D-B576-469D-AEF6-6582C1DC5A3E}.Ad-Hoc|ARM.Build.0 = Release|Any CPU
		{B959890D-B576-469D-AEF6-6582C1DC5A3E}.Ad-Hoc|iPhone.ActiveCfg = Release|Any CPU
		{B959890D-B576-469D-AEF6-6582C1DC5A3E}.Ad-Hoc|iPhone.Build.0 = Release|Any CPU
		{B959890D-B576-469D-AEF6-6582C1DC5A3E}.Ad-Hoc|iPhoneSimulator.ActiveCfg = Release|Any CPU
		{B959890D-B576-469D-AEF6-6582C1DC5A3E}.Ad-Hoc|iPhoneSimulator.Build.0 = Release|Any CPU
		{B959890D-B576-469D-AEF6-6582C1DC5A3E}.Ad-Hoc|x64.ActiveCfg = Release|Any CPU
		{B959890D-B576-469D-AEF6-6582C1DC5A3E}.Ad-Hoc|x64.Build.0 = Release|Any CPU
		{B959890D-B576-469D-AEF6-6582C1DC5A3E}.Ad-Hoc|x86.ActiveCfg = Release|Any CPU
		{B959890D-B576-469D-AEF6-6582C1DC5A3E}.Ad-Hoc|x86.Build.0 = Release|Any CPU
		{B959890D-B576-469D-AEF6-6582C1DC5A3E}.AppStore|Any CPU.ActiveCfg = Release|Any CPU
		{B959890D-B576-469D-AEF6-6582C1DC5A3E}.AppStore|Any CPU.Build.0 = Release|Any CPU
		{B959890D-B576-469D-AEF6-6582C1DC5A3E}.AppStore|ARM.ActiveCfg = Release|Any CPU
		{B959890D-B576-469D-AEF6-6582C1DC5A3E}.AppStore|ARM.Build.0 = Release|Any CPU
		{B959890D-B576-469D-AEF6-6582C1DC5A3E}.AppStore|iPhone.ActiveCfg = Release|Any CPU
		{B959890D-B576-469D-AEF6-6582C1DC5A3E}.AppStore|iPhone.Build.0 = Release|Any CPU
		{B959890D-B576-469D-AEF6-6582C1DC5A3E}.AppStore|iPhoneSimulator.ActiveCfg = Release|Any CPU
		{B959890D-B576-469D-AEF6-6582C1DC5A3E}.AppStore|iPhoneSimulator.Build.0 = Release|Any CPU
		{B959890D-B576-469D-AEF6-6582C1DC5A3E}.AppStore|x64.ActiveCfg = Release|Any CPU
		{B959890D-B576-469D-AEF6-6582C1DC5A3E}.AppStore|x64.Build.0 = Release|Any CPU
		{B959890D-B576-469D-AEF6-6582C1DC5A3E}.AppStore|x86.ActiveCfg = Release|Any CPU
		{B959890D-B576-469D-AEF6-6582C1DC5A3E}.AppStore|x86.Build.0 = Release|Any CPU
		{B959890D-B576-469D-AEF6-6582C1DC5A3E}.Debug|Any CPU.ActiveCfg = Debug|Any CPU
		{B959890D-B576-469D-AEF6-6582C1DC5A3E}.Debug|Any CPU.Build.0 = Debug|Any CPU
		{B959890D-B576-469D-AEF6-6582C1DC5A3E}.Debug|ARM.ActiveCfg = Debug|Any CPU
		{B959890D-B576-469D-AEF6-6582C1DC5A3E}.Debug|ARM.Build.0 = Debug|Any CPU
		{B959890D-B576-469D-AEF6-6582C1DC5A3E}.Debug|iPhone.ActiveCfg = Debug|Any CPU
		{B959890D-B576-469D-AEF6-6582C1DC5A3E}.Debug|iPhone.Build.0 = Debug|Any CPU
		{B959890D-B576-469D-AEF6-6582C1DC5A3E}.Debug|iPhoneSimulator.ActiveCfg = Debug|Any CPU
		{B959890D-B576-469D-AEF6-6582C1DC5A3E}.Debug|iPhoneSimulator.Build.0 = Debug|Any CPU
		{B959890D-B576-469D-AEF6-6582C1DC5A3E}.Debug|x64.ActiveCfg = Debug|Any CPU
		{B959890D-B576-469D-AEF6-6582C1DC5A3E}.Debug|x64.Build.0 = Debug|Any CPU
		{B959890D-B576-469D-AEF6-6582C1DC5A3E}.Debug|x86.ActiveCfg = Debug|Any CPU
		{B959890D-B576-469D-AEF6-6582C1DC5A3E}.Debug|x86.Build.0 = Debug|Any CPU
		{B959890D-B576-469D-AEF6-6582C1DC5A3E}.Release|Any CPU.ActiveCfg = Release|Any CPU
		{B959890D-B576-469D-AEF6-6582C1DC5A3E}.Release|Any CPU.Build.0 = Release|Any CPU
		{B959890D-B576-469D-AEF6-6582C1DC5A3E}.Release|ARM.ActiveCfg = Release|Any CPU
		{B959890D-B576-469D-AEF6-6582C1DC5A3E}.Release|ARM.Build.0 = Release|Any CPU
		{B959890D-B576-469D-AEF6-6582C1DC5A3E}.Release|iPhone.ActiveCfg = Release|Any CPU
		{B959890D-B576-469D-AEF6-6582C1DC5A3E}.Release|iPhone.Build.0 = Release|Any CPU
		{B959890D-B576-469D-AEF6-6582C1DC5A3E}.Release|iPhoneSimulator.ActiveCfg = Release|Any CPU
		{B959890D-B576-469D-AEF6-6582C1DC5A3E}.Release|iPhoneSimulator.Build.0 = Release|Any CPU
		{B959890D-B576-469D-AEF6-6582C1DC5A3E}.Release|x64.ActiveCfg = Release|Any CPU
		{B959890D-B576-469D-AEF6-6582C1DC5A3E}.Release|x64.Build.0 = Release|Any CPU
		{B959890D-B576-469D-AEF6-6582C1DC5A3E}.Release|x86.ActiveCfg = Release|Any CPU
		{B959890D-B576-469D-AEF6-6582C1DC5A3E}.Release|x86.Build.0 = Release|Any CPU
		{9D3710BB-4550-4825-8392-2763903BB335}.Ad-Hoc|Any CPU.ActiveCfg = Release|Any CPU
		{9D3710BB-4550-4825-8392-2763903BB335}.Ad-Hoc|Any CPU.Build.0 = Release|Any CPU
		{9D3710BB-4550-4825-8392-2763903BB335}.Ad-Hoc|Any CPU.Deploy.0 = Release|Any CPU
		{9D3710BB-4550-4825-8392-2763903BB335}.Ad-Hoc|ARM.ActiveCfg = Release|Any CPU
		{9D3710BB-4550-4825-8392-2763903BB335}.Ad-Hoc|ARM.Build.0 = Release|Any CPU
		{9D3710BB-4550-4825-8392-2763903BB335}.Ad-Hoc|ARM.Deploy.0 = Release|Any CPU
		{9D3710BB-4550-4825-8392-2763903BB335}.Ad-Hoc|iPhone.ActiveCfg = Release|Any CPU
		{9D3710BB-4550-4825-8392-2763903BB335}.Ad-Hoc|iPhone.Build.0 = Release|Any CPU
		{9D3710BB-4550-4825-8392-2763903BB335}.Ad-Hoc|iPhone.Deploy.0 = Release|Any CPU
		{9D3710BB-4550-4825-8392-2763903BB335}.Ad-Hoc|iPhoneSimulator.ActiveCfg = Release|Any CPU
		{9D3710BB-4550-4825-8392-2763903BB335}.Ad-Hoc|iPhoneSimulator.Build.0 = Release|Any CPU
		{9D3710BB-4550-4825-8392-2763903BB335}.Ad-Hoc|iPhoneSimulator.Deploy.0 = Release|Any CPU
		{9D3710BB-4550-4825-8392-2763903BB335}.Ad-Hoc|x64.ActiveCfg = Release|Any CPU
		{9D3710BB-4550-4825-8392-2763903BB335}.Ad-Hoc|x64.Build.0 = Release|Any CPU
		{9D3710BB-4550-4825-8392-2763903BB335}.Ad-Hoc|x64.Deploy.0 = Release|Any CPU
		{9D3710BB-4550-4825-8392-2763903BB335}.Ad-Hoc|x86.ActiveCfg = Release|Any CPU
		{9D3710BB-4550-4825-8392-2763903BB335}.Ad-Hoc|x86.Build.0 = Release|Any CPU
		{9D3710BB-4550-4825-8392-2763903BB335}.Ad-Hoc|x86.Deploy.0 = Release|Any CPU
		{9D3710BB-4550-4825-8392-2763903BB335}.AppStore|Any CPU.ActiveCfg = Release|Any CPU
		{9D3710BB-4550-4825-8392-2763903BB335}.AppStore|Any CPU.Build.0 = Release|Any CPU
		{9D3710BB-4550-4825-8392-2763903BB335}.AppStore|Any CPU.Deploy.0 = Release|Any CPU
		{9D3710BB-4550-4825-8392-2763903BB335}.AppStore|ARM.ActiveCfg = Release|Any CPU
		{9D3710BB-4550-4825-8392-2763903BB335}.AppStore|ARM.Build.0 = Release|Any CPU
		{9D3710BB-4550-4825-8392-2763903BB335}.AppStore|ARM.Deploy.0 = Release|Any CPU
		{9D3710BB-4550-4825-8392-2763903BB335}.AppStore|iPhone.ActiveCfg = Release|Any CPU
		{9D3710BB-4550-4825-8392-2763903BB335}.AppStore|iPhone.Build.0 = Release|Any CPU
		{9D3710BB-4550-4825-8392-2763903BB335}.AppStore|iPhone.Deploy.0 = Release|Any CPU
		{9D3710BB-4550-4825-8392-2763903BB335}.AppStore|iPhoneSimulator.ActiveCfg = Release|Any CPU
		{9D3710BB-4550-4825-8392-2763903BB335}.AppStore|iPhoneSimulator.Build.0 = Release|Any CPU
		{9D3710BB-4550-4825-8392-2763903BB335}.AppStore|iPhoneSimulator.Deploy.0 = Release|Any CPU
		{9D3710BB-4550-4825-8392-2763903BB335}.AppStore|x64.ActiveCfg = Release|Any CPU
		{9D3710BB-4550-4825-8392-2763903BB335}.AppStore|x64.Build.0 = Release|Any CPU
		{9D3710BB-4550-4825-8392-2763903BB335}.AppStore|x64.Deploy.0 = Release|Any CPU
		{9D3710BB-4550-4825-8392-2763903BB335}.AppStore|x86.ActiveCfg = Release|Any CPU
		{9D3710BB-4550-4825-8392-2763903BB335}.AppStore|x86.Build.0 = Release|Any CPU
		{9D3710BB-4550-4825-8392-2763903BB335}.AppStore|x86.Deploy.0 = Release|Any CPU
		{9D3710BB-4550-4825-8392-2763903BB335}.Debug|Any CPU.ActiveCfg = Debug|Any CPU
		{9D3710BB-4550-4825-8392-2763903BB335}.Debug|Any CPU.Build.0 = Debug|Any CPU
		{9D3710BB-4550-4825-8392-2763903BB335}.Debug|Any CPU.Deploy.0 = Debug|Any CPU
		{9D3710BB-4550-4825-8392-2763903BB335}.Debug|ARM.ActiveCfg = Debug|Any CPU
		{9D3710BB-4550-4825-8392-2763903BB335}.Debug|ARM.Build.0 = Debug|Any CPU
		{9D3710BB-4550-4825-8392-2763903BB335}.Debug|ARM.Deploy.0 = Debug|Any CPU
		{9D3710BB-4550-4825-8392-2763903BB335}.Debug|iPhone.ActiveCfg = Debug|Any CPU
		{9D3710BB-4550-4825-8392-2763903BB335}.Debug|iPhone.Build.0 = Debug|Any CPU
		{9D3710BB-4550-4825-8392-2763903BB335}.Debug|iPhone.Deploy.0 = Debug|Any CPU
		{9D3710BB-4550-4825-8392-2763903BB335}.Debug|iPhoneSimulator.ActiveCfg = Debug|Any CPU
		{9D3710BB-4550-4825-8392-2763903BB335}.Debug|iPhoneSimulator.Build.0 = Debug|Any CPU
		{9D3710BB-4550-4825-8392-2763903BB335}.Debug|iPhoneSimulator.Deploy.0 = Debug|Any CPU
		{9D3710BB-4550-4825-8392-2763903BB335}.Debug|x64.ActiveCfg = Debug|Any CPU
		{9D3710BB-4550-4825-8392-2763903BB335}.Debug|x64.Build.0 = Debug|Any CPU
		{9D3710BB-4550-4825-8392-2763903BB335}.Debug|x64.Deploy.0 = Debug|Any CPU
		{9D3710BB-4550-4825-8392-2763903BB335}.Debug|x86.ActiveCfg = Debug|Any CPU
		{9D3710BB-4550-4825-8392-2763903BB335}.Debug|x86.Build.0 = Debug|Any CPU
		{9D3710BB-4550-4825-8392-2763903BB335}.Debug|x86.Deploy.0 = Debug|Any CPU
		{9D3710BB-4550-4825-8392-2763903BB335}.Release|Any CPU.ActiveCfg = Release|Any CPU
		{9D3710BB-4550-4825-8392-2763903BB335}.Release|Any CPU.Deploy.0 = Release|Any CPU
		{9D3710BB-4550-4825-8392-2763903BB335}.Release|ARM.ActiveCfg = Release|Any CPU
		{9D3710BB-4550-4825-8392-2763903BB335}.Release|ARM.Build.0 = Release|Any CPU
		{9D3710BB-4550-4825-8392-2763903BB335}.Release|ARM.Deploy.0 = Release|Any CPU
		{9D3710BB-4550-4825-8392-2763903BB335}.Release|iPhone.ActiveCfg = Release|Any CPU
		{9D3710BB-4550-4825-8392-2763903BB335}.Release|iPhone.Build.0 = Release|Any CPU
		{9D3710BB-4550-4825-8392-2763903BB335}.Release|iPhone.Deploy.0 = Release|Any CPU
		{9D3710BB-4550-4825-8392-2763903BB335}.Release|iPhoneSimulator.ActiveCfg = Release|Any CPU
		{9D3710BB-4550-4825-8392-2763903BB335}.Release|iPhoneSimulator.Build.0 = Release|Any CPU
		{9D3710BB-4550-4825-8392-2763903BB335}.Release|iPhoneSimulator.Deploy.0 = Release|Any CPU
		{9D3710BB-4550-4825-8392-2763903BB335}.Release|x64.ActiveCfg = Release|Any CPU
		{9D3710BB-4550-4825-8392-2763903BB335}.Release|x64.Build.0 = Release|Any CPU
		{9D3710BB-4550-4825-8392-2763903BB335}.Release|x64.Deploy.0 = Release|Any CPU
		{9D3710BB-4550-4825-8392-2763903BB335}.Release|x86.ActiveCfg = Release|Any CPU
		{9D3710BB-4550-4825-8392-2763903BB335}.Release|x86.Build.0 = Release|Any CPU
		{9D3710BB-4550-4825-8392-2763903BB335}.Release|x86.Deploy.0 = Release|Any CPU
		{3370101A-47EC-49B4-ABAF-2249A70B79E3}.Ad-Hoc|Any CPU.ActiveCfg = Ad-Hoc|iPhone
		{3370101A-47EC-49B4-ABAF-2249A70B79E3}.Ad-Hoc|ARM.ActiveCfg = Ad-Hoc|iPhone
		{3370101A-47EC-49B4-ABAF-2249A70B79E3}.Ad-Hoc|iPhone.ActiveCfg = Ad-Hoc|iPhone
		{3370101A-47EC-49B4-ABAF-2249A70B79E3}.Ad-Hoc|iPhone.Build.0 = Ad-Hoc|iPhone
		{3370101A-47EC-49B4-ABAF-2249A70B79E3}.Ad-Hoc|iPhoneSimulator.ActiveCfg = Ad-Hoc|iPhoneSimulator
		{3370101A-47EC-49B4-ABAF-2249A70B79E3}.Ad-Hoc|iPhoneSimulator.Build.0 = Ad-Hoc|iPhoneSimulator
		{3370101A-47EC-49B4-ABAF-2249A70B79E3}.Ad-Hoc|x64.ActiveCfg = Ad-Hoc|iPhone
		{3370101A-47EC-49B4-ABAF-2249A70B79E3}.Ad-Hoc|x86.ActiveCfg = Ad-Hoc|iPhone
		{3370101A-47EC-49B4-ABAF-2249A70B79E3}.AppStore|Any CPU.ActiveCfg = AppStore|iPhone
		{3370101A-47EC-49B4-ABAF-2249A70B79E3}.AppStore|Any CPU.Build.0 = AppStore|iPhone
		{3370101A-47EC-49B4-ABAF-2249A70B79E3}.AppStore|ARM.ActiveCfg = AppStore|iPhone
		{3370101A-47EC-49B4-ABAF-2249A70B79E3}.AppStore|iPhone.ActiveCfg = AppStore|iPhone
		{3370101A-47EC-49B4-ABAF-2249A70B79E3}.AppStore|iPhone.Build.0 = AppStore|iPhone
		{3370101A-47EC-49B4-ABAF-2249A70B79E3}.AppStore|iPhoneSimulator.ActiveCfg = AppStore|iPhoneSimulator
		{3370101A-47EC-49B4-ABAF-2249A70B79E3}.AppStore|iPhoneSimulator.Build.0 = AppStore|iPhoneSimulator
		{3370101A-47EC-49B4-ABAF-2249A70B79E3}.AppStore|x64.ActiveCfg = AppStore|iPhone
		{3370101A-47EC-49B4-ABAF-2249A70B79E3}.AppStore|x86.ActiveCfg = AppStore|iPhone
		{3370101A-47EC-49B4-ABAF-2249A70B79E3}.Debug|Any CPU.ActiveCfg = Debug|iPhoneSimulator
		{3370101A-47EC-49B4-ABAF-2249A70B79E3}.Debug|ARM.ActiveCfg = Debug|iPhone
		{3370101A-47EC-49B4-ABAF-2249A70B79E3}.Debug|iPhone.ActiveCfg = Debug|iPhone
		{3370101A-47EC-49B4-ABAF-2249A70B79E3}.Debug|iPhone.Build.0 = Debug|iPhone
		{3370101A-47EC-49B4-ABAF-2249A70B79E3}.Debug|iPhoneSimulator.ActiveCfg = Debug|iPhoneSimulator
		{3370101A-47EC-49B4-ABAF-2249A70B79E3}.Debug|iPhoneSimulator.Build.0 = Debug|iPhoneSimulator
		{3370101A-47EC-49B4-ABAF-2249A70B79E3}.Debug|x64.ActiveCfg = Debug|iPhone
		{3370101A-47EC-49B4-ABAF-2249A70B79E3}.Debug|x86.ActiveCfg = Debug|iPhone
		{3370101A-47EC-49B4-ABAF-2249A70B79E3}.Release|Any CPU.ActiveCfg = Release|iPhoneSimulator
		{3370101A-47EC-49B4-ABAF-2249A70B79E3}.Release|ARM.ActiveCfg = Release|iPhone
		{3370101A-47EC-49B4-ABAF-2249A70B79E3}.Release|iPhone.ActiveCfg = Release|iPhone
		{3370101A-47EC-49B4-ABAF-2249A70B79E3}.Release|iPhone.Build.0 = Release|iPhone
		{3370101A-47EC-49B4-ABAF-2249A70B79E3}.Release|iPhoneSimulator.ActiveCfg = Release|iPhoneSimulator
		{3370101A-47EC-49B4-ABAF-2249A70B79E3}.Release|iPhoneSimulator.Build.0 = Release|iPhoneSimulator
		{3370101A-47EC-49B4-ABAF-2249A70B79E3}.Release|x64.ActiveCfg = Release|iPhone
		{3370101A-47EC-49B4-ABAF-2249A70B79E3}.Release|x86.ActiveCfg = Release|iPhone
		{86EC4C83-425D-4D50-8DE5-0AC7AAE9D04C}.Ad-Hoc|Any CPU.ActiveCfg = Release|x86
		{86EC4C83-425D-4D50-8DE5-0AC7AAE9D04C}.Ad-Hoc|Any CPU.Build.0 = Release|x86
		{86EC4C83-425D-4D50-8DE5-0AC7AAE9D04C}.Ad-Hoc|Any CPU.Deploy.0 = Release|x86
		{86EC4C83-425D-4D50-8DE5-0AC7AAE9D04C}.Ad-Hoc|ARM.ActiveCfg = Release|ARM
		{86EC4C83-425D-4D50-8DE5-0AC7AAE9D04C}.Ad-Hoc|ARM.Build.0 = Release|ARM
		{86EC4C83-425D-4D50-8DE5-0AC7AAE9D04C}.Ad-Hoc|ARM.Deploy.0 = Release|ARM
		{86EC4C83-425D-4D50-8DE5-0AC7AAE9D04C}.Ad-Hoc|iPhone.ActiveCfg = Release|x86
		{86EC4C83-425D-4D50-8DE5-0AC7AAE9D04C}.Ad-Hoc|iPhone.Build.0 = Release|x86
		{86EC4C83-425D-4D50-8DE5-0AC7AAE9D04C}.Ad-Hoc|iPhone.Deploy.0 = Release|x86
		{86EC4C83-425D-4D50-8DE5-0AC7AAE9D04C}.Ad-Hoc|iPhoneSimulator.ActiveCfg = Release|x86
		{86EC4C83-425D-4D50-8DE5-0AC7AAE9D04C}.Ad-Hoc|iPhoneSimulator.Build.0 = Release|x86
		{86EC4C83-425D-4D50-8DE5-0AC7AAE9D04C}.Ad-Hoc|iPhoneSimulator.Deploy.0 = Release|x86
		{86EC4C83-425D-4D50-8DE5-0AC7AAE9D04C}.Ad-Hoc|x64.ActiveCfg = Release|x64
		{86EC4C83-425D-4D50-8DE5-0AC7AAE9D04C}.Ad-Hoc|x64.Build.0 = Release|x64
		{86EC4C83-425D-4D50-8DE5-0AC7AAE9D04C}.Ad-Hoc|x64.Deploy.0 = Release|x64
		{86EC4C83-425D-4D50-8DE5-0AC7AAE9D04C}.Ad-Hoc|x86.ActiveCfg = Release|x86
		{86EC4C83-425D-4D50-8DE5-0AC7AAE9D04C}.Ad-Hoc|x86.Build.0 = Release|x86
		{86EC4C83-425D-4D50-8DE5-0AC7AAE9D04C}.Ad-Hoc|x86.Deploy.0 = Release|x86
		{86EC4C83-425D-4D50-8DE5-0AC7AAE9D04C}.AppStore|Any CPU.ActiveCfg = Release|x86
		{86EC4C83-425D-4D50-8DE5-0AC7AAE9D04C}.AppStore|Any CPU.Build.0 = Release|x86
		{86EC4C83-425D-4D50-8DE5-0AC7AAE9D04C}.AppStore|Any CPU.Deploy.0 = Release|x86
		{86EC4C83-425D-4D50-8DE5-0AC7AAE9D04C}.AppStore|ARM.ActiveCfg = Release|ARM
		{86EC4C83-425D-4D50-8DE5-0AC7AAE9D04C}.AppStore|ARM.Build.0 = Release|ARM
		{86EC4C83-425D-4D50-8DE5-0AC7AAE9D04C}.AppStore|ARM.Deploy.0 = Release|ARM
		{86EC4C83-425D-4D50-8DE5-0AC7AAE9D04C}.AppStore|iPhone.ActiveCfg = Release|x86
		{86EC4C83-425D-4D50-8DE5-0AC7AAE9D04C}.AppStore|iPhone.Build.0 = Release|x86
		{86EC4C83-425D-4D50-8DE5-0AC7AAE9D04C}.AppStore|iPhone.Deploy.0 = Release|x86
		{86EC4C83-425D-4D50-8DE5-0AC7AAE9D04C}.AppStore|iPhoneSimulator.ActiveCfg = Release|x86
		{86EC4C83-425D-4D50-8DE5-0AC7AAE9D04C}.AppStore|iPhoneSimulator.Build.0 = Release|x86
		{86EC4C83-425D-4D50-8DE5-0AC7AAE9D04C}.AppStore|iPhoneSimulator.Deploy.0 = Release|x86
		{86EC4C83-425D-4D50-8DE5-0AC7AAE9D04C}.AppStore|x64.ActiveCfg = Release|x64
		{86EC4C83-425D-4D50-8DE5-0AC7AAE9D04C}.AppStore|x64.Build.0 = Release|x64
		{86EC4C83-425D-4D50-8DE5-0AC7AAE9D04C}.AppStore|x64.Deploy.0 = Release|x64
		{86EC4C83-425D-4D50-8DE5-0AC7AAE9D04C}.AppStore|x86.ActiveCfg = Release|x86
		{86EC4C83-425D-4D50-8DE5-0AC7AAE9D04C}.AppStore|x86.Build.0 = Release|x86
		{86EC4C83-425D-4D50-8DE5-0AC7AAE9D04C}.AppStore|x86.Deploy.0 = Release|x86
		{86EC4C83-425D-4D50-8DE5-0AC7AAE9D04C}.Debug|Any CPU.ActiveCfg = Debug|x86
		{86EC4C83-425D-4D50-8DE5-0AC7AAE9D04C}.Debug|Any CPU.Build.0 = Debug|x86
		{86EC4C83-425D-4D50-8DE5-0AC7AAE9D04C}.Debug|Any CPU.Deploy.0 = Debug|x86
		{86EC4C83-425D-4D50-8DE5-0AC7AAE9D04C}.Debug|ARM.ActiveCfg = Debug|ARM
		{86EC4C83-425D-4D50-8DE5-0AC7AAE9D04C}.Debug|ARM.Build.0 = Debug|ARM
		{86EC4C83-425D-4D50-8DE5-0AC7AAE9D04C}.Debug|ARM.Deploy.0 = Debug|ARM
		{86EC4C83-425D-4D50-8DE5-0AC7AAE9D04C}.Debug|iPhone.ActiveCfg = Debug|x86
		{86EC4C83-425D-4D50-8DE5-0AC7AAE9D04C}.Debug|iPhone.Build.0 = Debug|x86
		{86EC4C83-425D-4D50-8DE5-0AC7AAE9D04C}.Debug|iPhone.Deploy.0 = Debug|x86
		{86EC4C83-425D-4D50-8DE5-0AC7AAE9D04C}.Debug|iPhoneSimulator.ActiveCfg = Debug|x86
		{86EC4C83-425D-4D50-8DE5-0AC7AAE9D04C}.Debug|x64.ActiveCfg = Debug|x64
		{86EC4C83-425D-4D50-8DE5-0AC7AAE9D04C}.Debug|x64.Build.0 = Debug|x64
		{86EC4C83-425D-4D50-8DE5-0AC7AAE9D04C}.Debug|x64.Deploy.0 = Debug|x64
		{86EC4C83-425D-4D50-8DE5-0AC7AAE9D04C}.Debug|x86.ActiveCfg = Debug|x86
		{86EC4C83-425D-4D50-8DE5-0AC7AAE9D04C}.Debug|x86.Build.0 = Debug|x86
		{86EC4C83-425D-4D50-8DE5-0AC7AAE9D04C}.Debug|x86.Deploy.0 = Debug|x86
		{86EC4C83-425D-4D50-8DE5-0AC7AAE9D04C}.Release|Any CPU.ActiveCfg = Release|x86
		{86EC4C83-425D-4D50-8DE5-0AC7AAE9D04C}.Release|Any CPU.Deploy.0 = Release|x86
		{86EC4C83-425D-4D50-8DE5-0AC7AAE9D04C}.Release|ARM.ActiveCfg = Release|ARM
		{86EC4C83-425D-4D50-8DE5-0AC7AAE9D04C}.Release|ARM.Build.0 = Release|ARM
		{86EC4C83-425D-4D50-8DE5-0AC7AAE9D04C}.Release|ARM.Deploy.0 = Release|ARM
		{86EC4C83-425D-4D50-8DE5-0AC7AAE9D04C}.Release|iPhone.ActiveCfg = Release|x86
		{86EC4C83-425D-4D50-8DE5-0AC7AAE9D04C}.Release|iPhone.Build.0 = Release|x86
		{86EC4C83-425D-4D50-8DE5-0AC7AAE9D04C}.Release|iPhone.Deploy.0 = Release|x86
		{86EC4C83-425D-4D50-8DE5-0AC7AAE9D04C}.Release|iPhoneSimulator.ActiveCfg = Release|x86
		{86EC4C83-425D-4D50-8DE5-0AC7AAE9D04C}.Release|x64.ActiveCfg = Release|x64
		{86EC4C83-425D-4D50-8DE5-0AC7AAE9D04C}.Release|x64.Build.0 = Release|x64
		{86EC4C83-425D-4D50-8DE5-0AC7AAE9D04C}.Release|x64.Deploy.0 = Release|x64
		{86EC4C83-425D-4D50-8DE5-0AC7AAE9D04C}.Release|x86.ActiveCfg = Release|x86
		{86EC4C83-425D-4D50-8DE5-0AC7AAE9D04C}.Release|x86.Build.0 = Release|x86
		{86EC4C83-425D-4D50-8DE5-0AC7AAE9D04C}.Release|x86.Deploy.0 = Release|x86
		{945D0FE6-C6ED-461A-B91A-F70287B38213}.Ad-Hoc|Any CPU.ActiveCfg = Release|Any CPU
		{945D0FE6-C6ED-461A-B91A-F70287B38213}.Ad-Hoc|Any CPU.Build.0 = Release|Any CPU
		{945D0FE6-C6ED-461A-B91A-F70287B38213}.Ad-Hoc|Any CPU.Deploy.0 = Release|Any CPU
		{945D0FE6-C6ED-461A-B91A-F70287B38213}.Ad-Hoc|ARM.ActiveCfg = Release|ARM
		{945D0FE6-C6ED-461A-B91A-F70287B38213}.Ad-Hoc|ARM.Build.0 = Release|ARM
		{945D0FE6-C6ED-461A-B91A-F70287B38213}.Ad-Hoc|ARM.Deploy.0 = Release|ARM
		{945D0FE6-C6ED-461A-B91A-F70287B38213}.Ad-Hoc|iPhone.ActiveCfg = Release|Any CPU
		{945D0FE6-C6ED-461A-B91A-F70287B38213}.Ad-Hoc|iPhone.Build.0 = Release|Any CPU
		{945D0FE6-C6ED-461A-B91A-F70287B38213}.Ad-Hoc|iPhone.Deploy.0 = Release|Any CPU
		{945D0FE6-C6ED-461A-B91A-F70287B38213}.Ad-Hoc|iPhoneSimulator.ActiveCfg = Release|Any CPU
		{945D0FE6-C6ED-461A-B91A-F70287B38213}.Ad-Hoc|iPhoneSimulator.Build.0 = Release|Any CPU
		{945D0FE6-C6ED-461A-B91A-F70287B38213}.Ad-Hoc|iPhoneSimulator.Deploy.0 = Release|Any CPU
		{945D0FE6-C6ED-461A-B91A-F70287B38213}.Ad-Hoc|x64.ActiveCfg = Release|x64
		{945D0FE6-C6ED-461A-B91A-F70287B38213}.Ad-Hoc|x64.Build.0 = Release|x64
		{945D0FE6-C6ED-461A-B91A-F70287B38213}.Ad-Hoc|x64.Deploy.0 = Release|x64
		{945D0FE6-C6ED-461A-B91A-F70287B38213}.Ad-Hoc|x86.ActiveCfg = Release|x86
		{945D0FE6-C6ED-461A-B91A-F70287B38213}.Ad-Hoc|x86.Build.0 = Release|x86
		{945D0FE6-C6ED-461A-B91A-F70287B38213}.Ad-Hoc|x86.Deploy.0 = Release|x86
		{945D0FE6-C6ED-461A-B91A-F70287B38213}.AppStore|Any CPU.ActiveCfg = Release|Any CPU
		{945D0FE6-C6ED-461A-B91A-F70287B38213}.AppStore|Any CPU.Build.0 = Release|Any CPU
		{945D0FE6-C6ED-461A-B91A-F70287B38213}.AppStore|Any CPU.Deploy.0 = Release|Any CPU
		{945D0FE6-C6ED-461A-B91A-F70287B38213}.AppStore|ARM.ActiveCfg = Release|ARM
		{945D0FE6-C6ED-461A-B91A-F70287B38213}.AppStore|ARM.Build.0 = Release|ARM
		{945D0FE6-C6ED-461A-B91A-F70287B38213}.AppStore|ARM.Deploy.0 = Release|ARM
		{945D0FE6-C6ED-461A-B91A-F70287B38213}.AppStore|iPhone.ActiveCfg = Release|Any CPU
		{945D0FE6-C6ED-461A-B91A-F70287B38213}.AppStore|iPhone.Build.0 = Release|Any CPU
		{945D0FE6-C6ED-461A-B91A-F70287B38213}.AppStore|iPhone.Deploy.0 = Release|Any CPU
		{945D0FE6-C6ED-461A-B91A-F70287B38213}.AppStore|iPhoneSimulator.ActiveCfg = Release|Any CPU
		{945D0FE6-C6ED-461A-B91A-F70287B38213}.AppStore|iPhoneSimulator.Build.0 = Release|Any CPU
		{945D0FE6-C6ED-461A-B91A-F70287B38213}.AppStore|iPhoneSimulator.Deploy.0 = Release|Any CPU
		{945D0FE6-C6ED-461A-B91A-F70287B38213}.AppStore|x64.ActiveCfg = Release|x64
		{945D0FE6-C6ED-461A-B91A-F70287B38213}.AppStore|x64.Build.0 = Release|x64
		{945D0FE6-C6ED-461A-B91A-F70287B38213}.AppStore|x64.Deploy.0 = Release|x64
		{945D0FE6-C6ED-461A-B91A-F70287B38213}.AppStore|x86.ActiveCfg = Release|x86
		{945D0FE6-C6ED-461A-B91A-F70287B38213}.AppStore|x86.Build.0 = Release|x86
		{945D0FE6-C6ED-461A-B91A-F70287B38213}.AppStore|x86.Deploy.0 = Release|x86
		{945D0FE6-C6ED-461A-B91A-F70287B38213}.Debug|Any CPU.ActiveCfg = Debug|Any CPU
		{945D0FE6-C6ED-461A-B91A-F70287B38213}.Debug|Any CPU.Build.0 = Debug|Any CPU
		{945D0FE6-C6ED-461A-B91A-F70287B38213}.Debug|Any CPU.Deploy.0 = Debug|Any CPU
		{945D0FE6-C6ED-461A-B91A-F70287B38213}.Debug|ARM.ActiveCfg = Debug|ARM
		{945D0FE6-C6ED-461A-B91A-F70287B38213}.Debug|ARM.Build.0 = Debug|ARM
		{945D0FE6-C6ED-461A-B91A-F70287B38213}.Debug|ARM.Deploy.0 = Debug|ARM
		{945D0FE6-C6ED-461A-B91A-F70287B38213}.Debug|iPhone.ActiveCfg = Debug|Any CPU
		{945D0FE6-C6ED-461A-B91A-F70287B38213}.Debug|iPhone.Build.0 = Debug|Any CPU
		{945D0FE6-C6ED-461A-B91A-F70287B38213}.Debug|iPhone.Deploy.0 = Debug|Any CPU
		{945D0FE6-C6ED-461A-B91A-F70287B38213}.Debug|iPhoneSimulator.ActiveCfg = Debug|Any CPU
		{945D0FE6-C6ED-461A-B91A-F70287B38213}.Debug|iPhoneSimulator.Build.0 = Debug|Any CPU
		{945D0FE6-C6ED-461A-B91A-F70287B38213}.Debug|iPhoneSimulator.Deploy.0 = Debug|Any CPU
		{945D0FE6-C6ED-461A-B91A-F70287B38213}.Debug|x64.ActiveCfg = Debug|x64
		{945D0FE6-C6ED-461A-B91A-F70287B38213}.Debug|x64.Build.0 = Debug|x64
		{945D0FE6-C6ED-461A-B91A-F70287B38213}.Debug|x64.Deploy.0 = Debug|x64
		{945D0FE6-C6ED-461A-B91A-F70287B38213}.Debug|x86.ActiveCfg = Debug|x86
		{945D0FE6-C6ED-461A-B91A-F70287B38213}.Debug|x86.Build.0 = Debug|x86
		{945D0FE6-C6ED-461A-B91A-F70287B38213}.Debug|x86.Deploy.0 = Debug|x86
		{945D0FE6-C6ED-461A-B91A-F70287B38213}.Release|Any CPU.ActiveCfg = Release|Any CPU
		{945D0FE6-C6ED-461A-B91A-F70287B38213}.Release|Any CPU.Deploy.0 = Release|Any CPU
		{945D0FE6-C6ED-461A-B91A-F70287B38213}.Release|ARM.ActiveCfg = Release|ARM
		{945D0FE6-C6ED-461A-B91A-F70287B38213}.Release|ARM.Build.0 = Release|ARM
		{945D0FE6-C6ED-461A-B91A-F70287B38213}.Release|ARM.Deploy.0 = Release|ARM
		{945D0FE6-C6ED-461A-B91A-F70287B38213}.Release|iPhone.ActiveCfg = Release|Any CPU
		{945D0FE6-C6ED-461A-B91A-F70287B38213}.Release|iPhone.Build.0 = Release|Any CPU
		{945D0FE6-C6ED-461A-B91A-F70287B38213}.Release|iPhone.Deploy.0 = Release|Any CPU
		{945D0FE6-C6ED-461A-B91A-F70287B38213}.Release|iPhoneSimulator.ActiveCfg = Release|Any CPU
		{945D0FE6-C6ED-461A-B91A-F70287B38213}.Release|iPhoneSimulator.Build.0 = Release|Any CPU
		{945D0FE6-C6ED-461A-B91A-F70287B38213}.Release|iPhoneSimulator.Deploy.0 = Release|Any CPU
		{945D0FE6-C6ED-461A-B91A-F70287B38213}.Release|x64.ActiveCfg = Release|x64
		{945D0FE6-C6ED-461A-B91A-F70287B38213}.Release|x64.Build.0 = Release|x64
		{945D0FE6-C6ED-461A-B91A-F70287B38213}.Release|x64.Deploy.0 = Release|x64
		{945D0FE6-C6ED-461A-B91A-F70287B38213}.Release|x86.ActiveCfg = Release|x86
		{945D0FE6-C6ED-461A-B91A-F70287B38213}.Release|x86.Build.0 = Release|x86
		{945D0FE6-C6ED-461A-B91A-F70287B38213}.Release|x86.Deploy.0 = Release|x86
		{D7952CFD-BDB2-4F9F-864C-98DD75B6A98C}.Ad-Hoc|Any CPU.ActiveCfg = Release|Any CPU
		{D7952CFD-BDB2-4F9F-864C-98DD75B6A98C}.Ad-Hoc|Any CPU.Build.0 = Release|Any CPU
		{D7952CFD-BDB2-4F9F-864C-98DD75B6A98C}.Ad-Hoc|Any CPU.Deploy.0 = Release|Any CPU
		{D7952CFD-BDB2-4F9F-864C-98DD75B6A98C}.Ad-Hoc|ARM.ActiveCfg = Release|ARM
		{D7952CFD-BDB2-4F9F-864C-98DD75B6A98C}.Ad-Hoc|ARM.Build.0 = Release|ARM
		{D7952CFD-BDB2-4F9F-864C-98DD75B6A98C}.Ad-Hoc|ARM.Deploy.0 = Release|ARM
		{D7952CFD-BDB2-4F9F-864C-98DD75B6A98C}.Ad-Hoc|iPhone.ActiveCfg = Release|Any CPU
		{D7952CFD-BDB2-4F9F-864C-98DD75B6A98C}.Ad-Hoc|iPhone.Build.0 = Release|Any CPU
		{D7952CFD-BDB2-4F9F-864C-98DD75B6A98C}.Ad-Hoc|iPhone.Deploy.0 = Release|Any CPU
		{D7952CFD-BDB2-4F9F-864C-98DD75B6A98C}.Ad-Hoc|iPhoneSimulator.ActiveCfg = Release|Any CPU
		{D7952CFD-BDB2-4F9F-864C-98DD75B6A98C}.Ad-Hoc|iPhoneSimulator.Build.0 = Release|Any CPU
		{D7952CFD-BDB2-4F9F-864C-98DD75B6A98C}.Ad-Hoc|iPhoneSimulator.Deploy.0 = Release|Any CPU
		{D7952CFD-BDB2-4F9F-864C-98DD75B6A98C}.Ad-Hoc|x64.ActiveCfg = Release|Any CPU
		{D7952CFD-BDB2-4F9F-864C-98DD75B6A98C}.Ad-Hoc|x64.Build.0 = Release|Any CPU
		{D7952CFD-BDB2-4F9F-864C-98DD75B6A98C}.Ad-Hoc|x64.Deploy.0 = Release|Any CPU
		{D7952CFD-BDB2-4F9F-864C-98DD75B6A98C}.Ad-Hoc|x86.ActiveCfg = Release|x86
		{D7952CFD-BDB2-4F9F-864C-98DD75B6A98C}.Ad-Hoc|x86.Build.0 = Release|x86
		{D7952CFD-BDB2-4F9F-864C-98DD75B6A98C}.Ad-Hoc|x86.Deploy.0 = Release|x86
		{D7952CFD-BDB2-4F9F-864C-98DD75B6A98C}.AppStore|Any CPU.ActiveCfg = Release|Any CPU
		{D7952CFD-BDB2-4F9F-864C-98DD75B6A98C}.AppStore|Any CPU.Build.0 = Release|Any CPU
		{D7952CFD-BDB2-4F9F-864C-98DD75B6A98C}.AppStore|Any CPU.Deploy.0 = Release|Any CPU
		{D7952CFD-BDB2-4F9F-864C-98DD75B6A98C}.AppStore|ARM.ActiveCfg = Release|ARM
		{D7952CFD-BDB2-4F9F-864C-98DD75B6A98C}.AppStore|ARM.Build.0 = Release|ARM
		{D7952CFD-BDB2-4F9F-864C-98DD75B6A98C}.AppStore|ARM.Deploy.0 = Release|ARM
		{D7952CFD-BDB2-4F9F-864C-98DD75B6A98C}.AppStore|iPhone.ActiveCfg = Release|Any CPU
		{D7952CFD-BDB2-4F9F-864C-98DD75B6A98C}.AppStore|iPhone.Build.0 = Release|Any CPU
		{D7952CFD-BDB2-4F9F-864C-98DD75B6A98C}.AppStore|iPhone.Deploy.0 = Release|Any CPU
		{D7952CFD-BDB2-4F9F-864C-98DD75B6A98C}.AppStore|iPhoneSimulator.ActiveCfg = Release|Any CPU
		{D7952CFD-BDB2-4F9F-864C-98DD75B6A98C}.AppStore|iPhoneSimulator.Build.0 = Release|Any CPU
		{D7952CFD-BDB2-4F9F-864C-98DD75B6A98C}.AppStore|iPhoneSimulator.Deploy.0 = Release|Any CPU
		{D7952CFD-BDB2-4F9F-864C-98DD75B6A98C}.AppStore|x64.ActiveCfg = Release|Any CPU
		{D7952CFD-BDB2-4F9F-864C-98DD75B6A98C}.AppStore|x64.Build.0 = Release|Any CPU
		{D7952CFD-BDB2-4F9F-864C-98DD75B6A98C}.AppStore|x64.Deploy.0 = Release|Any CPU
		{D7952CFD-BDB2-4F9F-864C-98DD75B6A98C}.AppStore|x86.ActiveCfg = Release|x86
		{D7952CFD-BDB2-4F9F-864C-98DD75B6A98C}.AppStore|x86.Build.0 = Release|x86
		{D7952CFD-BDB2-4F9F-864C-98DD75B6A98C}.AppStore|x86.Deploy.0 = Release|x86
		{D7952CFD-BDB2-4F9F-864C-98DD75B6A98C}.Debug|Any CPU.ActiveCfg = Debug|Any CPU
		{D7952CFD-BDB2-4F9F-864C-98DD75B6A98C}.Debug|Any CPU.Build.0 = Debug|Any CPU
		{D7952CFD-BDB2-4F9F-864C-98DD75B6A98C}.Debug|Any CPU.Deploy.0 = Debug|Any CPU
		{D7952CFD-BDB2-4F9F-864C-98DD75B6A98C}.Debug|ARM.ActiveCfg = Debug|ARM
		{D7952CFD-BDB2-4F9F-864C-98DD75B6A98C}.Debug|ARM.Build.0 = Debug|ARM
		{D7952CFD-BDB2-4F9F-864C-98DD75B6A98C}.Debug|ARM.Deploy.0 = Debug|ARM
		{D7952CFD-BDB2-4F9F-864C-98DD75B6A98C}.Debug|iPhone.ActiveCfg = Debug|Any CPU
		{D7952CFD-BDB2-4F9F-864C-98DD75B6A98C}.Debug|iPhone.Build.0 = Debug|Any CPU
		{D7952CFD-BDB2-4F9F-864C-98DD75B6A98C}.Debug|iPhone.Deploy.0 = Debug|Any CPU
		{D7952CFD-BDB2-4F9F-864C-98DD75B6A98C}.Debug|iPhoneSimulator.ActiveCfg = Debug|Any CPU
		{D7952CFD-BDB2-4F9F-864C-98DD75B6A98C}.Debug|iPhoneSimulator.Build.0 = Debug|Any CPU
		{D7952CFD-BDB2-4F9F-864C-98DD75B6A98C}.Debug|iPhoneSimulator.Deploy.0 = Debug|Any CPU
		{D7952CFD-BDB2-4F9F-864C-98DD75B6A98C}.Debug|x64.ActiveCfg = Debug|Any CPU
		{D7952CFD-BDB2-4F9F-864C-98DD75B6A98C}.Debug|x64.Build.0 = Debug|Any CPU
		{D7952CFD-BDB2-4F9F-864C-98DD75B6A98C}.Debug|x64.Deploy.0 = Debug|Any CPU
		{D7952CFD-BDB2-4F9F-864C-98DD75B6A98C}.Debug|x86.ActiveCfg = Debug|x86
		{D7952CFD-BDB2-4F9F-864C-98DD75B6A98C}.Debug|x86.Build.0 = Debug|x86
		{D7952CFD-BDB2-4F9F-864C-98DD75B6A98C}.Debug|x86.Deploy.0 = Debug|x86
		{D7952CFD-BDB2-4F9F-864C-98DD75B6A98C}.Release|Any CPU.ActiveCfg = Release|Any CPU
		{D7952CFD-BDB2-4F9F-864C-98DD75B6A98C}.Release|Any CPU.Deploy.0 = Release|Any CPU
		{D7952CFD-BDB2-4F9F-864C-98DD75B6A98C}.Release|ARM.ActiveCfg = Release|ARM
		{D7952CFD-BDB2-4F9F-864C-98DD75B6A98C}.Release|ARM.Build.0 = Release|ARM
		{D7952CFD-BDB2-4F9F-864C-98DD75B6A98C}.Release|ARM.Deploy.0 = Release|ARM
		{D7952CFD-BDB2-4F9F-864C-98DD75B6A98C}.Release|iPhone.ActiveCfg = Release|Any CPU
		{D7952CFD-BDB2-4F9F-864C-98DD75B6A98C}.Release|iPhone.Build.0 = Release|Any CPU
		{D7952CFD-BDB2-4F9F-864C-98DD75B6A98C}.Release|iPhone.Deploy.0 = Release|Any CPU
		{D7952CFD-BDB2-4F9F-864C-98DD75B6A98C}.Release|iPhoneSimulator.ActiveCfg = Release|Any CPU
		{D7952CFD-BDB2-4F9F-864C-98DD75B6A98C}.Release|iPhoneSimulator.Build.0 = Release|Any CPU
		{D7952CFD-BDB2-4F9F-864C-98DD75B6A98C}.Release|iPhoneSimulator.Deploy.0 = Release|Any CPU
		{D7952CFD-BDB2-4F9F-864C-98DD75B6A98C}.Release|x64.ActiveCfg = Release|Any CPU
		{D7952CFD-BDB2-4F9F-864C-98DD75B6A98C}.Release|x64.Build.0 = Release|Any CPU
		{D7952CFD-BDB2-4F9F-864C-98DD75B6A98C}.Release|x64.Deploy.0 = Release|Any CPU
		{D7952CFD-BDB2-4F9F-864C-98DD75B6A98C}.Release|x86.ActiveCfg = Release|x86
		{D7952CFD-BDB2-4F9F-864C-98DD75B6A98C}.Release|x86.Build.0 = Release|x86
		{D7952CFD-BDB2-4F9F-864C-98DD75B6A98C}.Release|x86.Deploy.0 = Release|x86
		{3C2A9E36-2D18-4780-9C40-3213471B716C}.Ad-Hoc|Any CPU.ActiveCfg = Release|Any CPU
		{3C2A9E36-2D18-4780-9C40-3213471B716C}.Ad-Hoc|Any CPU.Build.0 = Release|Any CPU
		{3C2A9E36-2D18-4780-9C40-3213471B716C}.Ad-Hoc|ARM.ActiveCfg = Release|Any CPU
		{3C2A9E36-2D18-4780-9C40-3213471B716C}.Ad-Hoc|ARM.Build.0 = Release|Any CPU
		{3C2A9E36-2D18-4780-9C40-3213471B716C}.Ad-Hoc|iPhone.ActiveCfg = Release|Any CPU
		{3C2A9E36-2D18-4780-9C40-3213471B716C}.Ad-Hoc|iPhone.Build.0 = Release|Any CPU
		{3C2A9E36-2D18-4780-9C40-3213471B716C}.Ad-Hoc|iPhoneSimulator.ActiveCfg = Release|Any CPU
		{3C2A9E36-2D18-4780-9C40-3213471B716C}.Ad-Hoc|iPhoneSimulator.Build.0 = Release|Any CPU
		{3C2A9E36-2D18-4780-9C40-3213471B716C}.Ad-Hoc|x64.ActiveCfg = Release|Any CPU
		{3C2A9E36-2D18-4780-9C40-3213471B716C}.Ad-Hoc|x64.Build.0 = Release|Any CPU
		{3C2A9E36-2D18-4780-9C40-3213471B716C}.Ad-Hoc|x86.ActiveCfg = Release|Any CPU
		{3C2A9E36-2D18-4780-9C40-3213471B716C}.Ad-Hoc|x86.Build.0 = Release|Any CPU
		{3C2A9E36-2D18-4780-9C40-3213471B716C}.AppStore|Any CPU.ActiveCfg = Release|Any CPU
		{3C2A9E36-2D18-4780-9C40-3213471B716C}.AppStore|Any CPU.Build.0 = Release|Any CPU
		{3C2A9E36-2D18-4780-9C40-3213471B716C}.AppStore|ARM.ActiveCfg = Release|Any CPU
		{3C2A9E36-2D18-4780-9C40-3213471B716C}.AppStore|ARM.Build.0 = Release|Any CPU
		{3C2A9E36-2D18-4780-9C40-3213471B716C}.AppStore|iPhone.ActiveCfg = Release|Any CPU
		{3C2A9E36-2D18-4780-9C40-3213471B716C}.AppStore|iPhone.Build.0 = Release|Any CPU
		{3C2A9E36-2D18-4780-9C40-3213471B716C}.AppStore|iPhoneSimulator.ActiveCfg = Release|Any CPU
		{3C2A9E36-2D18-4780-9C40-3213471B716C}.AppStore|iPhoneSimulator.Build.0 = Release|Any CPU
		{3C2A9E36-2D18-4780-9C40-3213471B716C}.AppStore|x64.ActiveCfg = Release|Any CPU
		{3C2A9E36-2D18-4780-9C40-3213471B716C}.AppStore|x64.Build.0 = Release|Any CPU
		{3C2A9E36-2D18-4780-9C40-3213471B716C}.AppStore|x86.ActiveCfg = Release|Any CPU
		{3C2A9E36-2D18-4780-9C40-3213471B716C}.AppStore|x86.Build.0 = Release|Any CPU
		{3C2A9E36-2D18-4780-9C40-3213471B716C}.Debug|Any CPU.ActiveCfg = Debug|Any CPU
		{3C2A9E36-2D18-4780-9C40-3213471B716C}.Debug|Any CPU.Build.0 = Debug|Any CPU
		{3C2A9E36-2D18-4780-9C40-3213471B716C}.Debug|ARM.ActiveCfg = Debug|Any CPU
		{3C2A9E36-2D18-4780-9C40-3213471B716C}.Debug|ARM.Build.0 = Debug|Any CPU
		{3C2A9E36-2D18-4780-9C40-3213471B716C}.Debug|iPhone.ActiveCfg = Debug|Any CPU
		{3C2A9E36-2D18-4780-9C40-3213471B716C}.Debug|iPhone.Build.0 = Debug|Any CPU
		{3C2A9E36-2D18-4780-9C40-3213471B716C}.Debug|iPhoneSimulator.ActiveCfg = Debug|Any CPU
		{3C2A9E36-2D18-4780-9C40-3213471B716C}.Debug|iPhoneSimulator.Build.0 = Debug|Any CPU
		{3C2A9E36-2D18-4780-9C40-3213471B716C}.Debug|x64.ActiveCfg = Debug|Any CPU
		{3C2A9E36-2D18-4780-9C40-3213471B716C}.Debug|x64.Build.0 = Debug|Any CPU
		{3C2A9E36-2D18-4780-9C40-3213471B716C}.Debug|x86.ActiveCfg = Debug|Any CPU
		{3C2A9E36-2D18-4780-9C40-3213471B716C}.Debug|x86.Build.0 = Debug|Any CPU
		{3C2A9E36-2D18-4780-9C40-3213471B716C}.Release|Any CPU.ActiveCfg = Release|Any CPU
		{3C2A9E36-2D18-4780-9C40-3213471B716C}.Release|Any CPU.Build.0 = Release|Any CPU
		{3C2A9E36-2D18-4780-9C40-3213471B716C}.Release|ARM.ActiveCfg = Release|Any CPU
		{3C2A9E36-2D18-4780-9C40-3213471B716C}.Release|ARM.Build.0 = Release|Any CPU
		{3C2A9E36-2D18-4780-9C40-3213471B716C}.Release|iPhone.ActiveCfg = Release|Any CPU
		{3C2A9E36-2D18-4780-9C40-3213471B716C}.Release|iPhone.Build.0 = Release|Any CPU
		{3C2A9E36-2D18-4780-9C40-3213471B716C}.Release|iPhoneSimulator.ActiveCfg = Release|Any CPU
		{3C2A9E36-2D18-4780-9C40-3213471B716C}.Release|iPhoneSimulator.Build.0 = Release|Any CPU
		{3C2A9E36-2D18-4780-9C40-3213471B716C}.Release|x64.ActiveCfg = Release|Any CPU
		{3C2A9E36-2D18-4780-9C40-3213471B716C}.Release|x64.Build.0 = Release|Any CPU
		{3C2A9E36-2D18-4780-9C40-3213471B716C}.Release|x86.ActiveCfg = Release|Any CPU
		{3C2A9E36-2D18-4780-9C40-3213471B716C}.Release|x86.Build.0 = Release|Any CPU
	EndGlobalSection
	GlobalSection(SolutionProperties) = preSolution
		HideSolutionNode = FALSE
	EndGlobalSection
	GlobalSection(NestedProjects) = preSolution
		{C1296FBA-3002-40B6-B762-FF1E87FBC9B1} = {8507F10B-CF78-4193-BC5B-C602837092B3}
		{59AD9D73-9348-4262-A869-6168057DA26A} = {C1296FBA-3002-40B6-B762-FF1E87FBC9B1}
		{3FDEEE8A-55E3-42E9-91AF-FBF94688CE71} = {C1296FBA-3002-40B6-B762-FF1E87FBC9B1}
		{5F75F28C-0E83-4594-97F1-9CDF806DB5F2} = {C1296FBA-3002-40B6-B762-FF1E87FBC9B1}
		{963ABF63-CCA5-4B67-86DC-FC5E372DB33C} = {C1296FBA-3002-40B6-B762-FF1E87FBC9B1}
		{54897E78-FB65-4EC5-A386-18745EAE3EAD} = {C1296FBA-3002-40B6-B762-FF1E87FBC9B1}
		{B959890D-B576-469D-AEF6-6582C1DC5A3E} = {C1296FBA-3002-40B6-B762-FF1E87FBC9B1}
		{51334EB5-28A0-48BF-B213-2E256FD2601B} = {C1296FBA-3002-40B6-B762-FF1E87FBC9B1}
		{9D3710BB-4550-4825-8392-2763903BB335} = {1DC24B28-EE21-4980-97E5-951084882D1C}
		{3370101A-47EC-49B4-ABAF-2249A70B79E3} = {1DC24B28-EE21-4980-97E5-951084882D1C}
		{86EC4C83-425D-4D50-8DE5-0AC7AAE9D04C} = {1DC24B28-EE21-4980-97E5-951084882D1C}
		{945D0FE6-C6ED-461A-B91A-F70287B38213} = {1DC24B28-EE21-4980-97E5-951084882D1C}
		{D7952CFD-BDB2-4F9F-864C-98DD75B6A98C} = {1DC24B28-EE21-4980-97E5-951084882D1C}
		{3C2A9E36-2D18-4780-9C40-3213471B716C} = {1DC24B28-EE21-4980-97E5-951084882D1C}
		{531D5086-CA30-4E17-AFE8-D339B312A57D} = {C1296FBA-3002-40B6-B762-FF1E87FBC9B1}
	EndGlobalSection
EndGlobal
