
Microsoft Visual Studio Solution File, Format Version 12.00
# Visual Studio 14
VisualStudioVersion = 14.0.25420.1
MinimumVisualStudioVersion = 10.0.40219.1
Project("{2150E333-8FDC-42A3-9474-1A3956D46DE8}") = "nuspec", "nuspec", "{7C2AC26D-FFB8-4CF1-B189-1955A747B770}"
	ProjectSection(SolutionItems) = preProject
		..\nuspec\IoC\XLabs.IoC.Autofac.nuspec = ..\nuspec\IoC\XLabs.IoC.Autofac.nuspec
		..\nuspec\IoC\XLabs.IoC.Ninject.nuspec = ..\nuspec\IoC\XLabs.IoC.Ninject.nuspec
		..\nuspec\IoC\XLabs.IoC.nuspec = ..\nuspec\IoC\XLabs.IoC.nuspec
		..\nuspec\IoC\XLabs.IoC.SimpleInjector.nuspec = ..\nuspec\IoC\XLabs.IoC.SimpleInjector.nuspec
		..\nuspec\IoC\XLabs.IoC.TinyIOC.nuspec = ..\nuspec\IoC\XLabs.IoC.TinyIOC.nuspec
		..\nuspec\IoC\XLabs.IoC.Unity.nuspec = ..\nuspec\IoC\XLabs.IoC.Unity.nuspec
	EndProjectSection
EndProject
Project("{2150E333-8FDC-42A3-9474-1A3956D46DE8}") = "source", "source", "{8507F10B-CF78-4193-BC5B-C602837092B3}"
EndProject
Project("{2150E333-8FDC-42A3-9474-1A3956D46DE8}") = "unit tests", "unit tests", "{790680FE-FE91-45C1-8A35-21C37A7D2C71}"
EndProject
Project("{2150E333-8FDC-42A3-9474-1A3956D46DE8}") = "IOC", "IOC", "{00F4EF06-97F7-4854-8DD9-7F9AE4A1201A}"
EndProject
Project("{FAE04EC0-301F-11D3-BF4B-00C04F79EFBC}") = "XLabs.IOC", "IOC\XLabs.IOC\XLabs.IOC.csproj", "{88F99257-B7A1-4C67-B134-7BDAD63AEEF1}"
EndProject
Project("{2150E333-8FDC-42A3-9474-1A3956D46DE8}") = "Autofac", "Autofac", "{01457FF5-0925-4413-83DB-63E20F30B681}"
EndProject
Project("{2150E333-8FDC-42A3-9474-1A3956D46DE8}") = "Ninject", "Ninject", "{903F2D10-3F78-40D6-8612-38960F425FEC}"
EndProject
Project("{2150E333-8FDC-42A3-9474-1A3956D46DE8}") = "SimpleInjector", "SimpleInjector", "{EB413F5D-6FD3-490C-B359-F1E861CC03A0}"
EndProject
Project("{2150E333-8FDC-42A3-9474-1A3956D46DE8}") = "TinyIOC", "TinyIOC", "{4C1036E4-273C-42D7-B95D-5829B4583887}"
EndProject
Project("{2150E333-8FDC-42A3-9474-1A3956D46DE8}") = "Unity", "Unity", "{E16A59B7-47AF-4477-86CC-99EB3AC67A27}"
EndProject
Project("{FAE04EC0-301F-11D3-BF4B-00C04F79EFBC}") = "XLabs.IOC.Autofac", "IOC\XLabs.IOC.Autofac\XLabs.IOC.Autofac.csproj", "{3A675F66-34E2-4142-BC47-5042C1DE26B3}"
EndProject
Project("{FAE04EC0-301F-11D3-BF4B-00C04F79EFBC}") = "XLabs.IOC.Ninject", "IOC\XLabs.IOC.Ninject\XLabs.IOC.Ninject.csproj", "{95559C0F-3ABA-4D68-8E3E-5B9230887ED1}"
EndProject
Project("{FAE04EC0-301F-11D3-BF4B-00C04F79EFBC}") = "XLabs.IOC.SimpleInjector", "IOC\XLabs.IOC.SimpleInjector\XLabs.IOC.SimpleInjector.csproj", "{6E550F02-4666-4D37-962F-D2A990E9F2A7}"
EndProject
Project("{FAE04EC0-301F-11D3-BF4B-00C04F79EFBC}") = "XLabs.IOC.Unity", "IOC\XLabs.IOC.Unity\XLabs.IOC.Unity.csproj", "{E426AFA6-C141-4A21-963D-FF5A7A111757}"
EndProject
Project("{FAE04EC0-301F-11D3-BF4B-00C04F79EFBC}") = "XLabs.IOC.TinyIOC.Droid", "IOC\XLabs.IOC.TinyIOC.Droid\XLabs.IOC.TinyIOC.Droid.csproj", "{E2D6629F-0471-41B1-B3AE-B0C15683A6AE}"
EndProject
Project("{FAE04EC0-301F-11D3-BF4B-00C04F79EFBC}") = "XLabs.IOC.TinyIOC.iOS", "IOC\XLabs.IOC.TinyIOC.iOS\XLabs.IOC.TinyIOC.iOS.csproj", "{68E59EA0-B902-43B9-9B40-9F10FE8BFCA0}"
EndProject
Project("{FAE04EC0-301F-11D3-BF4B-00C04F79EFBC}") = "XLabs.IOC.TinyIOC.UWP", "IOC\XLabs.IOC.TinyIOC.UWP\XLabs.IOC.TinyIOC.UWP.csproj", "{CEC89311-8922-4BCD-A3A4-BDD87F727809}"
EndProject
Project("{D954291E-2A0B-460D-934E-DC6B0785DB48}") = "XLabs.IOC.TinyIOC.Shared", "IOC\XLabs.IOC.TinyIOC.Shared\XLabs.IOC.TinyIOC.Shared.shproj", "{8445E7D5-A6CD-4FD4-9817-CC22E28A7D0D}"
EndProject
Project("{D954291E-2A0B-460D-934E-DC6B0785DB48}") = "XLabs.IOC.TinyIOC.WinRT.Shared", "IOC\XLabs.IOC.TinyIOC.WinRT.Shared\XLabs.IOC.TinyIOC.WinRT.Shared.shproj", "{85F09484-E548-4B24-84A5-49AE63583B9D}"
EndProject
Project("{2150E333-8FDC-42A3-9474-1A3956D46DE8}") = "IOC", "IOC", "{5AF14D72-282C-400A-838E-E353ADCFCC38}"
EndProject
Project("{D954291E-2A0B-460D-934E-DC6B0785DB48}") = "XLabs.IOC.NUnit.Shared", "..\tests\IOC\XLabs.IOC.NUnit.Shared\XLabs.IOC.NUnit.Shared.shproj", "{DE0CB976-C1D4-4137-BA48-216BA962BFBA}"
EndProject
Project("{FAE04EC0-301F-11D3-BF4B-00C04F79EFBC}") = "XLabs.IOC.TinyIOC.Net45", "IOC\XLabs.IOC.TinyIOC.Net45\XLabs.IOC.TinyIOC.Net45.csproj", "{EB37D7B5-A0CD-4447-B655-1430F7E919E9}"
EndProject
Project("{2150E333-8FDC-42A3-9474-1A3956D46DE8}") = ".nuget", ".nuget", "{92DE34DB-420B-4B18-B60C-9BCFACD3CDFC}"
	ProjectSection(SolutionItems) = preProject
		..\.nuget\NuGet.Config = ..\.nuget\NuGet.Config
		..\.nuget\NuGet.exe = ..\.nuget\NuGet.exe
		..\.nuget\NuGet.targets = ..\.nuget\NuGet.targets
	EndProjectSection
EndProject
Project("{2150E333-8FDC-42A3-9474-1A3956D46DE8}") = ".misc", ".misc", "{475F5D19-903E-4801-8FA2-FD33BBB4C69A}"
	ProjectSection(SolutionItems) = preProject
		IOC\AssemblyInfo.Shared.cs = IOC\AssemblyInfo.Shared.cs
		..\settings.IoC.json = ..\settings.IoC.json
		..\version.IoC.json = ..\version.IoC.json
	EndProjectSection
EndProject
Project("{D954291E-2A0B-460D-934E-DC6B0785DB48}") = "XLabs.IOC.Autofac.NUnit.Shared", "..\tests\IOC\XLabs.IOC.Autofac.NUnit.Shared\XLabs.IOC.Autofac.NUnit.Shared.shproj", "{336EFDBB-FD4F-4140-9BF7-356A2C15A19A}"
EndProject
Project("{D954291E-2A0B-460D-934E-DC6B0785DB48}") = "XLabs.IOC.Ninject.NUnit.Shared", "..\tests\IOC\XLabs.IOC.Ninject.NUnit.Shared\XLabs.IOC.Ninject.NUnit.Shared.shproj", "{1210B22E-9D08-482D-AE40-3E1E2BE06D73}"
EndProject
Project("{D954291E-2A0B-460D-934E-DC6B0785DB48}") = "XLabs.IOC.SimpleInjector.NUnit.Shared", "..\tests\IOC\XLabs.IOC.SimpleInjector.NUnit.Shared\XLabs.IOC.SimpleInjector.NUnit.Shared.shproj", "{06CDB640-9133-43BA-ACFD-E284D622D5B5}"
EndProject
Project("{D954291E-2A0B-460D-934E-DC6B0785DB48}") = "XLabs.IOC.Unity.NUnit.Shared", "..\tests\IOC\XLabs.IOC.Unity.NUnit.Shared\XLabs.IOC.Unity.NUnit.Shared.shproj", "{2F65312D-3D73-4405-93DF-AE82B9DDC0AC}"
EndProject
Project("{D954291E-2A0B-460D-934E-DC6B0785DB48}") = "XLabs.IOC.TinyIOC.NUnit.Shared", "..\tests\IOC\XLabs.IOC.TinyIOC.NUnit.Shared\XLabs.IOC.TinyIOC.NUnit.Shared.shproj", "{48C40967-623F-4AFF-AFD5-F896068621DA}"
EndProject
Project("{FAE04EC0-301F-11D3-BF4B-00C04F79EFBC}") = "XLabs.IOC.NUnit", "..\tests\IOC\XLabs.IOC.NUnit\XLabs.IOC.NUnit.csproj", "{F74F7BF7-D624-4292-BD0C-9B8368106E17}"
EndProject
Global
	GlobalSection(SharedMSBuildProjectFiles) = preSolution
		..\tests\IOC\XLabs.IOC.SimpleInjector.NUnit.Shared\XLabs.IOC.SimpleInjector.NUnit.Shared.projitems*{06cdb640-9133-43ba-acfd-e284d622d5b5}*SharedItemsImports = 13
		..\tests\IOC\XLabs.IOC.Ninject.NUnit.Shared\XLabs.IOC.Ninject.NUnit.Shared.projitems*{1210b22e-9d08-482d-ae40-3e1e2be06d73}*SharedItemsImports = 13
		..\tests\IOC\XLabs.IOC.Unity.NUnit.Shared\XLabs.IOC.Unity.NUnit.Shared.projitems*{2f65312d-3d73-4405-93df-ae82b9ddc0ac}*SharedItemsImports = 13
		..\tests\IOC\XLabs.IOC.Autofac.NUnit.Shared\XLabs.IOC.Autofac.NUnit.Shared.projitems*{336efdbb-fd4f-4140-9bf7-356a2c15a19a}*SharedItemsImports = 13
		..\tests\IOC\XLabs.IOC.TinyIOC.NUnit.Shared\XLabs.IOC.TinyIOC.NUnit.Shared.projitems*{48c40967-623f-4aff-afd5-f896068621da}*SharedItemsImports = 13
		IOC\XLabs.IOC.TinyIOC.Shared\XLabs.IOC.TinyIOC.Shared.projitems*{68e59ea0-b902-43b9-9b40-9f10fe8bfca0}*SharedItemsImports = 4
		IOC\XLabs.IOC.TinyIOC.Shared\XLabs.IOC.TinyIOC.Shared.projitems*{8445e7d5-a6cd-4fd4-9817-cc22e28a7d0d}*SharedItemsImports = 13
		IOC\XLabs.IOC.TinyIOC.WinRT.Shared\XLabs.IOC.TinyIOC.WinRT.Shared.projitems*{85f09484-e548-4b24-84a5-49ae63583b9d}*SharedItemsImports = 13
		IOC\XLabs.IOC.TinyIOC.Shared\XLabs.IOC.TinyIOC.Shared.projitems*{cec89311-8922-4bcd-a3a4-bdd87f727809}*SharedItemsImports = 4
		..\tests\IOC\XLabs.IOC.NUnit.Shared\XLabs.IOC.NUnit.Shared.projitems*{de0cb976-c1d4-4137-ba48-216ba962bfba}*SharedItemsImports = 13
		IOC\XLabs.IOC.TinyIOC.Shared\XLabs.IOC.TinyIOC.Shared.projitems*{e2d6629f-0471-41b1-b3ae-b0c15683a6ae}*SharedItemsImports = 4
		IOC\XLabs.IOC.TinyIOC.Shared\XLabs.IOC.TinyIOC.Shared.projitems*{eb37d7b5-a0cd-4447-b655-1430f7e919e9}*SharedItemsImports = 4
		..\tests\IOC\XLabs.IOC.NUnit.Shared\XLabs.IOC.NUnit.Shared.projitems*{f74f7bf7-d624-4292-bd0c-9b8368106e17}*SharedItemsImports = 4
	EndGlobalSection
	GlobalSection(SolutionConfigurationPlatforms) = preSolution
		Ad-Hoc|Any CPU = Ad-Hoc|Any CPU
		Ad-Hoc|ARM = Ad-Hoc|ARM
		Ad-Hoc|iPhone = Ad-Hoc|iPhone
		Ad-Hoc|iPhoneSimulator = Ad-Hoc|iPhoneSimulator
		Ad-Hoc|x64 = Ad-Hoc|x64
		Ad-Hoc|x86 = Ad-Hoc|x86
		AppStore|Any CPU = AppStore|Any CPU
		AppStore|ARM = AppStore|ARM
		AppStore|iPhone = AppStore|iPhone
		AppStore|iPhoneSimulator = AppStore|iPhoneSimulator
		AppStore|x64 = AppStore|x64
		AppStore|x86 = AppStore|x86
		Debug|Any CPU = Debug|Any CPU
		Debug|ARM = Debug|ARM
		Debug|iPhone = Debug|iPhone
		Debug|iPhoneSimulator = Debug|iPhoneSimulator
		Debug|x64 = Debug|x64
		Debug|x86 = Debug|x86
		Release|Any CPU = Release|Any CPU
		Release|ARM = Release|ARM
		Release|iPhone = Release|iPhone
		Release|iPhoneSimulator = Release|iPhoneSimulator
		Release|x64 = Release|x64
		Release|x86 = Release|x86
	EndGlobalSection
	GlobalSection(ProjectConfigurationPlatforms) = postSolution
		{88F99257-B7A1-4C67-B134-7BDAD63AEEF1}.Ad-Hoc|Any CPU.ActiveCfg = Release|Any CPU
		{88F99257-B7A1-4C67-B134-7BDAD63AEEF1}.Ad-Hoc|Any CPU.Build.0 = Release|Any CPU
		{88F99257-B7A1-4C67-B134-7BDAD63AEEF1}.Ad-Hoc|ARM.ActiveCfg = Release|Any CPU
		{88F99257-B7A1-4C67-B134-7BDAD63AEEF1}.Ad-Hoc|ARM.Build.0 = Release|Any CPU
		{88F99257-B7A1-4C67-B134-7BDAD63AEEF1}.Ad-Hoc|iPhone.ActiveCfg = Release|Any CPU
		{88F99257-B7A1-4C67-B134-7BDAD63AEEF1}.Ad-Hoc|iPhone.Build.0 = Release|Any CPU
		{88F99257-B7A1-4C67-B134-7BDAD63AEEF1}.Ad-Hoc|iPhoneSimulator.ActiveCfg = Release|Any CPU
		{88F99257-B7A1-4C67-B134-7BDAD63AEEF1}.Ad-Hoc|iPhoneSimulator.Build.0 = Release|Any CPU
		{88F99257-B7A1-4C67-B134-7BDAD63AEEF1}.Ad-Hoc|x64.ActiveCfg = Release|Any CPU
		{88F99257-B7A1-4C67-B134-7BDAD63AEEF1}.Ad-Hoc|x64.Build.0 = Release|Any CPU
		{88F99257-B7A1-4C67-B134-7BDAD63AEEF1}.Ad-Hoc|x86.ActiveCfg = Release|Any CPU
		{88F99257-B7A1-4C67-B134-7BDAD63AEEF1}.Ad-Hoc|x86.Build.0 = Release|Any CPU
		{88F99257-B7A1-4C67-B134-7BDAD63AEEF1}.AppStore|Any CPU.ActiveCfg = Release|Any CPU
		{88F99257-B7A1-4C67-B134-7BDAD63AEEF1}.AppStore|Any CPU.Build.0 = Release|Any CPU
		{88F99257-B7A1-4C67-B134-7BDAD63AEEF1}.AppStore|ARM.ActiveCfg = Release|Any CPU
		{88F99257-B7A1-4C67-B134-7BDAD63AEEF1}.AppStore|ARM.Build.0 = Release|Any CPU
		{88F99257-B7A1-4C67-B134-7BDAD63AEEF1}.AppStore|iPhone.ActiveCfg = Release|Any CPU
		{88F99257-B7A1-4C67-B134-7BDAD63AEEF1}.AppStore|iPhone.Build.0 = Release|Any CPU
		{88F99257-B7A1-4C67-B134-7BDAD63AEEF1}.AppStore|iPhoneSimulator.ActiveCfg = Release|Any CPU
		{88F99257-B7A1-4C67-B134-7BDAD63AEEF1}.AppStore|iPhoneSimulator.Build.0 = Release|Any CPU
		{88F99257-B7A1-4C67-B134-7BDAD63AEEF1}.AppStore|x64.ActiveCfg = Release|Any CPU
		{88F99257-B7A1-4C67-B134-7BDAD63AEEF1}.AppStore|x64.Build.0 = Release|Any CPU
		{88F99257-B7A1-4C67-B134-7BDAD63AEEF1}.AppStore|x86.ActiveCfg = Release|Any CPU
		{88F99257-B7A1-4C67-B134-7BDAD63AEEF1}.AppStore|x86.Build.0 = Release|Any CPU
		{88F99257-B7A1-4C67-B134-7BDAD63AEEF1}.Debug|Any CPU.ActiveCfg = Debug|Any CPU
		{88F99257-B7A1-4C67-B134-7BDAD63AEEF1}.Debug|Any CPU.Build.0 = Debug|Any CPU
		{88F99257-B7A1-4C67-B134-7BDAD63AEEF1}.Debug|ARM.ActiveCfg = Debug|Any CPU
		{88F99257-B7A1-4C67-B134-7BDAD63AEEF1}.Debug|ARM.Build.0 = Debug|Any CPU
		{88F99257-B7A1-4C67-B134-7BDAD63AEEF1}.Debug|iPhone.ActiveCfg = Debug|Any CPU
		{88F99257-B7A1-4C67-B134-7BDAD63AEEF1}.Debug|iPhone.Build.0 = Debug|Any CPU
		{88F99257-B7A1-4C67-B134-7BDAD63AEEF1}.Debug|iPhoneSimulator.ActiveCfg = Debug|Any CPU
		{88F99257-B7A1-4C67-B134-7BDAD63AEEF1}.Debug|iPhoneSimulator.Build.0 = Debug|Any CPU
		{88F99257-B7A1-4C67-B134-7BDAD63AEEF1}.Debug|x64.ActiveCfg = Debug|Any CPU
		{88F99257-B7A1-4C67-B134-7BDAD63AEEF1}.Debug|x64.Build.0 = Debug|Any CPU
		{88F99257-B7A1-4C67-B134-7BDAD63AEEF1}.Debug|x86.ActiveCfg = Debug|Any CPU
		{88F99257-B7A1-4C67-B134-7BDAD63AEEF1}.Debug|x86.Build.0 = Debug|Any CPU
		{88F99257-B7A1-4C67-B134-7BDAD63AEEF1}.Release|Any CPU.ActiveCfg = Release|Any CPU
		{88F99257-B7A1-4C67-B134-7BDAD63AEEF1}.Release|Any CPU.Build.0 = Release|Any CPU
		{88F99257-B7A1-4C67-B134-7BDAD63AEEF1}.Release|ARM.ActiveCfg = Release|Any CPU
		{88F99257-B7A1-4C67-B134-7BDAD63AEEF1}.Release|ARM.Build.0 = Release|Any CPU
		{88F99257-B7A1-4C67-B134-7BDAD63AEEF1}.Release|iPhone.ActiveCfg = Release|Any CPU
		{88F99257-B7A1-4C67-B134-7BDAD63AEEF1}.Release|iPhone.Build.0 = Release|Any CPU
		{88F99257-B7A1-4C67-B134-7BDAD63AEEF1}.Release|iPhoneSimulator.ActiveCfg = Release|Any CPU
		{88F99257-B7A1-4C67-B134-7BDAD63AEEF1}.Release|iPhoneSimulator.Build.0 = Release|Any CPU
		{88F99257-B7A1-4C67-B134-7BDAD63AEEF1}.Release|x64.ActiveCfg = Release|Any CPU
		{88F99257-B7A1-4C67-B134-7BDAD63AEEF1}.Release|x64.Build.0 = Release|Any CPU
		{88F99257-B7A1-4C67-B134-7BDAD63AEEF1}.Release|x86.ActiveCfg = Release|Any CPU
		{88F99257-B7A1-4C67-B134-7BDAD63AEEF1}.Release|x86.Build.0 = Release|Any CPU
		{3A675F66-34E2-4142-BC47-5042C1DE26B3}.Ad-Hoc|Any CPU.ActiveCfg = Release|Any CPU
		{3A675F66-34E2-4142-BC47-5042C1DE26B3}.Ad-Hoc|Any CPU.Build.0 = Release|Any CPU
		{3A675F66-34E2-4142-BC47-5042C1DE26B3}.Ad-Hoc|ARM.ActiveCfg = Release|Any CPU
		{3A675F66-34E2-4142-BC47-5042C1DE26B3}.Ad-Hoc|ARM.Build.0 = Release|Any CPU
		{3A675F66-34E2-4142-BC47-5042C1DE26B3}.Ad-Hoc|iPhone.ActiveCfg = Release|Any CPU
		{3A675F66-34E2-4142-BC47-5042C1DE26B3}.Ad-Hoc|iPhone.Build.0 = Release|Any CPU
		{3A675F66-34E2-4142-BC47-5042C1DE26B3}.Ad-Hoc|iPhoneSimulator.ActiveCfg = Release|Any CPU
		{3A675F66-34E2-4142-BC47-5042C1DE26B3}.Ad-Hoc|iPhoneSimulator.Build.0 = Release|Any CPU
		{3A675F66-34E2-4142-BC47-5042C1DE26B3}.Ad-Hoc|x64.ActiveCfg = Release|Any CPU
		{3A675F66-34E2-4142-BC47-5042C1DE26B3}.Ad-Hoc|x64.Build.0 = Release|Any CPU
		{3A675F66-34E2-4142-BC47-5042C1DE26B3}.Ad-Hoc|x86.ActiveCfg = Release|Any CPU
		{3A675F66-34E2-4142-BC47-5042C1DE26B3}.Ad-Hoc|x86.Build.0 = Release|Any CPU
		{3A675F66-34E2-4142-BC47-5042C1DE26B3}.AppStore|Any CPU.ActiveCfg = Release|Any CPU
		{3A675F66-34E2-4142-BC47-5042C1DE26B3}.AppStore|Any CPU.Build.0 = Release|Any CPU
		{3A675F66-34E2-4142-BC47-5042C1DE26B3}.AppStore|ARM.ActiveCfg = Release|Any CPU
		{3A675F66-34E2-4142-BC47-5042C1DE26B3}.AppStore|ARM.Build.0 = Release|Any CPU
		{3A675F66-34E2-4142-BC47-5042C1DE26B3}.AppStore|iPhone.ActiveCfg = Release|Any CPU
		{3A675F66-34E2-4142-BC47-5042C1DE26B3}.AppStore|iPhone.Build.0 = Release|Any CPU
		{3A675F66-34E2-4142-BC47-5042C1DE26B3}.AppStore|iPhoneSimulator.ActiveCfg = Release|Any CPU
		{3A675F66-34E2-4142-BC47-5042C1DE26B3}.AppStore|iPhoneSimulator.Build.0 = Release|Any CPU
		{3A675F66-34E2-4142-BC47-5042C1DE26B3}.AppStore|x64.ActiveCfg = Release|Any CPU
		{3A675F66-34E2-4142-BC47-5042C1DE26B3}.AppStore|x64.Build.0 = Release|Any CPU
		{3A675F66-34E2-4142-BC47-5042C1DE26B3}.AppStore|x86.ActiveCfg = Release|Any CPU
		{3A675F66-34E2-4142-BC47-5042C1DE26B3}.AppStore|x86.Build.0 = Release|Any CPU
		{3A675F66-34E2-4142-BC47-5042C1DE26B3}.Debug|Any CPU.ActiveCfg = Debug|Any CPU
		{3A675F66-34E2-4142-BC47-5042C1DE26B3}.Debug|Any CPU.Build.0 = Debug|Any CPU
		{3A675F66-34E2-4142-BC47-5042C1DE26B3}.Debug|ARM.ActiveCfg = Debug|Any CPU
		{3A675F66-34E2-4142-BC47-5042C1DE26B3}.Debug|ARM.Build.0 = Debug|Any CPU
		{3A675F66-34E2-4142-BC47-5042C1DE26B3}.Debug|iPhone.ActiveCfg = Debug|Any CPU
		{3A675F66-34E2-4142-BC47-5042C1DE26B3}.Debug|iPhone.Build.0 = Debug|Any CPU
		{3A675F66-34E2-4142-BC47-5042C1DE26B3}.Debug|iPhoneSimulator.ActiveCfg = Debug|Any CPU
		{3A675F66-34E2-4142-BC47-5042C1DE26B3}.Debug|iPhoneSimulator.Build.0 = Debug|Any CPU
		{3A675F66-34E2-4142-BC47-5042C1DE26B3}.Debug|x64.ActiveCfg = Debug|Any CPU
		{3A675F66-34E2-4142-BC47-5042C1DE26B3}.Debug|x64.Build.0 = Debug|Any CPU
		{3A675F66-34E2-4142-BC47-5042C1DE26B3}.Debug|x86.ActiveCfg = Debug|Any CPU
		{3A675F66-34E2-4142-BC47-5042C1DE26B3}.Debug|x86.Build.0 = Debug|Any CPU
		{3A675F66-34E2-4142-BC47-5042C1DE26B3}.Release|Any CPU.ActiveCfg = Release|Any CPU
		{3A675F66-34E2-4142-BC47-5042C1DE26B3}.Release|Any CPU.Build.0 = Release|Any CPU
		{3A675F66-34E2-4142-BC47-5042C1DE26B3}.Release|ARM.ActiveCfg = Release|Any CPU
		{3A675F66-34E2-4142-BC47-5042C1DE26B3}.Release|ARM.Build.0 = Release|Any CPU
		{3A675F66-34E2-4142-BC47-5042C1DE26B3}.Release|iPhone.ActiveCfg = Release|Any CPU
		{3A675F66-34E2-4142-BC47-5042C1DE26B3}.Release|iPhone.Build.0 = Release|Any CPU
		{3A675F66-34E2-4142-BC47-5042C1DE26B3}.Release|iPhoneSimulator.ActiveCfg = Release|Any CPU
		{3A675F66-34E2-4142-BC47-5042C1DE26B3}.Release|iPhoneSimulator.Build.0 = Release|Any CPU
		{3A675F66-34E2-4142-BC47-5042C1DE26B3}.Release|x64.ActiveCfg = Release|Any CPU
		{3A675F66-34E2-4142-BC47-5042C1DE26B3}.Release|x64.Build.0 = Release|Any CPU
		{3A675F66-34E2-4142-BC47-5042C1DE26B3}.Release|x86.ActiveCfg = Release|Any CPU
		{3A675F66-34E2-4142-BC47-5042C1DE26B3}.Release|x86.Build.0 = Release|Any CPU
		{95559C0F-3ABA-4D68-8E3E-5B9230887ED1}.Ad-Hoc|Any CPU.ActiveCfg = Release|Any CPU
		{95559C0F-3ABA-4D68-8E3E-5B9230887ED1}.Ad-Hoc|Any CPU.Build.0 = Release|Any CPU
		{95559C0F-3ABA-4D68-8E3E-5B9230887ED1}.Ad-Hoc|ARM.ActiveCfg = Release|Any CPU
		{95559C0F-3ABA-4D68-8E3E-5B9230887ED1}.Ad-Hoc|ARM.Build.0 = Release|Any CPU
		{95559C0F-3ABA-4D68-8E3E-5B9230887ED1}.Ad-Hoc|iPhone.ActiveCfg = Release|Any CPU
		{95559C0F-3ABA-4D68-8E3E-5B9230887ED1}.Ad-Hoc|iPhone.Build.0 = Release|Any CPU
		{95559C0F-3ABA-4D68-8E3E-5B9230887ED1}.Ad-Hoc|iPhoneSimulator.ActiveCfg = Release|Any CPU
		{95559C0F-3ABA-4D68-8E3E-5B9230887ED1}.Ad-Hoc|iPhoneSimulator.Build.0 = Release|Any CPU
		{95559C0F-3ABA-4D68-8E3E-5B9230887ED1}.Ad-Hoc|x64.ActiveCfg = Release|Any CPU
		{95559C0F-3ABA-4D68-8E3E-5B9230887ED1}.Ad-Hoc|x64.Build.0 = Release|Any CPU
		{95559C0F-3ABA-4D68-8E3E-5B9230887ED1}.Ad-Hoc|x86.ActiveCfg = Release|Any CPU
		{95559C0F-3ABA-4D68-8E3E-5B9230887ED1}.Ad-Hoc|x86.Build.0 = Release|Any CPU
		{95559C0F-3ABA-4D68-8E3E-5B9230887ED1}.AppStore|Any CPU.ActiveCfg = Release|Any CPU
		{95559C0F-3ABA-4D68-8E3E-5B9230887ED1}.AppStore|Any CPU.Build.0 = Release|Any CPU
		{95559C0F-3ABA-4D68-8E3E-5B9230887ED1}.AppStore|ARM.ActiveCfg = Release|Any CPU
		{95559C0F-3ABA-4D68-8E3E-5B9230887ED1}.AppStore|ARM.Build.0 = Release|Any CPU
		{95559C0F-3ABA-4D68-8E3E-5B9230887ED1}.AppStore|iPhone.ActiveCfg = Release|Any CPU
		{95559C0F-3ABA-4D68-8E3E-5B9230887ED1}.AppStore|iPhone.Build.0 = Release|Any CPU
		{95559C0F-3ABA-4D68-8E3E-5B9230887ED1}.AppStore|iPhoneSimulator.ActiveCfg = Release|Any CPU
		{95559C0F-3ABA-4D68-8E3E-5B9230887ED1}.AppStore|iPhoneSimulator.Build.0 = Release|Any CPU
		{95559C0F-3ABA-4D68-8E3E-5B9230887ED1}.AppStore|x64.ActiveCfg = Release|Any CPU
		{95559C0F-3ABA-4D68-8E3E-5B9230887ED1}.AppStore|x64.Build.0 = Release|Any CPU
		{95559C0F-3ABA-4D68-8E3E-5B9230887ED1}.AppStore|x86.ActiveCfg = Release|Any CPU
		{95559C0F-3ABA-4D68-8E3E-5B9230887ED1}.AppStore|x86.Build.0 = Release|Any CPU
		{95559C0F-3ABA-4D68-8E3E-5B9230887ED1}.Debug|Any CPU.ActiveCfg = Debug|Any CPU
		{95559C0F-3ABA-4D68-8E3E-5B9230887ED1}.Debug|Any CPU.Build.0 = Debug|Any CPU
		{95559C0F-3ABA-4D68-8E3E-5B9230887ED1}.Debug|ARM.ActiveCfg = Debug|Any CPU
		{95559C0F-3ABA-4D68-8E3E-5B9230887ED1}.Debug|ARM.Build.0 = Debug|Any CPU
		{95559C0F-3ABA-4D68-8E3E-5B9230887ED1}.Debug|iPhone.ActiveCfg = Debug|Any CPU
		{95559C0F-3ABA-4D68-8E3E-5B9230887ED1}.Debug|iPhone.Build.0 = Debug|Any CPU
		{95559C0F-3ABA-4D68-8E3E-5B9230887ED1}.Debug|iPhoneSimulator.ActiveCfg = Debug|Any CPU
		{95559C0F-3ABA-4D68-8E3E-5B9230887ED1}.Debug|iPhoneSimulator.Build.0 = Debug|Any CPU
		{95559C0F-3ABA-4D68-8E3E-5B9230887ED1}.Debug|x64.ActiveCfg = Debug|Any CPU
		{95559C0F-3ABA-4D68-8E3E-5B9230887ED1}.Debug|x64.Build.0 = Debug|Any CPU
		{95559C0F-3ABA-4D68-8E3E-5B9230887ED1}.Debug|x86.ActiveCfg = Debug|Any CPU
		{95559C0F-3ABA-4D68-8E3E-5B9230887ED1}.Debug|x86.Build.0 = Debug|Any CPU
		{95559C0F-3ABA-4D68-8E3E-5B9230887ED1}.Release|Any CPU.ActiveCfg = Release|Any CPU
		{95559C0F-3ABA-4D68-8E3E-5B9230887ED1}.Release|Any CPU.Build.0 = Release|Any CPU
		{95559C0F-3ABA-4D68-8E3E-5B9230887ED1}.Release|ARM.ActiveCfg = Release|Any CPU
		{95559C0F-3ABA-4D68-8E3E-5B9230887ED1}.Release|ARM.Build.0 = Release|Any CPU
		{95559C0F-3ABA-4D68-8E3E-5B9230887ED1}.Release|iPhone.ActiveCfg = Release|Any CPU
		{95559C0F-3ABA-4D68-8E3E-5B9230887ED1}.Release|iPhone.Build.0 = Release|Any CPU
		{95559C0F-3ABA-4D68-8E3E-5B9230887ED1}.Release|iPhoneSimulator.ActiveCfg = Release|Any CPU
		{95559C0F-3ABA-4D68-8E3E-5B9230887ED1}.Release|iPhoneSimulator.Build.0 = Release|Any CPU
		{95559C0F-3ABA-4D68-8E3E-5B9230887ED1}.Release|x64.ActiveCfg = Release|Any CPU
		{95559C0F-3ABA-4D68-8E3E-5B9230887ED1}.Release|x64.Build.0 = Release|Any CPU
		{95559C0F-3ABA-4D68-8E3E-5B9230887ED1}.Release|x86.ActiveCfg = Release|Any CPU
		{95559C0F-3ABA-4D68-8E3E-5B9230887ED1}.Release|x86.Build.0 = Release|Any CPU
		{6E550F02-4666-4D37-962F-D2A990E9F2A7}.Ad-Hoc|Any CPU.ActiveCfg = Release|Any CPU
		{6E550F02-4666-4D37-962F-D2A990E9F2A7}.Ad-Hoc|Any CPU.Build.0 = Release|Any CPU
		{6E550F02-4666-4D37-962F-D2A990E9F2A7}.Ad-Hoc|ARM.ActiveCfg = Release|Any CPU
		{6E550F02-4666-4D37-962F-D2A990E9F2A7}.Ad-Hoc|ARM.Build.0 = Release|Any CPU
		{6E550F02-4666-4D37-962F-D2A990E9F2A7}.Ad-Hoc|iPhone.ActiveCfg = Release|Any CPU
		{6E550F02-4666-4D37-962F-D2A990E9F2A7}.Ad-Hoc|iPhone.Build.0 = Release|Any CPU
		{6E550F02-4666-4D37-962F-D2A990E9F2A7}.Ad-Hoc|iPhoneSimulator.ActiveCfg = Release|Any CPU
		{6E550F02-4666-4D37-962F-D2A990E9F2A7}.Ad-Hoc|iPhoneSimulator.Build.0 = Release|Any CPU
		{6E550F02-4666-4D37-962F-D2A990E9F2A7}.Ad-Hoc|x64.ActiveCfg = Release|Any CPU
		{6E550F02-4666-4D37-962F-D2A990E9F2A7}.Ad-Hoc|x64.Build.0 = Release|Any CPU
		{6E550F02-4666-4D37-962F-D2A990E9F2A7}.Ad-Hoc|x86.ActiveCfg = Release|Any CPU
		{6E550F02-4666-4D37-962F-D2A990E9F2A7}.Ad-Hoc|x86.Build.0 = Release|Any CPU
		{6E550F02-4666-4D37-962F-D2A990E9F2A7}.AppStore|Any CPU.ActiveCfg = Release|Any CPU
		{6E550F02-4666-4D37-962F-D2A990E9F2A7}.AppStore|Any CPU.Build.0 = Release|Any CPU
		{6E550F02-4666-4D37-962F-D2A990E9F2A7}.AppStore|ARM.ActiveCfg = Release|Any CPU
		{6E550F02-4666-4D37-962F-D2A990E9F2A7}.AppStore|ARM.Build.0 = Release|Any CPU
		{6E550F02-4666-4D37-962F-D2A990E9F2A7}.AppStore|iPhone.ActiveCfg = Release|Any CPU
		{6E550F02-4666-4D37-962F-D2A990E9F2A7}.AppStore|iPhone.Build.0 = Release|Any CPU
		{6E550F02-4666-4D37-962F-D2A990E9F2A7}.AppStore|iPhoneSimulator.ActiveCfg = Release|Any CPU
		{6E550F02-4666-4D37-962F-D2A990E9F2A7}.AppStore|iPhoneSimulator.Build.0 = Release|Any CPU
		{6E550F02-4666-4D37-962F-D2A990E9F2A7}.AppStore|x64.ActiveCfg = Release|Any CPU
		{6E550F02-4666-4D37-962F-D2A990E9F2A7}.AppStore|x64.Build.0 = Release|Any CPU
		{6E550F02-4666-4D37-962F-D2A990E9F2A7}.AppStore|x86.ActiveCfg = Release|Any CPU
		{6E550F02-4666-4D37-962F-D2A990E9F2A7}.AppStore|x86.Build.0 = Release|Any CPU
		{6E550F02-4666-4D37-962F-D2A990E9F2A7}.Debug|Any CPU.ActiveCfg = Debug|Any CPU
		{6E550F02-4666-4D37-962F-D2A990E9F2A7}.Debug|Any CPU.Build.0 = Debug|Any CPU
		{6E550F02-4666-4D37-962F-D2A990E9F2A7}.Debug|ARM.ActiveCfg = Debug|Any CPU
		{6E550F02-4666-4D37-962F-D2A990E9F2A7}.Debug|ARM.Build.0 = Debug|Any CPU
		{6E550F02-4666-4D37-962F-D2A990E9F2A7}.Debug|iPhone.ActiveCfg = Debug|Any CPU
		{6E550F02-4666-4D37-962F-D2A990E9F2A7}.Debug|iPhone.Build.0 = Debug|Any CPU
		{6E550F02-4666-4D37-962F-D2A990E9F2A7}.Debug|iPhoneSimulator.ActiveCfg = Debug|Any CPU
		{6E550F02-4666-4D37-962F-D2A990E9F2A7}.Debug|iPhoneSimulator.Build.0 = Debug|Any CPU
		{6E550F02-4666-4D37-962F-D2A990E9F2A7}.Debug|x64.ActiveCfg = Debug|Any CPU
		{6E550F02-4666-4D37-962F-D2A990E9F2A7}.Debug|x64.Build.0 = Debug|Any CPU
		{6E550F02-4666-4D37-962F-D2A990E9F2A7}.Debug|x86.ActiveCfg = Debug|Any CPU
		{6E550F02-4666-4D37-962F-D2A990E9F2A7}.Debug|x86.Build.0 = Debug|Any CPU
		{6E550F02-4666-4D37-962F-D2A990E9F2A7}.Release|Any CPU.ActiveCfg = Release|Any CPU
		{6E550F02-4666-4D37-962F-D2A990E9F2A7}.Release|Any CPU.Build.0 = Release|Any CPU
		{6E550F02-4666-4D37-962F-D2A990E9F2A7}.Release|ARM.ActiveCfg = Release|Any CPU
		{6E550F02-4666-4D37-962F-D2A990E9F2A7}.Release|ARM.Build.0 = Release|Any CPU
		{6E550F02-4666-4D37-962F-D2A990E9F2A7}.Release|iPhone.ActiveCfg = Release|Any CPU
		{6E550F02-4666-4D37-962F-D2A990E9F2A7}.Release|iPhone.Build.0 = Release|Any CPU
		{6E550F02-4666-4D37-962F-D2A990E9F2A7}.Release|iPhoneSimulator.ActiveCfg = Release|Any CPU
		{6E550F02-4666-4D37-962F-D2A990E9F2A7}.Release|iPhoneSimulator.Build.0 = Release|Any CPU
		{6E550F02-4666-4D37-962F-D2A990E9F2A7}.Release|x64.ActiveCfg = Release|Any CPU
		{6E550F02-4666-4D37-962F-D2A990E9F2A7}.Release|x64.Build.0 = Release|Any CPU
		{6E550F02-4666-4D37-962F-D2A990E9F2A7}.Release|x86.ActiveCfg = Release|Any CPU
		{6E550F02-4666-4D37-962F-D2A990E9F2A7}.Release|x86.Build.0 = Release|Any CPU
		{E426AFA6-C141-4A21-963D-FF5A7A111757}.Ad-Hoc|Any CPU.ActiveCfg = Release|Any CPU
		{E426AFA6-C141-4A21-963D-FF5A7A111757}.Ad-Hoc|Any CPU.Build.0 = Release|Any CPU
		{E426AFA6-C141-4A21-963D-FF5A7A111757}.Ad-Hoc|ARM.ActiveCfg = Release|Any CPU
		{E426AFA6-C141-4A21-963D-FF5A7A111757}.Ad-Hoc|ARM.Build.0 = Release|Any CPU
		{E426AFA6-C141-4A21-963D-FF5A7A111757}.Ad-Hoc|iPhone.ActiveCfg = Release|Any CPU
		{E426AFA6-C141-4A21-963D-FF5A7A111757}.Ad-Hoc|iPhone.Build.0 = Release|Any CPU
		{E426AFA6-C141-4A21-963D-FF5A7A111757}.Ad-Hoc|iPhoneSimulator.ActiveCfg = Release|Any CPU
		{E426AFA6-C141-4A21-963D-FF5A7A111757}.Ad-Hoc|iPhoneSimulator.Build.0 = Release|Any CPU
		{E426AFA6-C141-4A21-963D-FF5A7A111757}.Ad-Hoc|x64.ActiveCfg = Release|Any CPU
		{E426AFA6-C141-4A21-963D-FF5A7A111757}.Ad-Hoc|x64.Build.0 = Release|Any CPU
		{E426AFA6-C141-4A21-963D-FF5A7A111757}.Ad-Hoc|x86.ActiveCfg = Release|Any CPU
		{E426AFA6-C141-4A21-963D-FF5A7A111757}.Ad-Hoc|x86.Build.0 = Release|Any CPU
		{E426AFA6-C141-4A21-963D-FF5A7A111757}.AppStore|Any CPU.ActiveCfg = Release|Any CPU
		{E426AFA6-C141-4A21-963D-FF5A7A111757}.AppStore|Any CPU.Build.0 = Release|Any CPU
		{E426AFA6-C141-4A21-963D-FF5A7A111757}.AppStore|ARM.ActiveCfg = Release|Any CPU
		{E426AFA6-C141-4A21-963D-FF5A7A111757}.AppStore|ARM.Build.0 = Release|Any CPU
		{E426AFA6-C141-4A21-963D-FF5A7A111757}.AppStore|iPhone.ActiveCfg = Release|Any CPU
		{E426AFA6-C141-4A21-963D-FF5A7A111757}.AppStore|iPhone.Build.0 = Release|Any CPU
		{E426AFA6-C141-4A21-963D-FF5A7A111757}.AppStore|iPhoneSimulator.ActiveCfg = Release|Any CPU
		{E426AFA6-C141-4A21-963D-FF5A7A111757}.AppStore|iPhoneSimulator.Build.0 = Release|Any CPU
		{E426AFA6-C141-4A21-963D-FF5A7A111757}.AppStore|x64.ActiveCfg = Release|Any CPU
		{E426AFA6-C141-4A21-963D-FF5A7A111757}.AppStore|x64.Build.0 = Release|Any CPU
		{E426AFA6-C141-4A21-963D-FF5A7A111757}.AppStore|x86.ActiveCfg = Release|Any CPU
		{E426AFA6-C141-4A21-963D-FF5A7A111757}.AppStore|x86.Build.0 = Release|Any CPU
		{E426AFA6-C141-4A21-963D-FF5A7A111757}.Debug|Any CPU.ActiveCfg = Debug|Any CPU
		{E426AFA6-C141-4A21-963D-FF5A7A111757}.Debug|Any CPU.Build.0 = Debug|Any CPU
		{E426AFA6-C141-4A21-963D-FF5A7A111757}.Debug|ARM.ActiveCfg = Debug|Any CPU
		{E426AFA6-C141-4A21-963D-FF5A7A111757}.Debug|ARM.Build.0 = Debug|Any CPU
		{E426AFA6-C141-4A21-963D-FF5A7A111757}.Debug|iPhone.ActiveCfg = Debug|Any CPU
		{E426AFA6-C141-4A21-963D-FF5A7A111757}.Debug|iPhone.Build.0 = Debug|Any CPU
		{E426AFA6-C141-4A21-963D-FF5A7A111757}.Debug|iPhoneSimulator.ActiveCfg = Debug|Any CPU
		{E426AFA6-C141-4A21-963D-FF5A7A111757}.Debug|iPhoneSimulator.Build.0 = Debug|Any CPU
		{E426AFA6-C141-4A21-963D-FF5A7A111757}.Debug|x64.ActiveCfg = Debug|Any CPU
		{E426AFA6-C141-4A21-963D-FF5A7A111757}.Debug|x64.Build.0 = Debug|Any CPU
		{E426AFA6-C141-4A21-963D-FF5A7A111757}.Debug|x86.ActiveCfg = Debug|Any CPU
		{E426AFA6-C141-4A21-963D-FF5A7A111757}.Debug|x86.Build.0 = Debug|Any CPU
		{E426AFA6-C141-4A21-963D-FF5A7A111757}.Release|Any CPU.ActiveCfg = Release|Any CPU
		{E426AFA6-C141-4A21-963D-FF5A7A111757}.Release|Any CPU.Build.0 = Release|Any CPU
		{E426AFA6-C141-4A21-963D-FF5A7A111757}.Release|ARM.ActiveCfg = Release|Any CPU
		{E426AFA6-C141-4A21-963D-FF5A7A111757}.Release|ARM.Build.0 = Release|Any CPU
		{E426AFA6-C141-4A21-963D-FF5A7A111757}.Release|iPhone.ActiveCfg = Release|Any CPU
		{E426AFA6-C141-4A21-963D-FF5A7A111757}.Release|iPhone.Build.0 = Release|Any CPU
		{E426AFA6-C141-4A21-963D-FF5A7A111757}.Release|iPhoneSimulator.ActiveCfg = Release|Any CPU
		{E426AFA6-C141-4A21-963D-FF5A7A111757}.Release|iPhoneSimulator.Build.0 = Release|Any CPU
		{E426AFA6-C141-4A21-963D-FF5A7A111757}.Release|x64.ActiveCfg = Release|Any CPU
		{E426AFA6-C141-4A21-963D-FF5A7A111757}.Release|x64.Build.0 = Release|Any CPU
		{E426AFA6-C141-4A21-963D-FF5A7A111757}.Release|x86.ActiveCfg = Release|Any CPU
		{E426AFA6-C141-4A21-963D-FF5A7A111757}.Release|x86.Build.0 = Release|Any CPU
		{E2D6629F-0471-41B1-B3AE-B0C15683A6AE}.Ad-Hoc|Any CPU.ActiveCfg = Release|Any CPU
		{E2D6629F-0471-41B1-B3AE-B0C15683A6AE}.Ad-Hoc|Any CPU.Build.0 = Release|Any CPU
		{E2D6629F-0471-41B1-B3AE-B0C15683A6AE}.Ad-Hoc|ARM.ActiveCfg = Release|Any CPU
		{E2D6629F-0471-41B1-B3AE-B0C15683A6AE}.Ad-Hoc|ARM.Build.0 = Release|Any CPU
		{E2D6629F-0471-41B1-B3AE-B0C15683A6AE}.Ad-Hoc|iPhone.ActiveCfg = Release|Any CPU
		{E2D6629F-0471-41B1-B3AE-B0C15683A6AE}.Ad-Hoc|iPhone.Build.0 = Release|Any CPU
		{E2D6629F-0471-41B1-B3AE-B0C15683A6AE}.Ad-Hoc|iPhoneSimulator.ActiveCfg = Release|Any CPU
		{E2D6629F-0471-41B1-B3AE-B0C15683A6AE}.Ad-Hoc|iPhoneSimulator.Build.0 = Release|Any CPU
		{E2D6629F-0471-41B1-B3AE-B0C15683A6AE}.Ad-Hoc|x64.ActiveCfg = Release|Any CPU
		{E2D6629F-0471-41B1-B3AE-B0C15683A6AE}.Ad-Hoc|x64.Build.0 = Release|Any CPU
		{E2D6629F-0471-41B1-B3AE-B0C15683A6AE}.Ad-Hoc|x86.ActiveCfg = Release|Any CPU
		{E2D6629F-0471-41B1-B3AE-B0C15683A6AE}.Ad-Hoc|x86.Build.0 = Release|Any CPU
		{E2D6629F-0471-41B1-B3AE-B0C15683A6AE}.AppStore|Any CPU.ActiveCfg = Release|Any CPU
		{E2D6629F-0471-41B1-B3AE-B0C15683A6AE}.AppStore|Any CPU.Build.0 = Release|Any CPU
		{E2D6629F-0471-41B1-B3AE-B0C15683A6AE}.AppStore|ARM.ActiveCfg = Release|Any CPU
		{E2D6629F-0471-41B1-B3AE-B0C15683A6AE}.AppStore|ARM.Build.0 = Release|Any CPU
		{E2D6629F-0471-41B1-B3AE-B0C15683A6AE}.AppStore|iPhone.ActiveCfg = Release|Any CPU
		{E2D6629F-0471-41B1-B3AE-B0C15683A6AE}.AppStore|iPhone.Build.0 = Release|Any CPU
		{E2D6629F-0471-41B1-B3AE-B0C15683A6AE}.AppStore|iPhoneSimulator.ActiveCfg = Release|Any CPU
		{E2D6629F-0471-41B1-B3AE-B0C15683A6AE}.AppStore|iPhoneSimulator.Build.0 = Release|Any CPU
		{E2D6629F-0471-41B1-B3AE-B0C15683A6AE}.AppStore|x64.ActiveCfg = Release|Any CPU
		{E2D6629F-0471-41B1-B3AE-B0C15683A6AE}.AppStore|x64.Build.0 = Release|Any CPU
		{E2D6629F-0471-41B1-B3AE-B0C15683A6AE}.AppStore|x86.ActiveCfg = Release|Any CPU
		{E2D6629F-0471-41B1-B3AE-B0C15683A6AE}.AppStore|x86.Build.0 = Release|Any CPU
		{E2D6629F-0471-41B1-B3AE-B0C15683A6AE}.Debug|Any CPU.ActiveCfg = Debug|Any CPU
		{E2D6629F-0471-41B1-B3AE-B0C15683A6AE}.Debug|Any CPU.Build.0 = Debug|Any CPU
		{E2D6629F-0471-41B1-B3AE-B0C15683A6AE}.Debug|ARM.ActiveCfg = Debug|Any CPU
		{E2D6629F-0471-41B1-B3AE-B0C15683A6AE}.Debug|ARM.Build.0 = Debug|Any CPU
		{E2D6629F-0471-41B1-B3AE-B0C15683A6AE}.Debug|iPhone.ActiveCfg = Debug|Any CPU
		{E2D6629F-0471-41B1-B3AE-B0C15683A6AE}.Debug|iPhone.Build.0 = Debug|Any CPU
		{E2D6629F-0471-41B1-B3AE-B0C15683A6AE}.Debug|iPhoneSimulator.ActiveCfg = Debug|Any CPU
		{E2D6629F-0471-41B1-B3AE-B0C15683A6AE}.Debug|iPhoneSimulator.Build.0 = Debug|Any CPU
		{E2D6629F-0471-41B1-B3AE-B0C15683A6AE}.Debug|x64.ActiveCfg = Debug|Any CPU
		{E2D6629F-0471-41B1-B3AE-B0C15683A6AE}.Debug|x64.Build.0 = Debug|Any CPU
		{E2D6629F-0471-41B1-B3AE-B0C15683A6AE}.Debug|x86.ActiveCfg = Debug|Any CPU
		{E2D6629F-0471-41B1-B3AE-B0C15683A6AE}.Debug|x86.Build.0 = Debug|Any CPU
		{E2D6629F-0471-41B1-B3AE-B0C15683A6AE}.Release|Any CPU.ActiveCfg = Release|Any CPU
		{E2D6629F-0471-41B1-B3AE-B0C15683A6AE}.Release|Any CPU.Build.0 = Release|Any CPU
		{E2D6629F-0471-41B1-B3AE-B0C15683A6AE}.Release|ARM.ActiveCfg = Release|Any CPU
		{E2D6629F-0471-41B1-B3AE-B0C15683A6AE}.Release|ARM.Build.0 = Release|Any CPU
		{E2D6629F-0471-41B1-B3AE-B0C15683A6AE}.Release|iPhone.ActiveCfg = Release|Any CPU
		{E2D6629F-0471-41B1-B3AE-B0C15683A6AE}.Release|iPhone.Build.0 = Release|Any CPU
		{E2D6629F-0471-41B1-B3AE-B0C15683A6AE}.Release|iPhoneSimulator.ActiveCfg = Release|Any CPU
		{E2D6629F-0471-41B1-B3AE-B0C15683A6AE}.Release|iPhoneSimulator.Build.0 = Release|Any CPU
		{E2D6629F-0471-41B1-B3AE-B0C15683A6AE}.Release|x64.ActiveCfg = Release|Any CPU
		{E2D6629F-0471-41B1-B3AE-B0C15683A6AE}.Release|x64.Build.0 = Release|Any CPU
		{E2D6629F-0471-41B1-B3AE-B0C15683A6AE}.Release|x86.ActiveCfg = Release|Any CPU
		{E2D6629F-0471-41B1-B3AE-B0C15683A6AE}.Release|x86.Build.0 = Release|Any CPU
		{68E59EA0-B902-43B9-9B40-9F10FE8BFCA0}.Ad-Hoc|Any CPU.ActiveCfg = Release|Any CPU
		{68E59EA0-B902-43B9-9B40-9F10FE8BFCA0}.Ad-Hoc|Any CPU.Build.0 = Release|Any CPU
		{68E59EA0-B902-43B9-9B40-9F10FE8BFCA0}.Ad-Hoc|ARM.ActiveCfg = Release|Any CPU
		{68E59EA0-B902-43B9-9B40-9F10FE8BFCA0}.Ad-Hoc|ARM.Build.0 = Release|Any CPU
		{68E59EA0-B902-43B9-9B40-9F10FE8BFCA0}.Ad-Hoc|iPhone.ActiveCfg = Release|Any CPU
		{68E59EA0-B902-43B9-9B40-9F10FE8BFCA0}.Ad-Hoc|iPhone.Build.0 = Release|Any CPU
		{68E59EA0-B902-43B9-9B40-9F10FE8BFCA0}.Ad-Hoc|iPhoneSimulator.ActiveCfg = Release|Any CPU
		{68E59EA0-B902-43B9-9B40-9F10FE8BFCA0}.Ad-Hoc|iPhoneSimulator.Build.0 = Release|Any CPU
		{68E59EA0-B902-43B9-9B40-9F10FE8BFCA0}.Ad-Hoc|x64.ActiveCfg = Release|Any CPU
		{68E59EA0-B902-43B9-9B40-9F10FE8BFCA0}.Ad-Hoc|x64.Build.0 = Release|Any CPU
		{68E59EA0-B902-43B9-9B40-9F10FE8BFCA0}.Ad-Hoc|x86.ActiveCfg = Release|Any CPU
		{68E59EA0-B902-43B9-9B40-9F10FE8BFCA0}.Ad-Hoc|x86.Build.0 = Release|Any CPU
		{68E59EA0-B902-43B9-9B40-9F10FE8BFCA0}.AppStore|Any CPU.ActiveCfg = Release|Any CPU
		{68E59EA0-B902-43B9-9B40-9F10FE8BFCA0}.AppStore|Any CPU.Build.0 = Release|Any CPU
		{68E59EA0-B902-43B9-9B40-9F10FE8BFCA0}.AppStore|ARM.ActiveCfg = Release|Any CPU
		{68E59EA0-B902-43B9-9B40-9F10FE8BFCA0}.AppStore|ARM.Build.0 = Release|Any CPU
		{68E59EA0-B902-43B9-9B40-9F10FE8BFCA0}.AppStore|iPhone.ActiveCfg = Release|Any CPU
		{68E59EA0-B902-43B9-9B40-9F10FE8BFCA0}.AppStore|iPhone.Build.0 = Release|Any CPU
		{68E59EA0-B902-43B9-9B40-9F10FE8BFCA0}.AppStore|iPhoneSimulator.ActiveCfg = Release|Any CPU
		{68E59EA0-B902-43B9-9B40-9F10FE8BFCA0}.AppStore|iPhoneSimulator.Build.0 = Release|Any CPU
		{68E59EA0-B902-43B9-9B40-9F10FE8BFCA0}.AppStore|x64.ActiveCfg = Release|Any CPU
		{68E59EA0-B902-43B9-9B40-9F10FE8BFCA0}.AppStore|x64.Build.0 = Release|Any CPU
		{68E59EA0-B902-43B9-9B40-9F10FE8BFCA0}.AppStore|x86.ActiveCfg = Release|Any CPU
		{68E59EA0-B902-43B9-9B40-9F10FE8BFCA0}.AppStore|x86.Build.0 = Release|Any CPU
		{68E59EA0-B902-43B9-9B40-9F10FE8BFCA0}.Debug|Any CPU.ActiveCfg = Debug|Any CPU
		{68E59EA0-B902-43B9-9B40-9F10FE8BFCA0}.Debug|Any CPU.Build.0 = Debug|Any CPU
		{68E59EA0-B902-43B9-9B40-9F10FE8BFCA0}.Debug|ARM.ActiveCfg = Debug|Any CPU
		{68E59EA0-B902-43B9-9B40-9F10FE8BFCA0}.Debug|ARM.Build.0 = Debug|Any CPU
		{68E59EA0-B902-43B9-9B40-9F10FE8BFCA0}.Debug|iPhone.ActiveCfg = Debug|Any CPU
		{68E59EA0-B902-43B9-9B40-9F10FE8BFCA0}.Debug|iPhone.Build.0 = Debug|Any CPU
		{68E59EA0-B902-43B9-9B40-9F10FE8BFCA0}.Debug|iPhoneSimulator.ActiveCfg = Debug|Any CPU
		{68E59EA0-B902-43B9-9B40-9F10FE8BFCA0}.Debug|iPhoneSimulator.Build.0 = Debug|Any CPU
		{68E59EA0-B902-43B9-9B40-9F10FE8BFCA0}.Debug|x64.ActiveCfg = Debug|Any CPU
		{68E59EA0-B902-43B9-9B40-9F10FE8BFCA0}.Debug|x64.Build.0 = Debug|Any CPU
		{68E59EA0-B902-43B9-9B40-9F10FE8BFCA0}.Debug|x86.ActiveCfg = Debug|Any CPU
		{68E59EA0-B902-43B9-9B40-9F10FE8BFCA0}.Debug|x86.Build.0 = Debug|Any CPU
		{68E59EA0-B902-43B9-9B40-9F10FE8BFCA0}.Release|Any CPU.ActiveCfg = Release|Any CPU
		{68E59EA0-B902-43B9-9B40-9F10FE8BFCA0}.Release|Any CPU.Build.0 = Release|Any CPU
		{68E59EA0-B902-43B9-9B40-9F10FE8BFCA0}.Release|ARM.ActiveCfg = Release|Any CPU
		{68E59EA0-B902-43B9-9B40-9F10FE8BFCA0}.Release|ARM.Build.0 = Release|Any CPU
		{68E59EA0-B902-43B9-9B40-9F10FE8BFCA0}.Release|iPhone.ActiveCfg = Release|Any CPU
		{68E59EA0-B902-43B9-9B40-9F10FE8BFCA0}.Release|iPhone.Build.0 = Release|Any CPU
		{68E59EA0-B902-43B9-9B40-9F10FE8BFCA0}.Release|iPhoneSimulator.ActiveCfg = Release|Any CPU
		{68E59EA0-B902-43B9-9B40-9F10FE8BFCA0}.Release|iPhoneSimulator.Build.0 = Release|Any CPU
		{68E59EA0-B902-43B9-9B40-9F10FE8BFCA0}.Release|x64.ActiveCfg = Release|Any CPU
		{68E59EA0-B902-43B9-9B40-9F10FE8BFCA0}.Release|x64.Build.0 = Release|Any CPU
		{68E59EA0-B902-43B9-9B40-9F10FE8BFCA0}.Release|x86.ActiveCfg = Release|Any CPU
		{68E59EA0-B902-43B9-9B40-9F10FE8BFCA0}.Release|x86.Build.0 = Release|Any CPU
		{CEC89311-8922-4BCD-A3A4-BDD87F727809}.Ad-Hoc|Any CPU.ActiveCfg = Release|Any CPU
		{CEC89311-8922-4BCD-A3A4-BDD87F727809}.Ad-Hoc|Any CPU.Build.0 = Release|Any CPU
		{CEC89311-8922-4BCD-A3A4-BDD87F727809}.Ad-Hoc|ARM.ActiveCfg = Release|ARM
		{CEC89311-8922-4BCD-A3A4-BDD87F727809}.Ad-Hoc|ARM.Build.0 = Release|ARM
		{CEC89311-8922-4BCD-A3A4-BDD87F727809}.Ad-Hoc|iPhone.ActiveCfg = Release|Any CPU
		{CEC89311-8922-4BCD-A3A4-BDD87F727809}.Ad-Hoc|iPhone.Build.0 = Release|Any CPU
		{CEC89311-8922-4BCD-A3A4-BDD87F727809}.Ad-Hoc|iPhoneSimulator.ActiveCfg = Release|Any CPU
		{CEC89311-8922-4BCD-A3A4-BDD87F727809}.Ad-Hoc|iPhoneSimulator.Build.0 = Release|Any CPU
		{CEC89311-8922-4BCD-A3A4-BDD87F727809}.Ad-Hoc|x64.ActiveCfg = Release|x64
		{CEC89311-8922-4BCD-A3A4-BDD87F727809}.Ad-Hoc|x64.Build.0 = Release|x64
		{CEC89311-8922-4BCD-A3A4-BDD87F727809}.Ad-Hoc|x86.ActiveCfg = Release|x86
		{CEC89311-8922-4BCD-A3A4-BDD87F727809}.Ad-Hoc|x86.Build.0 = Release|x86
		{CEC89311-8922-4BCD-A3A4-BDD87F727809}.AppStore|Any CPU.ActiveCfg = Release|Any CPU
		{CEC89311-8922-4BCD-A3A4-BDD87F727809}.AppStore|Any CPU.Build.0 = Release|Any CPU
		{CEC89311-8922-4BCD-A3A4-BDD87F727809}.AppStore|ARM.ActiveCfg = Release|ARM
		{CEC89311-8922-4BCD-A3A4-BDD87F727809}.AppStore|ARM.Build.0 = Release|ARM
		{CEC89311-8922-4BCD-A3A4-BDD87F727809}.AppStore|iPhone.ActiveCfg = Release|Any CPU
		{CEC89311-8922-4BCD-A3A4-BDD87F727809}.AppStore|iPhone.Build.0 = Release|Any CPU
		{CEC89311-8922-4BCD-A3A4-BDD87F727809}.AppStore|iPhoneSimulator.ActiveCfg = Release|Any CPU
		{CEC89311-8922-4BCD-A3A4-BDD87F727809}.AppStore|iPhoneSimulator.Build.0 = Release|Any CPU
		{CEC89311-8922-4BCD-A3A4-BDD87F727809}.AppStore|x64.ActiveCfg = Release|x64
		{CEC89311-8922-4BCD-A3A4-BDD87F727809}.AppStore|x64.Build.0 = Release|x64
		{CEC89311-8922-4BCD-A3A4-BDD87F727809}.AppStore|x86.ActiveCfg = Release|x86
		{CEC89311-8922-4BCD-A3A4-BDD87F727809}.AppStore|x86.Build.0 = Release|x86
		{CEC89311-8922-4BCD-A3A4-BDD87F727809}.Debug|Any CPU.ActiveCfg = Debug|Any CPU
		{CEC89311-8922-4BCD-A3A4-BDD87F727809}.Debug|Any CPU.Build.0 = Debug|Any CPU
		{CEC89311-8922-4BCD-A3A4-BDD87F727809}.Debug|ARM.ActiveCfg = Debug|ARM
		{CEC89311-8922-4BCD-A3A4-BDD87F727809}.Debug|ARM.Build.0 = Debug|ARM
		{CEC89311-8922-4BCD-A3A4-BDD87F727809}.Debug|iPhone.ActiveCfg = Debug|Any CPU
		{CEC89311-8922-4BCD-A3A4-BDD87F727809}.Debug|iPhone.Build.0 = Debug|Any CPU
		{CEC89311-8922-4BCD-A3A4-BDD87F727809}.Debug|iPhoneSimulator.ActiveCfg = Debug|Any CPU
		{CEC89311-8922-4BCD-A3A4-BDD87F727809}.Debug|iPhoneSimulator.Build.0 = Debug|Any CPU
		{CEC89311-8922-4BCD-A3A4-BDD87F727809}.Debug|x64.ActiveCfg = Debug|x64
		{CEC89311-8922-4BCD-A3A4-BDD87F727809}.Debug|x64.Build.0 = Debug|x64
		{CEC89311-8922-4BCD-A3A4-BDD87F727809}.Debug|x86.ActiveCfg = Debug|x86
		{CEC89311-8922-4BCD-A3A4-BDD87F727809}.Debug|x86.Build.0 = Debug|x86
		{CEC89311-8922-4BCD-A3A4-BDD87F727809}.Release|Any CPU.ActiveCfg = Release|Any CPU
		{CEC89311-8922-4BCD-A3A4-BDD87F727809}.Release|Any CPU.Build.0 = Release|Any CPU
		{CEC89311-8922-4BCD-A3A4-BDD87F727809}.Release|ARM.ActiveCfg = Release|ARM
		{CEC89311-8922-4BCD-A3A4-BDD87F727809}.Release|ARM.Build.0 = Release|ARM
		{CEC89311-8922-4BCD-A3A4-BDD87F727809}.Release|iPhone.ActiveCfg = Release|Any CPU
		{CEC89311-8922-4BCD-A3A4-BDD87F727809}.Release|iPhone.Build.0 = Release|Any CPU
		{CEC89311-8922-4BCD-A3A4-BDD87F727809}.Release|iPhoneSimulator.ActiveCfg = Release|Any CPU
		{CEC89311-8922-4BCD-A3A4-BDD87F727809}.Release|iPhoneSimulator.Build.0 = Release|Any CPU
		{CEC89311-8922-4BCD-A3A4-BDD87F727809}.Release|x64.ActiveCfg = Release|x64
		{CEC89311-8922-4BCD-A3A4-BDD87F727809}.Release|x64.Build.0 = Release|x64
		{CEC89311-8922-4BCD-A3A4-BDD87F727809}.Release|x86.ActiveCfg = Release|x86
		{CEC89311-8922-4BCD-A3A4-BDD87F727809}.Release|x86.Build.0 = Release|x86
		{EB37D7B5-A0CD-4447-B655-1430F7E919E9}.Ad-Hoc|Any CPU.ActiveCfg = Release|Any CPU
		{EB37D7B5-A0CD-4447-B655-1430F7E919E9}.Ad-Hoc|Any CPU.Build.0 = Release|Any CPU
		{EB37D7B5-A0CD-4447-B655-1430F7E919E9}.Ad-Hoc|ARM.ActiveCfg = Release|Any CPU
		{EB37D7B5-A0CD-4447-B655-1430F7E919E9}.Ad-Hoc|ARM.Build.0 = Release|Any CPU
		{EB37D7B5-A0CD-4447-B655-1430F7E919E9}.Ad-Hoc|iPhone.ActiveCfg = Release|Any CPU
		{EB37D7B5-A0CD-4447-B655-1430F7E919E9}.Ad-Hoc|iPhone.Build.0 = Release|Any CPU
		{EB37D7B5-A0CD-4447-B655-1430F7E919E9}.Ad-Hoc|iPhoneSimulator.ActiveCfg = Release|Any CPU
		{EB37D7B5-A0CD-4447-B655-1430F7E919E9}.Ad-Hoc|iPhoneSimulator.Build.0 = Release|Any CPU
		{EB37D7B5-A0CD-4447-B655-1430F7E919E9}.Ad-Hoc|x64.ActiveCfg = Release|Any CPU
		{EB37D7B5-A0CD-4447-B655-1430F7E919E9}.Ad-Hoc|x64.Build.0 = Release|Any CPU
		{EB37D7B5-A0CD-4447-B655-1430F7E919E9}.Ad-Hoc|x86.ActiveCfg = Release|Any CPU
		{EB37D7B5-A0CD-4447-B655-1430F7E919E9}.Ad-Hoc|x86.Build.0 = Release|Any CPU
		{EB37D7B5-A0CD-4447-B655-1430F7E919E9}.AppStore|Any CPU.ActiveCfg = Release|Any CPU
		{EB37D7B5-A0CD-4447-B655-1430F7E919E9}.AppStore|Any CPU.Build.0 = Release|Any CPU
		{EB37D7B5-A0CD-4447-B655-1430F7E919E9}.AppStore|ARM.ActiveCfg = Release|Any CPU
		{EB37D7B5-A0CD-4447-B655-1430F7E919E9}.AppStore|ARM.Build.0 = Release|Any CPU
		{EB37D7B5-A0CD-4447-B655-1430F7E919E9}.AppStore|iPhone.ActiveCfg = Release|Any CPU
		{EB37D7B5-A0CD-4447-B655-1430F7E919E9}.AppStore|iPhone.Build.0 = Release|Any CPU
		{EB37D7B5-A0CD-4447-B655-1430F7E919E9}.AppStore|iPhoneSimulator.ActiveCfg = Release|Any CPU
		{EB37D7B5-A0CD-4447-B655-1430F7E919E9}.AppStore|iPhoneSimulator.Build.0 = Release|Any CPU
		{EB37D7B5-A0CD-4447-B655-1430F7E919E9}.AppStore|x64.ActiveCfg = Release|Any CPU
		{EB37D7B5-A0CD-4447-B655-1430F7E919E9}.AppStore|x64.Build.0 = Release|Any CPU
		{EB37D7B5-A0CD-4447-B655-1430F7E919E9}.AppStore|x86.ActiveCfg = Release|Any CPU
		{EB37D7B5-A0CD-4447-B655-1430F7E919E9}.AppStore|x86.Build.0 = Release|Any CPU
		{EB37D7B5-A0CD-4447-B655-1430F7E919E9}.Debug|Any CPU.ActiveCfg = Debug|Any CPU
		{EB37D7B5-A0CD-4447-B655-1430F7E919E9}.Debug|Any CPU.Build.0 = Debug|Any CPU
		{EB37D7B5-A0CD-4447-B655-1430F7E919E9}.Debug|ARM.ActiveCfg = Debug|Any CPU
		{EB37D7B5-A0CD-4447-B655-1430F7E919E9}.Debug|ARM.Build.0 = Debug|Any CPU
		{EB37D7B5-A0CD-4447-B655-1430F7E919E9}.Debug|iPhone.ActiveCfg = Debug|Any CPU
		{EB37D7B5-A0CD-4447-B655-1430F7E919E9}.Debug|iPhone.Build.0 = Debug|Any CPU
		{EB37D7B5-A0CD-4447-B655-1430F7E919E9}.Debug|iPhoneSimulator.ActiveCfg = Debug|Any CPU
		{EB37D7B5-A0CD-4447-B655-1430F7E919E9}.Debug|iPhoneSimulator.Build.0 = Debug|Any CPU
		{EB37D7B5-A0CD-4447-B655-1430F7E919E9}.Debug|x64.ActiveCfg = Debug|Any CPU
		{EB37D7B5-A0CD-4447-B655-1430F7E919E9}.Debug|x64.Build.0 = Debug|Any CPU
		{EB37D7B5-A0CD-4447-B655-1430F7E919E9}.Debug|x86.ActiveCfg = Debug|Any CPU
		{EB37D7B5-A0CD-4447-B655-1430F7E919E9}.Debug|x86.Build.0 = Debug|Any CPU
		{EB37D7B5-A0CD-4447-B655-1430F7E919E9}.Release|Any CPU.ActiveCfg = Release|Any CPU
		{EB37D7B5-A0CD-4447-B655-1430F7E919E9}.Release|Any CPU.Build.0 = Release|Any CPU
		{EB37D7B5-A0CD-4447-B655-1430F7E919E9}.Release|ARM.ActiveCfg = Release|Any CPU
		{EB37D7B5-A0CD-4447-B655-1430F7E919E9}.Release|ARM.Build.0 = Release|Any CPU
		{EB37D7B5-A0CD-4447-B655-1430F7E919E9}.Release|iPhone.ActiveCfg = Release|Any CPU
		{EB37D7B5-A0CD-4447-B655-1430F7E919E9}.Release|iPhone.Build.0 = Release|Any CPU
		{EB37D7B5-A0CD-4447-B655-1430F7E919E9}.Release|iPhoneSimulator.ActiveCfg = Release|Any CPU
		{EB37D7B5-A0CD-4447-B655-1430F7E919E9}.Release|iPhoneSimulator.Build.0 = Release|Any CPU
		{EB37D7B5-A0CD-4447-B655-1430F7E919E9}.Release|x64.ActiveCfg = Release|Any CPU
		{EB37D7B5-A0CD-4447-B655-1430F7E919E9}.Release|x64.Build.0 = Release|Any CPU
		{EB37D7B5-A0CD-4447-B655-1430F7E919E9}.Release|x86.ActiveCfg = Release|Any CPU
		{EB37D7B5-A0CD-4447-B655-1430F7E919E9}.Release|x86.Build.0 = Release|Any CPU
		{F74F7BF7-D624-4292-BD0C-9B8368106E17}.Ad-Hoc|Any CPU.ActiveCfg = Release|Any CPU
		{F74F7BF7-D624-4292-BD0C-9B8368106E17}.Ad-Hoc|Any CPU.Build.0 = Release|Any CPU
		{F74F7BF7-D624-4292-BD0C-9B8368106E17}.Ad-Hoc|ARM.ActiveCfg = Release|Any CPU
		{F74F7BF7-D624-4292-BD0C-9B8368106E17}.Ad-Hoc|ARM.Build.0 = Release|Any CPU
		{F74F7BF7-D624-4292-BD0C-9B8368106E17}.Ad-Hoc|iPhone.ActiveCfg = Release|Any CPU
		{F74F7BF7-D624-4292-BD0C-9B8368106E17}.Ad-Hoc|iPhone.Build.0 = Release|Any CPU
		{F74F7BF7-D624-4292-BD0C-9B8368106E17}.Ad-Hoc|iPhoneSimulator.ActiveCfg = Release|Any CPU
		{F74F7BF7-D624-4292-BD0C-9B8368106E17}.Ad-Hoc|iPhoneSimulator.Build.0 = Release|Any CPU
		{F74F7BF7-D624-4292-BD0C-9B8368106E17}.Ad-Hoc|x64.ActiveCfg = Release|Any CPU
		{F74F7BF7-D624-4292-BD0C-9B8368106E17}.Ad-Hoc|x64.Build.0 = Release|Any CPU
		{F74F7BF7-D624-4292-BD0C-9B8368106E17}.Ad-Hoc|x86.ActiveCfg = Release|Any CPU
		{F74F7BF7-D624-4292-BD0C-9B8368106E17}.Ad-Hoc|x86.Build.0 = Release|Any CPU
		{F74F7BF7-D624-4292-BD0C-9B8368106E17}.AppStore|Any CPU.ActiveCfg = Release|Any CPU
		{F74F7BF7-D624-4292-BD0C-9B8368106E17}.AppStore|Any CPU.Build.0 = Release|Any CPU
		{F74F7BF7-D624-4292-BD0C-9B8368106E17}.AppStore|ARM.ActiveCfg = Release|Any CPU
		{F74F7BF7-D624-4292-BD0C-9B8368106E17}.AppStore|ARM.Build.0 = Release|Any CPU
		{F74F7BF7-D624-4292-BD0C-9B8368106E17}.AppStore|iPhone.ActiveCfg = Release|Any CPU
		{F74F7BF7-D624-4292-BD0C-9B8368106E17}.AppStore|iPhone.Build.0 = Release|Any CPU
		{F74F7BF7-D624-4292-BD0C-9B8368106E17}.AppStore|iPhoneSimulator.ActiveCfg = Release|Any CPU
		{F74F7BF7-D624-4292-BD0C-9B8368106E17}.AppStore|iPhoneSimulator.Build.0 = Release|Any CPU
		{F74F7BF7-D624-4292-BD0C-9B8368106E17}.AppStore|x64.ActiveCfg = Release|Any CPU
		{F74F7BF7-D624-4292-BD0C-9B8368106E17}.AppStore|x64.Build.0 = Release|Any CPU
		{F74F7BF7-D624-4292-BD0C-9B8368106E17}.AppStore|x86.ActiveCfg = Release|Any CPU
		{F74F7BF7-D624-4292-BD0C-9B8368106E17}.AppStore|x86.Build.0 = Release|Any CPU
		{F74F7BF7-D624-4292-BD0C-9B8368106E17}.Debug|Any CPU.ActiveCfg = Debug|Any CPU
		{F74F7BF7-D624-4292-BD0C-9B8368106E17}.Debug|Any CPU.Build.0 = Debug|Any CPU
		{F74F7BF7-D624-4292-BD0C-9B8368106E17}.Debug|ARM.ActiveCfg = Debug|Any CPU
		{F74F7BF7-D624-4292-BD0C-9B8368106E17}.Debug|ARM.Build.0 = Debug|Any CPU
		{F74F7BF7-D624-4292-BD0C-9B8368106E17}.Debug|iPhone.ActiveCfg = Debug|Any CPU
		{F74F7BF7-D624-4292-BD0C-9B8368106E17}.Debug|iPhone.Build.0 = Debug|Any CPU
		{F74F7BF7-D624-4292-BD0C-9B8368106E17}.Debug|iPhoneSimulator.ActiveCfg = Debug|Any CPU
		{F74F7BF7-D624-4292-BD0C-9B8368106E17}.Debug|iPhoneSimulator.Build.0 = Debug|Any CPU
		{F74F7BF7-D624-4292-BD0C-9B8368106E17}.Debug|x64.ActiveCfg = Debug|Any CPU
		{F74F7BF7-D624-4292-BD0C-9B8368106E17}.Debug|x64.Build.0 = Debug|Any CPU
		{F74F7BF7-D624-4292-BD0C-9B8368106E17}.Debug|x86.ActiveCfg = Debug|Any CPU
		{F74F7BF7-D624-4292-BD0C-9B8368106E17}.Debug|x86.Build.0 = Debug|Any CPU
		{F74F7BF7-D624-4292-BD0C-9B8368106E17}.Release|Any CPU.ActiveCfg = Release|Any CPU
		{F74F7BF7-D624-4292-BD0C-9B8368106E17}.Release|Any CPU.Build.0 = Release|Any CPU
		{F74F7BF7-D624-4292-BD0C-9B8368106E17}.Release|ARM.ActiveCfg = Release|Any CPU
		{F74F7BF7-D624-4292-BD0C-9B8368106E17}.Release|ARM.Build.0 = Release|Any CPU
		{F74F7BF7-D624-4292-BD0C-9B8368106E17}.Release|iPhone.ActiveCfg = Release|Any CPU
		{F74F7BF7-D624-4292-BD0C-9B8368106E17}.Release|iPhone.Build.0 = Release|Any CPU
		{F74F7BF7-D624-4292-BD0C-9B8368106E17}.Release|iPhoneSimulator.ActiveCfg = Release|Any CPU
		{F74F7BF7-D624-4292-BD0C-9B8368106E17}.Release|iPhoneSimulator.Build.0 = Release|Any CPU
		{F74F7BF7-D624-4292-BD0C-9B8368106E17}.Release|x64.ActiveCfg = Release|Any CPU
		{F74F7BF7-D624-4292-BD0C-9B8368106E17}.Release|x64.Build.0 = Release|Any CPU
		{F74F7BF7-D624-4292-BD0C-9B8368106E17}.Release|x86.ActiveCfg = Release|Any CPU
		{F74F7BF7-D624-4292-BD0C-9B8368106E17}.Release|x86.Build.0 = Release|Any CPU
	EndGlobalSection
	GlobalSection(SolutionProperties) = preSolution
		HideSolutionNode = FALSE
	EndGlobalSection
	GlobalSection(NestedProjects) = preSolution
		{00F4EF06-97F7-4854-8DD9-7F9AE4A1201A} = {8507F10B-CF78-4193-BC5B-C602837092B3}
		{88F99257-B7A1-4C67-B134-7BDAD63AEEF1} = {00F4EF06-97F7-4854-8DD9-7F9AE4A1201A}
		{01457FF5-0925-4413-83DB-63E20F30B681} = {00F4EF06-97F7-4854-8DD9-7F9AE4A1201A}
		{903F2D10-3F78-40D6-8612-38960F425FEC} = {00F4EF06-97F7-4854-8DD9-7F9AE4A1201A}
		{EB413F5D-6FD3-490C-B359-F1E861CC03A0} = {00F4EF06-97F7-4854-8DD9-7F9AE4A1201A}
		{4C1036E4-273C-42D7-B95D-5829B4583887} = {00F4EF06-97F7-4854-8DD9-7F9AE4A1201A}
		{E16A59B7-47AF-4477-86CC-99EB3AC67A27} = {00F4EF06-97F7-4854-8DD9-7F9AE4A1201A}
		{3A675F66-34E2-4142-BC47-5042C1DE26B3} = {01457FF5-0925-4413-83DB-63E20F30B681}
		{95559C0F-3ABA-4D68-8E3E-5B9230887ED1} = {903F2D10-3F78-40D6-8612-38960F425FEC}
		{6E550F02-4666-4D37-962F-D2A990E9F2A7} = {EB413F5D-6FD3-490C-B359-F1E861CC03A0}
		{E426AFA6-C141-4A21-963D-FF5A7A111757} = {E16A59B7-47AF-4477-86CC-99EB3AC67A27}
		{E2D6629F-0471-41B1-B3AE-B0C15683A6AE} = {4C1036E4-273C-42D7-B95D-5829B4583887}
		{68E59EA0-B902-43B9-9B40-9F10FE8BFCA0} = {4C1036E4-273C-42D7-B95D-5829B4583887}
		{CEC89311-8922-4BCD-A3A4-BDD87F727809} = {4C1036E4-273C-42D7-B95D-5829B4583887}
		{8445E7D5-A6CD-4FD4-9817-CC22E28A7D0D} = {4C1036E4-273C-42D7-B95D-5829B4583887}
		{85F09484-E548-4B24-84A5-49AE63583B9D} = {4C1036E4-273C-42D7-B95D-5829B4583887}
		{5AF14D72-282C-400A-838E-E353ADCFCC38} = {790680FE-FE91-45C1-8A35-21C37A7D2C71}
		{DE0CB976-C1D4-4137-BA48-216BA962BFBA} = {5AF14D72-282C-400A-838E-E353ADCFCC38}
		{EB37D7B5-A0CD-4447-B655-1430F7E919E9} = {4C1036E4-273C-42D7-B95D-5829B4583887}
		{336EFDBB-FD4F-4140-9BF7-356A2C15A19A} = {5AF14D72-282C-400A-838E-E353ADCFCC38}
		{1210B22E-9D08-482D-AE40-3E1E2BE06D73} = {5AF14D72-282C-400A-838E-E353ADCFCC38}
		{06CDB640-9133-43BA-ACFD-E284D622D5B5} = {5AF14D72-282C-400A-838E-E353ADCFCC38}
		{2F65312D-3D73-4405-93DF-AE82B9DDC0AC} = {5AF14D72-282C-400A-838E-E353ADCFCC38}
		{48C40967-623F-4AFF-AFD5-F896068621DA} = {5AF14D72-282C-400A-838E-E353ADCFCC38}
		{F74F7BF7-D624-4292-BD0C-9B8368106E17} = {5AF14D72-282C-400A-838E-E353ADCFCC38}
	EndGlobalSection
EndGlobal
