
Microsoft Visual Studio Solution File, Format Version 12.00
# Visual Studio 14
VisualStudioVersion = 14.0.25420.1
MinimumVisualStudioVersion = 10.0.40219.1
Project("{2150E333-8FDC-42A3-9474-1A3956D46DE8}") = ".nuspec", ".nuspec", "{7C2AC26D-FFB8-4CF1-B189-1955A747B770}"
	ProjectSection(SolutionItems) = preProject
		..\nuspec\XLabs.Caching.Net45.nuspec = ..\nuspec\XLabs.Caching.Net45.nuspec
		..\nuspec\XLabs.Caching.nuspec = ..\nuspec\XLabs.Caching.nuspec
		..\nuspec\XLabs.Caching.SQLite.nuspec = ..\nuspec\XLabs.Caching.SQLite.nuspec
		..\nuspec\XLabs.Core.nuspec = ..\nuspec\XLabs.Core.nuspec
		..\nuspec\XLabs.Cryptography.nuspec = ..\nuspec\XLabs.Cryptography.nuspec
		..\nuspec\XLabs.Forms.Charting.nuspec = ..\nuspec\XLabs.Forms.Charting.nuspec
		..\nuspec\XLabs.Forms.nuspec = ..\nuspec\XLabs.Forms.nuspec
		..\nuspec\XLabs.IoC.Autofac.nuspec = ..\nuspec\XLabs.IoC.Autofac.nuspec
		..\nuspec\XLabs.IoC.Ninject.nuspec = ..\nuspec\XLabs.IoC.Ninject.nuspec
		..\nuspec\XLabs.IoC.nuspec = ..\nuspec\XLabs.IoC.nuspec
		..\nuspec\XLabs.IoC.SimpleInjector.nuspec = ..\nuspec\XLabs.IoC.SimpleInjector.nuspec
		..\nuspec\XLabs.IoC.TinyIOC.nuspec = ..\nuspec\XLabs.IoC.TinyIOC.nuspec
		..\nuspec\XLabs.IoC.Unity.nuspec = ..\nuspec\XLabs.IoC.Unity.nuspec
		..\nuspec\XLabs.Platform.nuspec = ..\nuspec\XLabs.Platform.nuspec
		..\nuspec\XLabs.Serialization.ASPNet.nuspec = ..\nuspec\XLabs.Serialization.ASPNet.nuspec
		..\nuspec\XLabs.Serialization.JSON.nuspec = ..\nuspec\XLabs.Serialization.JSON.nuspec
		..\nuspec\XLabs.Serialization.Net45.nuspec = ..\nuspec\XLabs.Serialization.Net45.nuspec
		..\nuspec\XLabs.Serialization.nuspec = ..\nuspec\XLabs.Serialization.nuspec
		..\nuspec\XLabs.Serialization.ProtoBuf.nuspec = ..\nuspec\XLabs.Serialization.ProtoBuf.nuspec
		..\nuspec\XLabs.Serialization.ServiceStackV3.nuspec = ..\nuspec\XLabs.Serialization.ServiceStackV3.nuspec
		..\nuspec\XLabs.Settings.nuspec = ..\nuspec\XLabs.Settings.nuspec
		..\nuspec\XLabs.Settings.XamSettings.nuspec = ..\nuspec\XLabs.Settings.XamSettings.nuspec
		..\nuspec\XLabs.Web.nuspec = ..\nuspec\XLabs.Web.nuspec
	EndProjectSection
EndProject
Project("{2150E333-8FDC-42A3-9474-1A3956D46DE8}") = ".docs", ".docs", "{4290D156-3054-4484-B15B-B536F13F13F9}"
	ProjectSection(SolutionItems) = preProject
		..\docs\XLabs Presentation.pptx = ..\docs\XLabs Presentation.pptx
	EndProjectSection
EndProject
Project("{2150E333-8FDC-42A3-9474-1A3956D46DE8}") = "source", "source", "{8507F10B-CF78-4193-BC5B-C602837092B3}"
EndProject
Project("{2150E333-8FDC-42A3-9474-1A3956D46DE8}") = "unit tests", "unit tests", "{790680FE-FE91-45C1-8A35-21C37A7D2C71}"
EndProject
Project("{2150E333-8FDC-42A3-9474-1A3956D46DE8}") = "Caching", "Caching", "{B7ED082B-3B2E-4F0A-98BF-75F957BAEC78}"
EndProject
Project("{FAE04EC0-301F-11D3-BF4B-00C04F79EFBC}") = "XLabs.Caching", "Caching\XLabs.Caching\XLabs.Caching.csproj", "{DA63BB22-3A83-4BDD-AC19-00904877F4FA}"
EndProject
Project("{FAE04EC0-301F-11D3-BF4B-00C04F79EFBC}") = "XLabs.Caching.Net45", "Caching\XLabs.Caching.Net45\XLabs.Caching.Net45.csproj", "{2FFB70C3-2887-45FD-9C84-494200E0F3F2}"
EndProject
Project("{FAE04EC0-301F-11D3-BF4B-00C04F79EFBC}") = "XLabs.Caching.Sqlite", "Caching\XLabs.Caching.Sqlite\XLabs.Caching.Sqlite.csproj", "{B42F3CE5-DC7C-4EF0-8712-ED810CEFDA11}"
EndProject
Project("{2150E333-8FDC-42A3-9474-1A3956D46DE8}") = "Caching", "Caching", "{C5179ECB-0645-43D5-BB27-9E9F7884E0ED}"
EndProject
Project("{D954291E-2A0B-460D-934E-DC6B0785DB48}") = "XLabs.Caching.NUnit.Shared", "..\tests\Caching\XLabs.Caching.NUnit.Shared\XLabs.Caching.NUnit.Shared.shproj", "{B11CCEE6-53A6-4A79-9D15-6C9BF56662BE}"
EndProject
Project("{2150E333-8FDC-42A3-9474-1A3956D46DE8}") = ".nuget", ".nuget", "{92DE34DB-420B-4B18-B60C-9BCFACD3CDFC}"
	ProjectSection(SolutionItems) = preProject
		..\.nuget\NuGet.Config = ..\.nuget\NuGet.Config
		..\.nuget\NuGet.exe = ..\.nuget\NuGet.exe
		..\.nuget\NuGet.targets = ..\.nuget\NuGet.targets
	EndProjectSection
EndProject
Project("{2150E333-8FDC-42A3-9474-1A3956D46DE8}") = ".misc", ".misc", "{475F5D19-903E-4801-8FA2-FD33BBB4C69A}"
	ProjectSection(SolutionItems) = preProject
		AssemblyInfo.Shared.cs = AssemblyInfo.Shared.cs
		..\settings.json = ..\settings.json
		..\version.json = ..\version.json
	EndProjectSection
EndProject
Project("{D954291E-2A0B-460D-934E-DC6B0785DB48}") = "XLabs.Caching.Sqlite.NUnit.Shared", "..\tests\Caching\XLabs.Caching.Sqlite.NUnit.Shared\XLabs.Caching.Sqlite.NUnit.Shared.shproj", "{9F188472-6997-46E2-93CE-B7618306BA56}"
EndProject
Project("{FAE04EC0-301F-11D3-BF4B-00C04F79EFBC}") = "XLabs.Caching.NUnit", "..\tests\Caching\XLabs.Caching.NUnit\XLabs.Caching.NUnit.csproj", "{8EDF4429-251A-416D-BB68-93F227191BCF}"
EndProject
Global
	GlobalSection(SharedMSBuildProjectFiles) = preSolution
		..\tests\Caching\XLabs.Caching.NUnit.Shared\XLabs.Caching.NUnit.Shared.projitems*{8edf4429-251a-416d-bb68-93f227191bcf}*SharedItemsImports = 4
		..\tests\Caching\XLabs.Caching.Sqlite.NUnit.Shared\XLabs.Caching.Sqlite.NUnit.Shared.projitems*{8edf4429-251a-416d-bb68-93f227191bcf}*SharedItemsImports = 4
		..\tests\Caching\XLabs.Caching.Sqlite.NUnit.Shared\XLabs.Caching.Sqlite.NUnit.Shared.projitems*{9f188472-6997-46e2-93ce-b7618306ba56}*SharedItemsImports = 13
		..\tests\Caching\XLabs.Caching.NUnit.Shared\XLabs.Caching.NUnit.Shared.projitems*{b11ccee6-53a6-4a79-9d15-6c9bf56662be}*SharedItemsImports = 13
	EndGlobalSection
	GlobalSection(SolutionConfigurationPlatforms) = preSolution
		Ad-Hoc|Any CPU = Ad-Hoc|Any CPU
		Ad-Hoc|ARM = Ad-Hoc|ARM
		Ad-Hoc|iPhone = Ad-Hoc|iPhone
		Ad-Hoc|iPhoneSimulator = Ad-Hoc|iPhoneSimulator
		Ad-Hoc|x64 = Ad-Hoc|x64
		Ad-Hoc|x86 = Ad-Hoc|x86
		AppStore|Any CPU = AppStore|Any CPU
		AppStore|ARM = AppStore|ARM
		AppStore|iPhone = AppStore|iPhone
		AppStore|iPhoneSimulator = AppStore|iPhoneSimulator
		AppStore|x64 = AppStore|x64
		AppStore|x86 = AppStore|x86
		Debug|Any CPU = Debug|Any CPU
		Debug|ARM = Debug|ARM
		Debug|iPhone = Debug|iPhone
		Debug|iPhoneSimulator = Debug|iPhoneSimulator
		Debug|x64 = Debug|x64
		Debug|x86 = Debug|x86
		Release|Any CPU = Release|Any CPU
		Release|ARM = Release|ARM
		Release|iPhone = Release|iPhone
		Release|iPhoneSimulator = Release|iPhoneSimulator
		Release|x64 = Release|x64
		Release|x86 = Release|x86
	EndGlobalSection
	GlobalSection(ProjectConfigurationPlatforms) = postSolution
		{DA63BB22-3A83-4BDD-AC19-00904877F4FA}.Ad-Hoc|Any CPU.ActiveCfg = Release|Any CPU
		{DA63BB22-3A83-4BDD-AC19-00904877F4FA}.Ad-Hoc|Any CPU.Build.0 = Release|Any CPU
		{DA63BB22-3A83-4BDD-AC19-00904877F4FA}.Ad-Hoc|ARM.ActiveCfg = Release|Any CPU
		{DA63BB22-3A83-4BDD-AC19-00904877F4FA}.Ad-Hoc|ARM.Build.0 = Release|Any CPU
		{DA63BB22-3A83-4BDD-AC19-00904877F4FA}.Ad-Hoc|iPhone.ActiveCfg = Release|Any CPU
		{DA63BB22-3A83-4BDD-AC19-00904877F4FA}.Ad-Hoc|iPhone.Build.0 = Release|Any CPU
		{DA63BB22-3A83-4BDD-AC19-00904877F4FA}.Ad-Hoc|iPhoneSimulator.ActiveCfg = Release|Any CPU
		{DA63BB22-3A83-4BDD-AC19-00904877F4FA}.Ad-Hoc|iPhoneSimulator.Build.0 = Release|Any CPU
		{DA63BB22-3A83-4BDD-AC19-00904877F4FA}.Ad-Hoc|x64.ActiveCfg = Release|Any CPU
		{DA63BB22-3A83-4BDD-AC19-00904877F4FA}.Ad-Hoc|x64.Build.0 = Release|Any CPU
		{DA63BB22-3A83-4BDD-AC19-00904877F4FA}.Ad-Hoc|x86.ActiveCfg = Release|Any CPU
		{DA63BB22-3A83-4BDD-AC19-00904877F4FA}.Ad-Hoc|x86.Build.0 = Release|Any CPU
		{DA63BB22-3A83-4BDD-AC19-00904877F4FA}.AppStore|Any CPU.ActiveCfg = Release|Any CPU
		{DA63BB22-3A83-4BDD-AC19-00904877F4FA}.AppStore|Any CPU.Build.0 = Release|Any CPU
		{DA63BB22-3A83-4BDD-AC19-00904877F4FA}.AppStore|ARM.ActiveCfg = Release|Any CPU
		{DA63BB22-3A83-4BDD-AC19-00904877F4FA}.AppStore|ARM.Build.0 = Release|Any CPU
		{DA63BB22-3A83-4BDD-AC19-00904877F4FA}.AppStore|iPhone.ActiveCfg = Release|Any CPU
		{DA63BB22-3A83-4BDD-AC19-00904877F4FA}.AppStore|iPhone.Build.0 = Release|Any CPU
		{DA63BB22-3A83-4BDD-AC19-00904877F4FA}.AppStore|iPhoneSimulator.ActiveCfg = Release|Any CPU
		{DA63BB22-3A83-4BDD-AC19-00904877F4FA}.AppStore|iPhoneSimulator.Build.0 = Release|Any CPU
		{DA63BB22-3A83-4BDD-AC19-00904877F4FA}.AppStore|x64.ActiveCfg = Release|Any CPU
		{DA63BB22-3A83-4BDD-AC19-00904877F4FA}.AppStore|x64.Build.0 = Release|Any CPU
		{DA63BB22-3A83-4BDD-AC19-00904877F4FA}.AppStore|x86.ActiveCfg = Release|Any CPU
		{DA63BB22-3A83-4BDD-AC19-00904877F4FA}.AppStore|x86.Build.0 = Release|Any CPU
		{DA63BB22-3A83-4BDD-AC19-00904877F4FA}.Debug|Any CPU.ActiveCfg = Debug|Any CPU
		{DA63BB22-3A83-4BDD-AC19-00904877F4FA}.Debug|Any CPU.Build.0 = Debug|Any CPU
		{DA63BB22-3A83-4BDD-AC19-00904877F4FA}.Debug|ARM.ActiveCfg = Debug|Any CPU
		{DA63BB22-3A83-4BDD-AC19-00904877F4FA}.Debug|ARM.Build.0 = Debug|Any CPU
		{DA63BB22-3A83-4BDD-AC19-00904877F4FA}.Debug|iPhone.ActiveCfg = Debug|Any CPU
		{DA63BB22-3A83-4BDD-AC19-00904877F4FA}.Debug|iPhone.Build.0 = Debug|Any CPU
		{DA63BB22-3A83-4BDD-AC19-00904877F4FA}.Debug|iPhoneSimulator.ActiveCfg = Debug|Any CPU
		{DA63BB22-3A83-4BDD-AC19-00904877F4FA}.Debug|iPhoneSimulator.Build.0 = Debug|Any CPU
		{DA63BB22-3A83-4BDD-AC19-00904877F4FA}.Debug|x64.ActiveCfg = Debug|Any CPU
		{DA63BB22-3A83-4BDD-AC19-00904877F4FA}.Debug|x64.Build.0 = Debug|Any CPU
		{DA63BB22-3A83-4BDD-AC19-00904877F4FA}.Debug|x86.ActiveCfg = Debug|Any CPU
		{DA63BB22-3A83-4BDD-AC19-00904877F4FA}.Debug|x86.Build.0 = Debug|Any CPU
		{DA63BB22-3A83-4BDD-AC19-00904877F4FA}.Release|Any CPU.ActiveCfg = Release|Any CPU
		{DA63BB22-3A83-4BDD-AC19-00904877F4FA}.Release|Any CPU.Build.0 = Release|Any CPU
		{DA63BB22-3A83-4BDD-AC19-00904877F4FA}.Release|ARM.ActiveCfg = Release|Any CPU
		{DA63BB22-3A83-4BDD-AC19-00904877F4FA}.Release|ARM.Build.0 = Release|Any CPU
		{DA63BB22-3A83-4BDD-AC19-00904877F4FA}.Release|iPhone.ActiveCfg = Release|Any CPU
		{DA63BB22-3A83-4BDD-AC19-00904877F4FA}.Release|iPhone.Build.0 = Release|Any CPU
		{DA63BB22-3A83-4BDD-AC19-00904877F4FA}.Release|iPhoneSimulator.ActiveCfg = Release|Any CPU
		{DA63BB22-3A83-4BDD-AC19-00904877F4FA}.Release|iPhoneSimulator.Build.0 = Release|Any CPU
		{DA63BB22-3A83-4BDD-AC19-00904877F4FA}.Release|x64.ActiveCfg = Release|Any CPU
		{DA63BB22-3A83-4BDD-AC19-00904877F4FA}.Release|x64.Build.0 = Release|Any CPU
		{DA63BB22-3A83-4BDD-AC19-00904877F4FA}.Release|x86.ActiveCfg = Release|Any CPU
		{DA63BB22-3A83-4BDD-AC19-00904877F4FA}.Release|x86.Build.0 = Release|Any CPU
		{2FFB70C3-2887-45FD-9C84-494200E0F3F2}.Ad-Hoc|Any CPU.ActiveCfg = Release|Any CPU
		{2FFB70C3-2887-45FD-9C84-494200E0F3F2}.Ad-Hoc|Any CPU.Build.0 = Release|Any CPU
		{2FFB70C3-2887-45FD-9C84-494200E0F3F2}.Ad-Hoc|ARM.ActiveCfg = Release|Any CPU
		{2FFB70C3-2887-45FD-9C84-494200E0F3F2}.Ad-Hoc|ARM.Build.0 = Release|Any CPU
		{2FFB70C3-2887-45FD-9C84-494200E0F3F2}.Ad-Hoc|iPhone.ActiveCfg = Release|Any CPU
		{2FFB70C3-2887-45FD-9C84-494200E0F3F2}.Ad-Hoc|iPhone.Build.0 = Release|Any CPU
		{2FFB70C3-2887-45FD-9C84-494200E0F3F2}.Ad-Hoc|iPhoneSimulator.ActiveCfg = Release|Any CPU
		{2FFB70C3-2887-45FD-9C84-494200E0F3F2}.Ad-Hoc|iPhoneSimulator.Build.0 = Release|Any CPU
		{2FFB70C3-2887-45FD-9C84-494200E0F3F2}.Ad-Hoc|x64.ActiveCfg = Release|Any CPU
		{2FFB70C3-2887-45FD-9C84-494200E0F3F2}.Ad-Hoc|x64.Build.0 = Release|Any CPU
		{2FFB70C3-2887-45FD-9C84-494200E0F3F2}.Ad-Hoc|x86.ActiveCfg = Release|Any CPU
		{2FFB70C3-2887-45FD-9C84-494200E0F3F2}.Ad-Hoc|x86.Build.0 = Release|Any CPU
		{2FFB70C3-2887-45FD-9C84-494200E0F3F2}.AppStore|Any CPU.ActiveCfg = Release|Any CPU
		{2FFB70C3-2887-45FD-9C84-494200E0F3F2}.AppStore|Any CPU.Build.0 = Release|Any CPU
		{2FFB70C3-2887-45FD-9C84-494200E0F3F2}.AppStore|ARM.ActiveCfg = Release|Any CPU
		{2FFB70C3-2887-45FD-9C84-494200E0F3F2}.AppStore|ARM.Build.0 = Release|Any CPU
		{2FFB70C3-2887-45FD-9C84-494200E0F3F2}.AppStore|iPhone.ActiveCfg = Release|Any CPU
		{2FFB70C3-2887-45FD-9C84-494200E0F3F2}.AppStore|iPhone.Build.0 = Release|Any CPU
		{2FFB70C3-2887-45FD-9C84-494200E0F3F2}.AppStore|iPhoneSimulator.ActiveCfg = Release|Any CPU
		{2FFB70C3-2887-45FD-9C84-494200E0F3F2}.AppStore|iPhoneSimulator.Build.0 = Release|Any CPU
		{2FFB70C3-2887-45FD-9C84-494200E0F3F2}.AppStore|x64.ActiveCfg = Release|Any CPU
		{2FFB70C3-2887-45FD-9C84-494200E0F3F2}.AppStore|x64.Build.0 = Release|Any CPU
		{2FFB70C3-2887-45FD-9C84-494200E0F3F2}.AppStore|x86.ActiveCfg = Release|Any CPU
		{2FFB70C3-2887-45FD-9C84-494200E0F3F2}.AppStore|x86.Build.0 = Release|Any CPU
		{2FFB70C3-2887-45FD-9C84-494200E0F3F2}.Debug|Any CPU.ActiveCfg = Debug|Any CPU
		{2FFB70C3-2887-45FD-9C84-494200E0F3F2}.Debug|Any CPU.Build.0 = Debug|Any CPU
		{2FFB70C3-2887-45FD-9C84-494200E0F3F2}.Debug|ARM.ActiveCfg = Debug|Any CPU
		{2FFB70C3-2887-45FD-9C84-494200E0F3F2}.Debug|ARM.Build.0 = Debug|Any CPU
		{2FFB70C3-2887-45FD-9C84-494200E0F3F2}.Debug|iPhone.ActiveCfg = Debug|Any CPU
		{2FFB70C3-2887-45FD-9C84-494200E0F3F2}.Debug|iPhone.Build.0 = Debug|Any CPU
		{2FFB70C3-2887-45FD-9C84-494200E0F3F2}.Debug|iPhoneSimulator.ActiveCfg = Debug|Any CPU
		{2FFB70C3-2887-45FD-9C84-494200E0F3F2}.Debug|iPhoneSimulator.Build.0 = Debug|Any CPU
		{2FFB70C3-2887-45FD-9C84-494200E0F3F2}.Debug|x64.ActiveCfg = Debug|Any CPU
		{2FFB70C3-2887-45FD-9C84-494200E0F3F2}.Debug|x64.Build.0 = Debug|Any CPU
		{2FFB70C3-2887-45FD-9C84-494200E0F3F2}.Debug|x86.ActiveCfg = Debug|Any CPU
		{2FFB70C3-2887-45FD-9C84-494200E0F3F2}.Debug|x86.Build.0 = Debug|Any CPU
		{2FFB70C3-2887-45FD-9C84-494200E0F3F2}.Release|Any CPU.ActiveCfg = Release|Any CPU
		{2FFB70C3-2887-45FD-9C84-494200E0F3F2}.Release|Any CPU.Build.0 = Release|Any CPU
		{2FFB70C3-2887-45FD-9C84-494200E0F3F2}.Release|ARM.ActiveCfg = Release|Any CPU
		{2FFB70C3-2887-45FD-9C84-494200E0F3F2}.Release|ARM.Build.0 = Release|Any CPU
		{2FFB70C3-2887-45FD-9C84-494200E0F3F2}.Release|iPhone.ActiveCfg = Release|Any CPU
		{2FFB70C3-2887-45FD-9C84-494200E0F3F2}.Release|iPhone.Build.0 = Release|Any CPU
		{2FFB70C3-2887-45FD-9C84-494200E0F3F2}.Release|iPhoneSimulator.ActiveCfg = Release|Any CPU
		{2FFB70C3-2887-45FD-9C84-494200E0F3F2}.Release|iPhoneSimulator.Build.0 = Release|Any CPU
		{2FFB70C3-2887-45FD-9C84-494200E0F3F2}.Release|x64.ActiveCfg = Release|Any CPU
		{2FFB70C3-2887-45FD-9C84-494200E0F3F2}.Release|x64.Build.0 = Release|Any CPU
		{2FFB70C3-2887-45FD-9C84-494200E0F3F2}.Release|x86.ActiveCfg = Release|Any CPU
		{2FFB70C3-2887-45FD-9C84-494200E0F3F2}.Release|x86.Build.0 = Release|Any CPU
		{B42F3CE5-DC7C-4EF0-8712-ED810CEFDA11}.Ad-Hoc|Any CPU.ActiveCfg = Release|Any CPU
		{B42F3CE5-DC7C-4EF0-8712-ED810CEFDA11}.Ad-Hoc|Any CPU.Build.0 = Release|Any CPU
		{B42F3CE5-DC7C-4EF0-8712-ED810CEFDA11}.Ad-Hoc|ARM.ActiveCfg = Release|Any CPU
		{B42F3CE5-DC7C-4EF0-8712-ED810CEFDA11}.Ad-Hoc|ARM.Build.0 = Release|Any CPU
		{B42F3CE5-DC7C-4EF0-8712-ED810CEFDA11}.Ad-Hoc|iPhone.ActiveCfg = Release|Any CPU
		{B42F3CE5-DC7C-4EF0-8712-ED810CEFDA11}.Ad-Hoc|iPhone.Build.0 = Release|Any CPU
		{B42F3CE5-DC7C-4EF0-8712-ED810CEFDA11}.Ad-Hoc|iPhoneSimulator.ActiveCfg = Release|Any CPU
		{B42F3CE5-DC7C-4EF0-8712-ED810CEFDA11}.Ad-Hoc|iPhoneSimulator.Build.0 = Release|Any CPU
		{B42F3CE5-DC7C-4EF0-8712-ED810CEFDA11}.Ad-Hoc|x64.ActiveCfg = Release|Any CPU
		{B42F3CE5-DC7C-4EF0-8712-ED810CEFDA11}.Ad-Hoc|x64.Build.0 = Release|Any CPU
		{B42F3CE5-DC7C-4EF0-8712-ED810CEFDA11}.Ad-Hoc|x86.ActiveCfg = Release|Any CPU
		{B42F3CE5-DC7C-4EF0-8712-ED810CEFDA11}.Ad-Hoc|x86.Build.0 = Release|Any CPU
		{B42F3CE5-DC7C-4EF0-8712-ED810CEFDA11}.AppStore|Any CPU.ActiveCfg = Release|Any CPU
		{B42F3CE5-DC7C-4EF0-8712-ED810CEFDA11}.AppStore|Any CPU.Build.0 = Release|Any CPU
		{B42F3CE5-DC7C-4EF0-8712-ED810CEFDA11}.AppStore|ARM.ActiveCfg = Release|Any CPU
		{B42F3CE5-DC7C-4EF0-8712-ED810CEFDA11}.AppStore|ARM.Build.0 = Release|Any CPU
		{B42F3CE5-DC7C-4EF0-8712-ED810CEFDA11}.AppStore|iPhone.ActiveCfg = Release|Any CPU
		{B42F3CE5-DC7C-4EF0-8712-ED810CEFDA11}.AppStore|iPhone.Build.0 = Release|Any CPU
		{B42F3CE5-DC7C-4EF0-8712-ED810CEFDA11}.AppStore|iPhoneSimulator.ActiveCfg = Release|Any CPU
		{B42F3CE5-DC7C-4EF0-8712-ED810CEFDA11}.AppStore|iPhoneSimulator.Build.0 = Release|Any CPU
		{B42F3CE5-DC7C-4EF0-8712-ED810CEFDA11}.AppStore|x64.ActiveCfg = Release|Any CPU
		{B42F3CE5-DC7C-4EF0-8712-ED810CEFDA11}.AppStore|x64.Build.0 = Release|Any CPU
		{B42F3CE5-DC7C-4EF0-8712-ED810CEFDA11}.AppStore|x86.ActiveCfg = Release|Any CPU
		{B42F3CE5-DC7C-4EF0-8712-ED810CEFDA11}.AppStore|x86.Build.0 = Release|Any CPU
		{B42F3CE5-DC7C-4EF0-8712-ED810CEFDA11}.Debug|Any CPU.ActiveCfg = Debug|Any CPU
		{B42F3CE5-DC7C-4EF0-8712-ED810CEFDA11}.Debug|Any CPU.Build.0 = Debug|Any CPU
		{B42F3CE5-DC7C-4EF0-8712-ED810CEFDA11}.Debug|ARM.ActiveCfg = Debug|Any CPU
		{B42F3CE5-DC7C-4EF0-8712-ED810CEFDA11}.Debug|ARM.Build.0 = Debug|Any CPU
		{B42F3CE5-DC7C-4EF0-8712-ED810CEFDA11}.Debug|iPhone.ActiveCfg = Debug|Any CPU
		{B42F3CE5-DC7C-4EF0-8712-ED810CEFDA11}.Debug|iPhone.Build.0 = Debug|Any CPU
		{B42F3CE5-DC7C-4EF0-8712-ED810CEFDA11}.Debug|iPhoneSimulator.ActiveCfg = Debug|Any CPU
		{B42F3CE5-DC7C-4EF0-8712-ED810CEFDA11}.Debug|iPhoneSimulator.Build.0 = Debug|Any CPU
		{B42F3CE5-DC7C-4EF0-8712-ED810CEFDA11}.Debug|x64.ActiveCfg = Debug|Any CPU
		{B42F3CE5-DC7C-4EF0-8712-ED810CEFDA11}.Debug|x64.Build.0 = Debug|Any CPU
		{B42F3CE5-DC7C-4EF0-8712-ED810CEFDA11}.Debug|x86.ActiveCfg = Debug|Any CPU
		{B42F3CE5-DC7C-4EF0-8712-ED810CEFDA11}.Debug|x86.Build.0 = Debug|Any CPU
		{B42F3CE5-DC7C-4EF0-8712-ED810CEFDA11}.Release|Any CPU.ActiveCfg = Release|Any CPU
		{B42F3CE5-DC7C-4EF0-8712-ED810CEFDA11}.Release|Any CPU.Build.0 = Release|Any CPU
		{B42F3CE5-DC7C-4EF0-8712-ED810CEFDA11}.Release|ARM.ActiveCfg = Release|Any CPU
		{B42F3CE5-DC7C-4EF0-8712-ED810CEFDA11}.Release|ARM.Build.0 = Release|Any CPU
		{B42F3CE5-DC7C-4EF0-8712-ED810CEFDA11}.Release|iPhone.ActiveCfg = Release|Any CPU
		{B42F3CE5-DC7C-4EF0-8712-ED810CEFDA11}.Release|iPhone.Build.0 = Release|Any CPU
		{B42F3CE5-DC7C-4EF0-8712-ED810CEFDA11}.Release|iPhoneSimulator.ActiveCfg = Release|Any CPU
		{B42F3CE5-DC7C-4EF0-8712-ED810CEFDA11}.Release|iPhoneSimulator.Build.0 = Release|Any CPU
		{B42F3CE5-DC7C-4EF0-8712-ED810CEFDA11}.Release|x64.ActiveCfg = Release|Any CPU
		{B42F3CE5-DC7C-4EF0-8712-ED810CEFDA11}.Release|x64.Build.0 = Release|Any CPU
		{B42F3CE5-DC7C-4EF0-8712-ED810CEFDA11}.Release|x86.ActiveCfg = Release|Any CPU
		{B42F3CE5-DC7C-4EF0-8712-ED810CEFDA11}.Release|x86.Build.0 = Release|Any CPU
		{8EDF4429-251A-416D-BB68-93F227191BCF}.Ad-Hoc|Any CPU.ActiveCfg = Release|Any CPU
		{8EDF4429-251A-416D-BB68-93F227191BCF}.Ad-Hoc|Any CPU.Build.0 = Release|Any CPU
		{8EDF4429-251A-416D-BB68-93F227191BCF}.Ad-Hoc|ARM.ActiveCfg = Release|Any CPU
		{8EDF4429-251A-416D-BB68-93F227191BCF}.Ad-Hoc|ARM.Build.0 = Release|Any CPU
		{8EDF4429-251A-416D-BB68-93F227191BCF}.Ad-Hoc|iPhone.ActiveCfg = Release|Any CPU
		{8EDF4429-251A-416D-BB68-93F227191BCF}.Ad-Hoc|iPhone.Build.0 = Release|Any CPU
		{8EDF4429-251A-416D-BB68-93F227191BCF}.Ad-Hoc|iPhoneSimulator.ActiveCfg = Release|Any CPU
		{8EDF4429-251A-416D-BB68-93F227191BCF}.Ad-Hoc|iPhoneSimulator.Build.0 = Release|Any CPU
		{8EDF4429-251A-416D-BB68-93F227191BCF}.Ad-Hoc|x64.ActiveCfg = Release|Any CPU
		{8EDF4429-251A-416D-BB68-93F227191BCF}.Ad-Hoc|x64.Build.0 = Release|Any CPU
		{8EDF4429-251A-416D-BB68-93F227191BCF}.Ad-Hoc|x86.ActiveCfg = Release|Any CPU
		{8EDF4429-251A-416D-BB68-93F227191BCF}.Ad-Hoc|x86.Build.0 = Release|Any CPU
		{8EDF4429-251A-416D-BB68-93F227191BCF}.AppStore|Any CPU.ActiveCfg = Release|Any CPU
		{8EDF4429-251A-416D-BB68-93F227191BCF}.AppStore|Any CPU.Build.0 = Release|Any CPU
		{8EDF4429-251A-416D-BB68-93F227191BCF}.AppStore|ARM.ActiveCfg = Release|Any CPU
		{8EDF4429-251A-416D-BB68-93F227191BCF}.AppStore|ARM.Build.0 = Release|Any CPU
		{8EDF4429-251A-416D-BB68-93F227191BCF}.AppStore|iPhone.ActiveCfg = Release|Any CPU
		{8EDF4429-251A-416D-BB68-93F227191BCF}.AppStore|iPhone.Build.0 = Release|Any CPU
		{8EDF4429-251A-416D-BB68-93F227191BCF}.AppStore|iPhoneSimulator.ActiveCfg = Release|Any CPU
		{8EDF4429-251A-416D-BB68-93F227191BCF}.AppStore|iPhoneSimulator.Build.0 = Release|Any CPU
		{8EDF4429-251A-416D-BB68-93F227191BCF}.AppStore|x64.ActiveCfg = Release|Any CPU
		{8EDF4429-251A-416D-BB68-93F227191BCF}.AppStore|x64.Build.0 = Release|Any CPU
		{8EDF4429-251A-416D-BB68-93F227191BCF}.AppStore|x86.ActiveCfg = Release|Any CPU
		{8EDF4429-251A-416D-BB68-93F227191BCF}.AppStore|x86.Build.0 = Release|Any CPU
		{8EDF4429-251A-416D-BB68-93F227191BCF}.Debug|Any CPU.ActiveCfg = Debug|Any CPU
		{8EDF4429-251A-416D-BB68-93F227191BCF}.Debug|Any CPU.Build.0 = Debug|Any CPU
		{8EDF4429-251A-416D-BB68-93F227191BCF}.Debug|ARM.ActiveCfg = Debug|Any CPU
		{8EDF4429-251A-416D-BB68-93F227191BCF}.Debug|ARM.Build.0 = Debug|Any CPU
		{8EDF4429-251A-416D-BB68-93F227191BCF}.Debug|iPhone.ActiveCfg = Debug|Any CPU
		{8EDF4429-251A-416D-BB68-93F227191BCF}.Debug|iPhone.Build.0 = Debug|Any CPU
		{8EDF4429-251A-416D-BB68-93F227191BCF}.Debug|iPhoneSimulator.ActiveCfg = Debug|Any CPU
		{8EDF4429-251A-416D-BB68-93F227191BCF}.Debug|iPhoneSimulator.Build.0 = Debug|Any CPU
		{8EDF4429-251A-416D-BB68-93F227191BCF}.Debug|x64.ActiveCfg = Debug|Any CPU
		{8EDF4429-251A-416D-BB68-93F227191BCF}.Debug|x64.Build.0 = Debug|Any CPU
		{8EDF4429-251A-416D-BB68-93F227191BCF}.Debug|x86.ActiveCfg = Debug|Any CPU
		{8EDF4429-251A-416D-BB68-93F227191BCF}.Debug|x86.Build.0 = Debug|Any CPU
		{8EDF4429-251A-416D-BB68-93F227191BCF}.Release|Any CPU.ActiveCfg = Release|Any CPU
		{8EDF4429-251A-416D-BB68-93F227191BCF}.Release|Any CPU.Build.0 = Release|Any CPU
		{8EDF4429-251A-416D-BB68-93F227191BCF}.Release|ARM.ActiveCfg = Release|Any CPU
		{8EDF4429-251A-416D-BB68-93F227191BCF}.Release|ARM.Build.0 = Release|Any CPU
		{8EDF4429-251A-416D-BB68-93F227191BCF}.Release|iPhone.ActiveCfg = Release|Any CPU
		{8EDF4429-251A-416D-BB68-93F227191BCF}.Release|iPhone.Build.0 = Release|Any CPU
		{8EDF4429-251A-416D-BB68-93F227191BCF}.Release|iPhoneSimulator.ActiveCfg = Release|Any CPU
		{8EDF4429-251A-416D-BB68-93F227191BCF}.Release|iPhoneSimulator.Build.0 = Release|Any CPU
		{8EDF4429-251A-416D-BB68-93F227191BCF}.Release|x64.ActiveCfg = Release|Any CPU
		{8EDF4429-251A-416D-BB68-93F227191BCF}.Release|x64.Build.0 = Release|Any CPU
		{8EDF4429-251A-416D-BB68-93F227191BCF}.Release|x86.ActiveCfg = Release|Any CPU
		{8EDF4429-251A-416D-BB68-93F227191BCF}.Release|x86.Build.0 = Release|Any CPU
	EndGlobalSection
	GlobalSection(SolutionProperties) = preSolution
		HideSolutionNode = FALSE
	EndGlobalSection
	GlobalSection(NestedProjects) = preSolution
		{B7ED082B-3B2E-4F0A-98BF-75F957BAEC78} = {8507F10B-CF78-4193-BC5B-C602837092B3}
		{DA63BB22-3A83-4BDD-AC19-00904877F4FA} = {B7ED082B-3B2E-4F0A-98BF-75F957BAEC78}
		{2FFB70C3-2887-45FD-9C84-494200E0F3F2} = {B7ED082B-3B2E-4F0A-98BF-75F957BAEC78}
		{B42F3CE5-DC7C-4EF0-8712-ED810CEFDA11} = {B7ED082B-3B2E-4F0A-98BF-75F957BAEC78}
		{C5179ECB-0645-43D5-BB27-9E9F7884E0ED} = {790680FE-FE91-45C1-8A35-21C37A7D2C71}
		{B11CCEE6-53A6-4A79-9D15-6C9BF56662BE} = {C5179ECB-0645-43D5-BB27-9E9F7884E0ED}
		{9F188472-6997-46E2-93CE-B7618306BA56} = {C5179ECB-0645-43D5-BB27-9E9F7884E0ED}
		{8EDF4429-251A-416D-BB68-93F227191BCF} = {C5179ECB-0645-43D5-BB27-9E9F7884E0ED}
	EndGlobalSection
EndGlobal
