
Microsoft Visual Studio Solution File, Format Version 12.00
# Visual Studio 14
VisualStudioVersion = 14.0.25420.1
MinimumVisualStudioVersion = 10.0.40219.1
Project("{2150E333-8FDC-42A3-9474-1A3956D46DE8}") = ".nuspec", ".nuspec", "{7C2AC26D-FFB8-4CF1-B189-1955A747B770}"
	ProjectSection(SolutionItems) = preProject
		..\nuspec\XLabs.Caching.Net45.nuspec = ..\nuspec\XLabs.Caching.Net45.nuspec
		..\nuspec\XLabs.Caching.nuspec = ..\nuspec\XLabs.Caching.nuspec
		..\nuspec\XLabs.Caching.SQLite.nuspec = ..\nuspec\XLabs.Caching.SQLite.nuspec
		..\nuspec\XLabs.Core.nuspec = ..\nuspec\XLabs.Core.nuspec
		..\nuspec\XLabs.Cryptography.nuspec = ..\nuspec\XLabs.Cryptography.nuspec
		..\nuspec\XLabs.Forms.Charting.nuspec = ..\nuspec\XLabs.Forms.Charting.nuspec
		..\nuspec\XLabs.Forms.nuspec = ..\nuspec\XLabs.Forms.nuspec
		..\nuspec\XLabs.IoC.Autofac.nuspec = ..\nuspec\XLabs.IoC.Autofac.nuspec
		..\nuspec\XLabs.IoC.Ninject.nuspec = ..\nuspec\XLabs.IoC.Ninject.nuspec
		..\nuspec\XLabs.IoC.nuspec = ..\nuspec\XLabs.IoC.nuspec
		..\nuspec\XLabs.IoC.SimpleInjector.nuspec = ..\nuspec\XLabs.IoC.SimpleInjector.nuspec
		..\nuspec\XLabs.IoC.TinyIOC.nuspec = ..\nuspec\XLabs.IoC.TinyIOC.nuspec
		..\nuspec\XLabs.IoC.Unity.nuspec = ..\nuspec\XLabs.IoC.Unity.nuspec
		..\nuspec\XLabs.Platform.nuspec = ..\nuspec\XLabs.Platform.nuspec
		..\nuspec\XLabs.Serialization.ASPNet.nuspec = ..\nuspec\XLabs.Serialization.ASPNet.nuspec
		..\nuspec\XLabs.Serialization.JSON.nuspec = ..\nuspec\XLabs.Serialization.JSON.nuspec
		..\nuspec\XLabs.Serialization.Net45.nuspec = ..\nuspec\XLabs.Serialization.Net45.nuspec
		..\nuspec\XLabs.Serialization.nuspec = ..\nuspec\XLabs.Serialization.nuspec
		..\nuspec\XLabs.Serialization.ProtoBuf.nuspec = ..\nuspec\XLabs.Serialization.ProtoBuf.nuspec
		..\nuspec\XLabs.Serialization.ServiceStackV3.nuspec = ..\nuspec\XLabs.Serialization.ServiceStackV3.nuspec
		..\nuspec\XLabs.Settings.nuspec = ..\nuspec\XLabs.Settings.nuspec
		..\nuspec\XLabs.Settings.XamSettings.nuspec = ..\nuspec\XLabs.Settings.XamSettings.nuspec
		..\nuspec\XLabs.Web.nuspec = ..\nuspec\XLabs.Web.nuspec
	EndProjectSection
EndProject
Project("{2150E333-8FDC-42A3-9474-1A3956D46DE8}") = "source", "source", "{8507F10B-CF78-4193-BC5B-C602837092B3}"
EndProject
Project("{2150E333-8FDC-42A3-9474-1A3956D46DE8}") = "unit tests", "unit tests", "{790680FE-FE91-45C1-8A35-21C37A7D2C71}"
EndProject
Project("{2150E333-8FDC-42A3-9474-1A3956D46DE8}") = "Platform", "Platform", "{96C33EFF-EAE7-49A4-AE5D-30321AC268D3}"
EndProject
Project("{FAE04EC0-301F-11D3-BF4B-00C04F79EFBC}") = "XLabs.Platform", "Platform\XLabs.Platform\XLabs.Platform.csproj", "{7B43B9F5-7C88-42F1-B217-34A24AE925D0}"
EndProject
Project("{FAE04EC0-301F-11D3-BF4B-00C04F79EFBC}") = "XLabs.Platform.Droid", "Platform\XLabs.Platform.Droid\XLabs.Platform.Droid.csproj", "{0E2E8AEC-8DC9-4C9D-8680-903805F92FD4}"
EndProject
Project("{FAE04EC0-301F-11D3-BF4B-00C04F79EFBC}") = "XLabs.Platform.iOS", "Platform\XLabs.Platform.iOS\XLabs.Platform.iOS.csproj", "{BBB5402C-92F6-4E2D-BD9F-5CA6EB79CF27}"
EndProject
Project("{D954291E-2A0B-460D-934E-DC6B0785DB48}") = "XLabs.Platform.Shared", "Platform\XLabs.Platform.Shared\XLabs.Platform.Shared.shproj", "{FC8DC19A-0ABA-4922-9719-2DEBB20397F6}"
EndProject
Project("{FAE04EC0-301F-11D3-BF4B-00C04F79EFBC}") = "XLabs.Platform.UWP", "Platform\XLabs.Platform.UWP\XLabs.Platform.UWP.csproj", "{EC8490D9-54F3-496A-8DC3-759D9EC53B74}"
EndProject
Project("{FAE04EC0-301F-11D3-BF4B-00C04F79EFBC}") = "XLabs.Platform.WinRT", "Platform\XLabs.Platform.WinRT\XLabs.Platform.WinRT.csproj", "{9E294088-90DD-4339-ABA5-3BFB5078084D}"
EndProject
Project("{FAE04EC0-301F-11D3-BF4B-00C04F79EFBC}") = "XLabs.Platform.WinRT.Phone", "Platform\XLabs.Platform.WinRT.Phone\XLabs.Platform.WinRT.Phone.csproj", "{02095C26-2120-46EA-88B5-5014445A31FF}"
EndProject
Project("{D954291E-2A0B-460D-934E-DC6B0785DB48}") = "XLabs.Platform.WinRT.Shared", "Platform\XLabs.Platform.WinRT.Shared\XLabs.Platform.WinRT.Shared.shproj", "{A44C2D82-3337-4AF1-85CA-4DA8A7B885FC}"
EndProject
Project("{2150E333-8FDC-42A3-9474-1A3956D46DE8}") = "Platform", "Platform", "{5436B113-AF23-4EE2-A2C8-20215BFD6537}"
EndProject
Project("{D954291E-2A0B-460D-934E-DC6B0785DB48}") = "XLabs.Platform.NUnit.Shared", "..\tests\Platform\XLabs.Platform.NUnit.Shared\XLabs.Platform.NUnit.Shared.shproj", "{256A41E1-22B6-4B0C-B502-3DAC5FAB43E5}"
EndProject
Project("{2150E333-8FDC-42A3-9474-1A3956D46DE8}") = ".nuget", ".nuget", "{92DE34DB-420B-4B18-B60C-9BCFACD3CDFC}"
	ProjectSection(SolutionItems) = preProject
		..\.nuget\NuGet.Config = ..\.nuget\NuGet.Config
		..\.nuget\NuGet.exe = ..\.nuget\NuGet.exe
		..\.nuget\NuGet.targets = ..\.nuget\NuGet.targets
	EndProjectSection
EndProject
Project("{2150E333-8FDC-42A3-9474-1A3956D46DE8}") = ".misc", ".misc", "{475F5D19-903E-4801-8FA2-FD33BBB4C69A}"
	ProjectSection(SolutionItems) = preProject
		..\settings.Platform.json = ..\settings.Platform.json
		..\version.Platform.json = ..\version.Platform.json
	EndProjectSection
EndProject
Project("{FAE04EC0-301F-11D3-BF4B-00C04F79EFBC}") = "XLabs.Platform.NUnit", "..\tests\Platform\XLabs.Platform.NUnit\XLabs.Platform.NUnit.csproj", "{15214CBE-4AAF-4F29-8026-AE557445ABD5}"
EndProject
Global
	GlobalSection(SharedMSBuildProjectFiles) = preSolution
		Platform\XLabs.Platform.Shared\XLabs.Platform.Shared.projitems*{02095c26-2120-46ea-88b5-5014445a31ff}*SharedItemsImports = 4
		Platform\XLabs.Platform.WinRT.Shared\XLabs.Platform.WinRT.Shared.projitems*{02095c26-2120-46ea-88b5-5014445a31ff}*SharedItemsImports = 4
		Platform\XLabs.Platform.Shared\XLabs.Platform.Shared.projitems*{0e2e8aec-8dc9-4c9d-8680-903805f92fd4}*SharedItemsImports = 4
		..\tests\Platform\XLabs.Platform.NUnit.Shared\XLabs.Platform.NUnit.Shared.projitems*{15214cbe-4aaf-4f29-8026-ae557445abd5}*SharedItemsImports = 4
		..\tests\Platform\XLabs.Platform.NUnit.Shared\XLabs.Platform.NUnit.Shared.projitems*{256a41e1-22b6-4b0c-b502-3dac5fab43e5}*SharedItemsImports = 13
		Platform\XLabs.Platform.Shared\XLabs.Platform.Shared.projitems*{9e294088-90dd-4339-aba5-3bfb5078084d}*SharedItemsImports = 4
		Platform\XLabs.Platform.WinRT.Shared\XLabs.Platform.WinRT.Shared.projitems*{9e294088-90dd-4339-aba5-3bfb5078084d}*SharedItemsImports = 4
		Platform\XLabs.Platform.WinRT.Shared\XLabs.Platform.WinRT.Shared.projitems*{a44c2d82-3337-4af1-85ca-4da8a7b885fc}*SharedItemsImports = 13
		Platform\XLabs.Platform.Shared\XLabs.Platform.Shared.projitems*{bbb5402c-92f6-4e2d-bd9f-5ca6eb79cf27}*SharedItemsImports = 4
		Platform\XLabs.Platform.Shared\XLabs.Platform.Shared.projitems*{ec8490d9-54f3-496a-8dc3-759d9ec53b74}*SharedItemsImports = 4
		Platform\XLabs.Platform.WinRT.Shared\XLabs.Platform.WinRT.Shared.projitems*{ec8490d9-54f3-496a-8dc3-759d9ec53b74}*SharedItemsImports = 4
		Platform\XLabs.Platform.Shared\XLabs.Platform.Shared.projitems*{fc8dc19a-0aba-4922-9719-2debb20397f6}*SharedItemsImports = 13
	EndGlobalSection
	GlobalSection(SolutionConfigurationPlatforms) = preSolution
		Ad-Hoc|Any CPU = Ad-Hoc|Any CPU
		Ad-Hoc|ARM = Ad-Hoc|ARM
		Ad-Hoc|iPhone = Ad-Hoc|iPhone
		Ad-Hoc|iPhoneSimulator = Ad-Hoc|iPhoneSimulator
		Ad-Hoc|x64 = Ad-Hoc|x64
		Ad-Hoc|x86 = Ad-Hoc|x86
		AppStore|Any CPU = AppStore|Any CPU
		AppStore|ARM = AppStore|ARM
		AppStore|iPhone = AppStore|iPhone
		AppStore|iPhoneSimulator = AppStore|iPhoneSimulator
		AppStore|x64 = AppStore|x64
		AppStore|x86 = AppStore|x86
		Debug|Any CPU = Debug|Any CPU
		Debug|ARM = Debug|ARM
		Debug|iPhone = Debug|iPhone
		Debug|iPhoneSimulator = Debug|iPhoneSimulator
		Debug|x64 = Debug|x64
		Debug|x86 = Debug|x86
		Release|Any CPU = Release|Any CPU
		Release|ARM = Release|ARM
		Release|iPhone = Release|iPhone
		Release|iPhoneSimulator = Release|iPhoneSimulator
		Release|x64 = Release|x64
		Release|x86 = Release|x86
	EndGlobalSection
	GlobalSection(ProjectConfigurationPlatforms) = postSolution
		{7B43B9F5-7C88-42F1-B217-34A24AE925D0}.Ad-Hoc|Any CPU.ActiveCfg = Release|Any CPU
		{7B43B9F5-7C88-42F1-B217-34A24AE925D0}.Ad-Hoc|Any CPU.Build.0 = Release|Any CPU
		{7B43B9F5-7C88-42F1-B217-34A24AE925D0}.Ad-Hoc|ARM.ActiveCfg = Release|Any CPU
		{7B43B9F5-7C88-42F1-B217-34A24AE925D0}.Ad-Hoc|ARM.Build.0 = Release|Any CPU
		{7B43B9F5-7C88-42F1-B217-34A24AE925D0}.Ad-Hoc|iPhone.ActiveCfg = Release|Any CPU
		{7B43B9F5-7C88-42F1-B217-34A24AE925D0}.Ad-Hoc|iPhone.Build.0 = Release|Any CPU
		{7B43B9F5-7C88-42F1-B217-34A24AE925D0}.Ad-Hoc|iPhoneSimulator.ActiveCfg = Release|Any CPU
		{7B43B9F5-7C88-42F1-B217-34A24AE925D0}.Ad-Hoc|iPhoneSimulator.Build.0 = Release|Any CPU
		{7B43B9F5-7C88-42F1-B217-34A24AE925D0}.Ad-Hoc|x64.ActiveCfg = Release|Any CPU
		{7B43B9F5-7C88-42F1-B217-34A24AE925D0}.Ad-Hoc|x64.Build.0 = Release|Any CPU
		{7B43B9F5-7C88-42F1-B217-34A24AE925D0}.Ad-Hoc|x86.ActiveCfg = Release|Any CPU
		{7B43B9F5-7C88-42F1-B217-34A24AE925D0}.Ad-Hoc|x86.Build.0 = Release|Any CPU
		{7B43B9F5-7C88-42F1-B217-34A24AE925D0}.AppStore|Any CPU.ActiveCfg = Release|Any CPU
		{7B43B9F5-7C88-42F1-B217-34A24AE925D0}.AppStore|Any CPU.Build.0 = Release|Any CPU
		{7B43B9F5-7C88-42F1-B217-34A24AE925D0}.AppStore|ARM.ActiveCfg = Release|Any CPU
		{7B43B9F5-7C88-42F1-B217-34A24AE925D0}.AppStore|ARM.Build.0 = Release|Any CPU
		{7B43B9F5-7C88-42F1-B217-34A24AE925D0}.AppStore|iPhone.ActiveCfg = Release|Any CPU
		{7B43B9F5-7C88-42F1-B217-34A24AE925D0}.AppStore|iPhone.Build.0 = Release|Any CPU
		{7B43B9F5-7C88-42F1-B217-34A24AE925D0}.AppStore|iPhoneSimulator.ActiveCfg = Release|Any CPU
		{7B43B9F5-7C88-42F1-B217-34A24AE925D0}.AppStore|iPhoneSimulator.Build.0 = Release|Any CPU
		{7B43B9F5-7C88-42F1-B217-34A24AE925D0}.AppStore|x64.ActiveCfg = Release|Any CPU
		{7B43B9F5-7C88-42F1-B217-34A24AE925D0}.AppStore|x64.Build.0 = Release|Any CPU
		{7B43B9F5-7C88-42F1-B217-34A24AE925D0}.AppStore|x86.ActiveCfg = Release|Any CPU
		{7B43B9F5-7C88-42F1-B217-34A24AE925D0}.AppStore|x86.Build.0 = Release|Any CPU
		{7B43B9F5-7C88-42F1-B217-34A24AE925D0}.Debug|Any CPU.ActiveCfg = Debug|Any CPU
		{7B43B9F5-7C88-42F1-B217-34A24AE925D0}.Debug|Any CPU.Build.0 = Debug|Any CPU
		{7B43B9F5-7C88-42F1-B217-34A24AE925D0}.Debug|ARM.ActiveCfg = Debug|Any CPU
		{7B43B9F5-7C88-42F1-B217-34A24AE925D0}.Debug|ARM.Build.0 = Debug|Any CPU
		{7B43B9F5-7C88-42F1-B217-34A24AE925D0}.Debug|iPhone.ActiveCfg = Debug|Any CPU
		{7B43B9F5-7C88-42F1-B217-34A24AE925D0}.Debug|iPhone.Build.0 = Debug|Any CPU
		{7B43B9F5-7C88-42F1-B217-34A24AE925D0}.Debug|iPhoneSimulator.ActiveCfg = Debug|Any CPU
		{7B43B9F5-7C88-42F1-B217-34A24AE925D0}.Debug|iPhoneSimulator.Build.0 = Debug|Any CPU
		{7B43B9F5-7C88-42F1-B217-34A24AE925D0}.Debug|x64.ActiveCfg = Debug|Any CPU
		{7B43B9F5-7C88-42F1-B217-34A24AE925D0}.Debug|x64.Build.0 = Debug|Any CPU
		{7B43B9F5-7C88-42F1-B217-34A24AE925D0}.Debug|x86.ActiveCfg = Debug|Any CPU
		{7B43B9F5-7C88-42F1-B217-34A24AE925D0}.Debug|x86.Build.0 = Debug|Any CPU
		{7B43B9F5-7C88-42F1-B217-34A24AE925D0}.Release|Any CPU.ActiveCfg = Release|Any CPU
		{7B43B9F5-7C88-42F1-B217-34A24AE925D0}.Release|Any CPU.Build.0 = Release|Any CPU
		{7B43B9F5-7C88-42F1-B217-34A24AE925D0}.Release|ARM.ActiveCfg = Release|Any CPU
		{7B43B9F5-7C88-42F1-B217-34A24AE925D0}.Release|ARM.Build.0 = Release|Any CPU
		{7B43B9F5-7C88-42F1-B217-34A24AE925D0}.Release|iPhone.ActiveCfg = Release|Any CPU
		{7B43B9F5-7C88-42F1-B217-34A24AE925D0}.Release|iPhone.Build.0 = Release|Any CPU
		{7B43B9F5-7C88-42F1-B217-34A24AE925D0}.Release|iPhoneSimulator.ActiveCfg = Release|Any CPU
		{7B43B9F5-7C88-42F1-B217-34A24AE925D0}.Release|iPhoneSimulator.Build.0 = Release|Any CPU
		{7B43B9F5-7C88-42F1-B217-34A24AE925D0}.Release|x64.ActiveCfg = Release|Any CPU
		{7B43B9F5-7C88-42F1-B217-34A24AE925D0}.Release|x64.Build.0 = Release|Any CPU
		{7B43B9F5-7C88-42F1-B217-34A24AE925D0}.Release|x86.ActiveCfg = Release|Any CPU
		{7B43B9F5-7C88-42F1-B217-34A24AE925D0}.Release|x86.Build.0 = Release|Any CPU
		{0E2E8AEC-8DC9-4C9D-8680-903805F92FD4}.Ad-Hoc|Any CPU.ActiveCfg = Release|Any CPU
		{0E2E8AEC-8DC9-4C9D-8680-903805F92FD4}.Ad-Hoc|Any CPU.Build.0 = Release|Any CPU
		{0E2E8AEC-8DC9-4C9D-8680-903805F92FD4}.Ad-Hoc|ARM.ActiveCfg = Release|Any CPU
		{0E2E8AEC-8DC9-4C9D-8680-903805F92FD4}.Ad-Hoc|ARM.Build.0 = Release|Any CPU
		{0E2E8AEC-8DC9-4C9D-8680-903805F92FD4}.Ad-Hoc|iPhone.ActiveCfg = Release|Any CPU
		{0E2E8AEC-8DC9-4C9D-8680-903805F92FD4}.Ad-Hoc|iPhone.Build.0 = Release|Any CPU
		{0E2E8AEC-8DC9-4C9D-8680-903805F92FD4}.Ad-Hoc|iPhoneSimulator.ActiveCfg = Release|Any CPU
		{0E2E8AEC-8DC9-4C9D-8680-903805F92FD4}.Ad-Hoc|iPhoneSimulator.Build.0 = Release|Any CPU
		{0E2E8AEC-8DC9-4C9D-8680-903805F92FD4}.Ad-Hoc|x64.ActiveCfg = Release|Any CPU
		{0E2E8AEC-8DC9-4C9D-8680-903805F92FD4}.Ad-Hoc|x64.Build.0 = Release|Any CPU
		{0E2E8AEC-8DC9-4C9D-8680-903805F92FD4}.Ad-Hoc|x86.ActiveCfg = Release|Any CPU
		{0E2E8AEC-8DC9-4C9D-8680-903805F92FD4}.Ad-Hoc|x86.Build.0 = Release|Any CPU
		{0E2E8AEC-8DC9-4C9D-8680-903805F92FD4}.AppStore|Any CPU.ActiveCfg = Release|Any CPU
		{0E2E8AEC-8DC9-4C9D-8680-903805F92FD4}.AppStore|Any CPU.Build.0 = Release|Any CPU
		{0E2E8AEC-8DC9-4C9D-8680-903805F92FD4}.AppStore|ARM.ActiveCfg = Release|Any CPU
		{0E2E8AEC-8DC9-4C9D-8680-903805F92FD4}.AppStore|ARM.Build.0 = Release|Any CPU
		{0E2E8AEC-8DC9-4C9D-8680-903805F92FD4}.AppStore|iPhone.ActiveCfg = Release|Any CPU
		{0E2E8AEC-8DC9-4C9D-8680-903805F92FD4}.AppStore|iPhone.Build.0 = Release|Any CPU
		{0E2E8AEC-8DC9-4C9D-8680-903805F92FD4}.AppStore|iPhoneSimulator.ActiveCfg = Release|Any CPU
		{0E2E8AEC-8DC9-4C9D-8680-903805F92FD4}.AppStore|iPhoneSimulator.Build.0 = Release|Any CPU
		{0E2E8AEC-8DC9-4C9D-8680-903805F92FD4}.AppStore|x64.ActiveCfg = Release|Any CPU
		{0E2E8AEC-8DC9-4C9D-8680-903805F92FD4}.AppStore|x64.Build.0 = Release|Any CPU
		{0E2E8AEC-8DC9-4C9D-8680-903805F92FD4}.AppStore|x86.ActiveCfg = Release|Any CPU
		{0E2E8AEC-8DC9-4C9D-8680-903805F92FD4}.AppStore|x86.Build.0 = Release|Any CPU
		{0E2E8AEC-8DC9-4C9D-8680-903805F92FD4}.Debug|Any CPU.ActiveCfg = Debug|Any CPU
		{0E2E8AEC-8DC9-4C9D-8680-903805F92FD4}.Debug|Any CPU.Build.0 = Debug|Any CPU
		{0E2E8AEC-8DC9-4C9D-8680-903805F92FD4}.Debug|ARM.ActiveCfg = Debug|Any CPU
		{0E2E8AEC-8DC9-4C9D-8680-903805F92FD4}.Debug|ARM.Build.0 = Debug|Any CPU
		{0E2E8AEC-8DC9-4C9D-8680-903805F92FD4}.Debug|iPhone.ActiveCfg = Debug|Any CPU
		{0E2E8AEC-8DC9-4C9D-8680-903805F92FD4}.Debug|iPhone.Build.0 = Debug|Any CPU
		{0E2E8AEC-8DC9-4C9D-8680-903805F92FD4}.Debug|iPhoneSimulator.ActiveCfg = Debug|Any CPU
		{0E2E8AEC-8DC9-4C9D-8680-903805F92FD4}.Debug|iPhoneSimulator.Build.0 = Debug|Any CPU
		{0E2E8AEC-8DC9-4C9D-8680-903805F92FD4}.Debug|x64.ActiveCfg = Debug|Any CPU
		{0E2E8AEC-8DC9-4C9D-8680-903805F92FD4}.Debug|x64.Build.0 = Debug|Any CPU
		{0E2E8AEC-8DC9-4C9D-8680-903805F92FD4}.Debug|x86.ActiveCfg = Debug|Any CPU
		{0E2E8AEC-8DC9-4C9D-8680-903805F92FD4}.Debug|x86.Build.0 = Debug|Any CPU
		{0E2E8AEC-8DC9-4C9D-8680-903805F92FD4}.Release|Any CPU.ActiveCfg = Release|Any CPU
		{0E2E8AEC-8DC9-4C9D-8680-903805F92FD4}.Release|Any CPU.Build.0 = Release|Any CPU
		{0E2E8AEC-8DC9-4C9D-8680-903805F92FD4}.Release|ARM.ActiveCfg = Release|Any CPU
		{0E2E8AEC-8DC9-4C9D-8680-903805F92FD4}.Release|ARM.Build.0 = Release|Any CPU
		{0E2E8AEC-8DC9-4C9D-8680-903805F92FD4}.Release|iPhone.ActiveCfg = Release|Any CPU
		{0E2E8AEC-8DC9-4C9D-8680-903805F92FD4}.Release|iPhone.Build.0 = Release|Any CPU
		{0E2E8AEC-8DC9-4C9D-8680-903805F92FD4}.Release|iPhoneSimulator.ActiveCfg = Release|Any CPU
		{0E2E8AEC-8DC9-4C9D-8680-903805F92FD4}.Release|iPhoneSimulator.Build.0 = Release|Any CPU
		{0E2E8AEC-8DC9-4C9D-8680-903805F92FD4}.Release|x64.ActiveCfg = Release|Any CPU
		{0E2E8AEC-8DC9-4C9D-8680-903805F92FD4}.Release|x64.Build.0 = Release|Any CPU
		{0E2E8AEC-8DC9-4C9D-8680-903805F92FD4}.Release|x86.ActiveCfg = Release|Any CPU
		{0E2E8AEC-8DC9-4C9D-8680-903805F92FD4}.Release|x86.Build.0 = Release|Any CPU
		{BBB5402C-92F6-4E2D-BD9F-5CA6EB79CF27}.Ad-Hoc|Any CPU.ActiveCfg = Release|Any CPU
		{BBB5402C-92F6-4E2D-BD9F-5CA6EB79CF27}.Ad-Hoc|Any CPU.Build.0 = Release|Any CPU
		{BBB5402C-92F6-4E2D-BD9F-5CA6EB79CF27}.Ad-Hoc|ARM.ActiveCfg = Release|Any CPU
		{BBB5402C-92F6-4E2D-BD9F-5CA6EB79CF27}.Ad-Hoc|ARM.Build.0 = Release|Any CPU
		{BBB5402C-92F6-4E2D-BD9F-5CA6EB79CF27}.Ad-Hoc|iPhone.ActiveCfg = Release|Any CPU
		{BBB5402C-92F6-4E2D-BD9F-5CA6EB79CF27}.Ad-Hoc|iPhone.Build.0 = Release|Any CPU
		{BBB5402C-92F6-4E2D-BD9F-5CA6EB79CF27}.Ad-Hoc|iPhoneSimulator.ActiveCfg = Release|Any CPU
		{BBB5402C-92F6-4E2D-BD9F-5CA6EB79CF27}.Ad-Hoc|iPhoneSimulator.Build.0 = Release|Any CPU
		{BBB5402C-92F6-4E2D-BD9F-5CA6EB79CF27}.Ad-Hoc|x64.ActiveCfg = Release|Any CPU
		{BBB5402C-92F6-4E2D-BD9F-5CA6EB79CF27}.Ad-Hoc|x64.Build.0 = Release|Any CPU
		{BBB5402C-92F6-4E2D-BD9F-5CA6EB79CF27}.Ad-Hoc|x86.ActiveCfg = Release|Any CPU
		{BBB5402C-92F6-4E2D-BD9F-5CA6EB79CF27}.Ad-Hoc|x86.Build.0 = Release|Any CPU
		{BBB5402C-92F6-4E2D-BD9F-5CA6EB79CF27}.AppStore|Any CPU.ActiveCfg = Release|Any CPU
		{BBB5402C-92F6-4E2D-BD9F-5CA6EB79CF27}.AppStore|Any CPU.Build.0 = Release|Any CPU
		{BBB5402C-92F6-4E2D-BD9F-5CA6EB79CF27}.AppStore|ARM.ActiveCfg = Release|Any CPU
		{BBB5402C-92F6-4E2D-BD9F-5CA6EB79CF27}.AppStore|ARM.Build.0 = Release|Any CPU
		{BBB5402C-92F6-4E2D-BD9F-5CA6EB79CF27}.AppStore|iPhone.ActiveCfg = Release|Any CPU
		{BBB5402C-92F6-4E2D-BD9F-5CA6EB79CF27}.AppStore|iPhone.Build.0 = Release|Any CPU
		{BBB5402C-92F6-4E2D-BD9F-5CA6EB79CF27}.AppStore|iPhoneSimulator.ActiveCfg = Release|Any CPU
		{BBB5402C-92F6-4E2D-BD9F-5CA6EB79CF27}.AppStore|iPhoneSimulator.Build.0 = Release|Any CPU
		{BBB5402C-92F6-4E2D-BD9F-5CA6EB79CF27}.AppStore|x64.ActiveCfg = Release|Any CPU
		{BBB5402C-92F6-4E2D-BD9F-5CA6EB79CF27}.AppStore|x64.Build.0 = Release|Any CPU
		{BBB5402C-92F6-4E2D-BD9F-5CA6EB79CF27}.AppStore|x86.ActiveCfg = Release|Any CPU
		{BBB5402C-92F6-4E2D-BD9F-5CA6EB79CF27}.AppStore|x86.Build.0 = Release|Any CPU
		{BBB5402C-92F6-4E2D-BD9F-5CA6EB79CF27}.Debug|Any CPU.ActiveCfg = Debug|Any CPU
		{BBB5402C-92F6-4E2D-BD9F-5CA6EB79CF27}.Debug|Any CPU.Build.0 = Debug|Any CPU
		{BBB5402C-92F6-4E2D-BD9F-5CA6EB79CF27}.Debug|ARM.ActiveCfg = Debug|Any CPU
		{BBB5402C-92F6-4E2D-BD9F-5CA6EB79CF27}.Debug|ARM.Build.0 = Debug|Any CPU
		{BBB5402C-92F6-4E2D-BD9F-5CA6EB79CF27}.Debug|iPhone.ActiveCfg = Debug|Any CPU
		{BBB5402C-92F6-4E2D-BD9F-5CA6EB79CF27}.Debug|iPhone.Build.0 = Debug|Any CPU
		{BBB5402C-92F6-4E2D-BD9F-5CA6EB79CF27}.Debug|iPhoneSimulator.ActiveCfg = Debug|Any CPU
		{BBB5402C-92F6-4E2D-BD9F-5CA6EB79CF27}.Debug|iPhoneSimulator.Build.0 = Debug|Any CPU
		{BBB5402C-92F6-4E2D-BD9F-5CA6EB79CF27}.Debug|x64.ActiveCfg = Debug|Any CPU
		{BBB5402C-92F6-4E2D-BD9F-5CA6EB79CF27}.Debug|x64.Build.0 = Debug|Any CPU
		{BBB5402C-92F6-4E2D-BD9F-5CA6EB79CF27}.Debug|x86.ActiveCfg = Debug|Any CPU
		{BBB5402C-92F6-4E2D-BD9F-5CA6EB79CF27}.Debug|x86.Build.0 = Debug|Any CPU
		{BBB5402C-92F6-4E2D-BD9F-5CA6EB79CF27}.Release|Any CPU.ActiveCfg = Release|Any CPU
		{BBB5402C-92F6-4E2D-BD9F-5CA6EB79CF27}.Release|Any CPU.Build.0 = Release|Any CPU
		{BBB5402C-92F6-4E2D-BD9F-5CA6EB79CF27}.Release|ARM.ActiveCfg = Release|Any CPU
		{BBB5402C-92F6-4E2D-BD9F-5CA6EB79CF27}.Release|ARM.Build.0 = Release|Any CPU
		{BBB5402C-92F6-4E2D-BD9F-5CA6EB79CF27}.Release|iPhone.ActiveCfg = Release|Any CPU
		{BBB5402C-92F6-4E2D-BD9F-5CA6EB79CF27}.Release|iPhone.Build.0 = Release|Any CPU
		{BBB5402C-92F6-4E2D-BD9F-5CA6EB79CF27}.Release|iPhoneSimulator.ActiveCfg = Release|Any CPU
		{BBB5402C-92F6-4E2D-BD9F-5CA6EB79CF27}.Release|iPhoneSimulator.Build.0 = Release|Any CPU
		{BBB5402C-92F6-4E2D-BD9F-5CA6EB79CF27}.Release|x64.ActiveCfg = Release|Any CPU
		{BBB5402C-92F6-4E2D-BD9F-5CA6EB79CF27}.Release|x64.Build.0 = Release|Any CPU
		{BBB5402C-92F6-4E2D-BD9F-5CA6EB79CF27}.Release|x86.ActiveCfg = Release|Any CPU
		{BBB5402C-92F6-4E2D-BD9F-5CA6EB79CF27}.Release|x86.Build.0 = Release|Any CPU
		{EC8490D9-54F3-496A-8DC3-759D9EC53B74}.Ad-Hoc|Any CPU.ActiveCfg = Release|Any CPU
		{EC8490D9-54F3-496A-8DC3-759D9EC53B74}.Ad-Hoc|Any CPU.Build.0 = Release|Any CPU
		{EC8490D9-54F3-496A-8DC3-759D9EC53B74}.Ad-Hoc|ARM.ActiveCfg = Release|ARM
		{EC8490D9-54F3-496A-8DC3-759D9EC53B74}.Ad-Hoc|ARM.Build.0 = Release|ARM
		{EC8490D9-54F3-496A-8DC3-759D9EC53B74}.Ad-Hoc|iPhone.ActiveCfg = Release|Any CPU
		{EC8490D9-54F3-496A-8DC3-759D9EC53B74}.Ad-Hoc|iPhone.Build.0 = Release|Any CPU
		{EC8490D9-54F3-496A-8DC3-759D9EC53B74}.Ad-Hoc|iPhoneSimulator.ActiveCfg = Release|Any CPU
		{EC8490D9-54F3-496A-8DC3-759D9EC53B74}.Ad-Hoc|iPhoneSimulator.Build.0 = Release|Any CPU
		{EC8490D9-54F3-496A-8DC3-759D9EC53B74}.Ad-Hoc|x64.ActiveCfg = Release|x64
		{EC8490D9-54F3-496A-8DC3-759D9EC53B74}.Ad-Hoc|x64.Build.0 = Release|x64
		{EC8490D9-54F3-496A-8DC3-759D9EC53B74}.Ad-Hoc|x86.ActiveCfg = Release|x86
		{EC8490D9-54F3-496A-8DC3-759D9EC53B74}.Ad-Hoc|x86.Build.0 = Release|x86
		{EC8490D9-54F3-496A-8DC3-759D9EC53B74}.AppStore|Any CPU.ActiveCfg = Release|Any CPU
		{EC8490D9-54F3-496A-8DC3-759D9EC53B74}.AppStore|Any CPU.Build.0 = Release|Any CPU
		{EC8490D9-54F3-496A-8DC3-759D9EC53B74}.AppStore|ARM.ActiveCfg = Release|ARM
		{EC8490D9-54F3-496A-8DC3-759D9EC53B74}.AppStore|ARM.Build.0 = Release|ARM
		{EC8490D9-54F3-496A-8DC3-759D9EC53B74}.AppStore|iPhone.ActiveCfg = Release|Any CPU
		{EC8490D9-54F3-496A-8DC3-759D9EC53B74}.AppStore|iPhone.Build.0 = Release|Any CPU
		{EC8490D9-54F3-496A-8DC3-759D9EC53B74}.AppStore|iPhoneSimulator.ActiveCfg = Release|Any CPU
		{EC8490D9-54F3-496A-8DC3-759D9EC53B74}.AppStore|iPhoneSimulator.Build.0 = Release|Any CPU
		{EC8490D9-54F3-496A-8DC3-759D9EC53B74}.AppStore|x64.ActiveCfg = Release|x64
		{EC8490D9-54F3-496A-8DC3-759D9EC53B74}.AppStore|x64.Build.0 = Release|x64
		{EC8490D9-54F3-496A-8DC3-759D9EC53B74}.AppStore|x86.ActiveCfg = Release|x86
		{EC8490D9-54F3-496A-8DC3-759D9EC53B74}.AppStore|x86.Build.0 = Release|x86
		{EC8490D9-54F3-496A-8DC3-759D9EC53B74}.Debug|Any CPU.ActiveCfg = Debug|Any CPU
		{EC8490D9-54F3-496A-8DC3-759D9EC53B74}.Debug|Any CPU.Build.0 = Debug|Any CPU
		{EC8490D9-54F3-496A-8DC3-759D9EC53B74}.Debug|ARM.ActiveCfg = Debug|ARM
		{EC8490D9-54F3-496A-8DC3-759D9EC53B74}.Debug|ARM.Build.0 = Debug|ARM
		{EC8490D9-54F3-496A-8DC3-759D9EC53B74}.Debug|iPhone.ActiveCfg = Debug|Any CPU
		{EC8490D9-54F3-496A-8DC3-759D9EC53B74}.Debug|iPhone.Build.0 = Debug|Any CPU
		{EC8490D9-54F3-496A-8DC3-759D9EC53B74}.Debug|iPhoneSimulator.ActiveCfg = Debug|Any CPU
		{EC8490D9-54F3-496A-8DC3-759D9EC53B74}.Debug|iPhoneSimulator.Build.0 = Debug|Any CPU
		{EC8490D9-54F3-496A-8DC3-759D9EC53B74}.Debug|x64.ActiveCfg = Debug|x64
		{EC8490D9-54F3-496A-8DC3-759D9EC53B74}.Debug|x64.Build.0 = Debug|x64
		{EC8490D9-54F3-496A-8DC3-759D9EC53B74}.Debug|x86.ActiveCfg = Debug|x86
		{EC8490D9-54F3-496A-8DC3-759D9EC53B74}.Debug|x86.Build.0 = Debug|x86
		{EC8490D9-54F3-496A-8DC3-759D9EC53B74}.Release|Any CPU.ActiveCfg = Release|Any CPU
		{EC8490D9-54F3-496A-8DC3-759D9EC53B74}.Release|Any CPU.Build.0 = Release|Any CPU
		{EC8490D9-54F3-496A-8DC3-759D9EC53B74}.Release|ARM.ActiveCfg = Release|ARM
		{EC8490D9-54F3-496A-8DC3-759D9EC53B74}.Release|ARM.Build.0 = Release|ARM
		{EC8490D9-54F3-496A-8DC3-759D9EC53B74}.Release|iPhone.ActiveCfg = Release|Any CPU
		{EC8490D9-54F3-496A-8DC3-759D9EC53B74}.Release|iPhone.Build.0 = Release|Any CPU
		{EC8490D9-54F3-496A-8DC3-759D9EC53B74}.Release|iPhoneSimulator.ActiveCfg = Release|Any CPU
		{EC8490D9-54F3-496A-8DC3-759D9EC53B74}.Release|iPhoneSimulator.Build.0 = Release|Any CPU
		{EC8490D9-54F3-496A-8DC3-759D9EC53B74}.Release|x64.ActiveCfg = Release|x64
		{EC8490D9-54F3-496A-8DC3-759D9EC53B74}.Release|x64.Build.0 = Release|x64
		{EC8490D9-54F3-496A-8DC3-759D9EC53B74}.Release|x86.ActiveCfg = Release|x86
		{EC8490D9-54F3-496A-8DC3-759D9EC53B74}.Release|x86.Build.0 = Release|x86
		{9E294088-90DD-4339-ABA5-3BFB5078084D}.Ad-Hoc|Any CPU.ActiveCfg = Release|Any CPU
		{9E294088-90DD-4339-ABA5-3BFB5078084D}.Ad-Hoc|Any CPU.Build.0 = Release|Any CPU
		{9E294088-90DD-4339-ABA5-3BFB5078084D}.Ad-Hoc|ARM.ActiveCfg = Release|Any CPU
		{9E294088-90DD-4339-ABA5-3BFB5078084D}.Ad-Hoc|ARM.Build.0 = Release|Any CPU
		{9E294088-90DD-4339-ABA5-3BFB5078084D}.Ad-Hoc|iPhone.ActiveCfg = Release|Any CPU
		{9E294088-90DD-4339-ABA5-3BFB5078084D}.Ad-Hoc|iPhone.Build.0 = Release|Any CPU
		{9E294088-90DD-4339-ABA5-3BFB5078084D}.Ad-Hoc|iPhoneSimulator.ActiveCfg = Release|Any CPU
		{9E294088-90DD-4339-ABA5-3BFB5078084D}.Ad-Hoc|iPhoneSimulator.Build.0 = Release|Any CPU
		{9E294088-90DD-4339-ABA5-3BFB5078084D}.Ad-Hoc|x64.ActiveCfg = Release|Any CPU
		{9E294088-90DD-4339-ABA5-3BFB5078084D}.Ad-Hoc|x64.Build.0 = Release|Any CPU
		{9E294088-90DD-4339-ABA5-3BFB5078084D}.Ad-Hoc|x86.ActiveCfg = Release|Any CPU
		{9E294088-90DD-4339-ABA5-3BFB5078084D}.Ad-Hoc|x86.Build.0 = Release|Any CPU
		{9E294088-90DD-4339-ABA5-3BFB5078084D}.AppStore|Any CPU.ActiveCfg = Release|Any CPU
		{9E294088-90DD-4339-ABA5-3BFB5078084D}.AppStore|Any CPU.Build.0 = Release|Any CPU
		{9E294088-90DD-4339-ABA5-3BFB5078084D}.AppStore|ARM.ActiveCfg = Release|Any CPU
		{9E294088-90DD-4339-ABA5-3BFB5078084D}.AppStore|ARM.Build.0 = Release|Any CPU
		{9E294088-90DD-4339-ABA5-3BFB5078084D}.AppStore|iPhone.ActiveCfg = Release|Any CPU
		{9E294088-90DD-4339-ABA5-3BFB5078084D}.AppStore|iPhone.Build.0 = Release|Any CPU
		{9E294088-90DD-4339-ABA5-3BFB5078084D}.AppStore|iPhoneSimulator.ActiveCfg = Release|Any CPU
		{9E294088-90DD-4339-ABA5-3BFB5078084D}.AppStore|iPhoneSimulator.Build.0 = Release|Any CPU
		{9E294088-90DD-4339-ABA5-3BFB5078084D}.AppStore|x64.ActiveCfg = Release|Any CPU
		{9E294088-90DD-4339-ABA5-3BFB5078084D}.AppStore|x64.Build.0 = Release|Any CPU
		{9E294088-90DD-4339-ABA5-3BFB5078084D}.AppStore|x86.ActiveCfg = Release|Any CPU
		{9E294088-90DD-4339-ABA5-3BFB5078084D}.AppStore|x86.Build.0 = Release|Any CPU
		{9E294088-90DD-4339-ABA5-3BFB5078084D}.Debug|Any CPU.ActiveCfg = Debug|Any CPU
		{9E294088-90DD-4339-ABA5-3BFB5078084D}.Debug|Any CPU.Build.0 = Debug|Any CPU
		{9E294088-90DD-4339-ABA5-3BFB5078084D}.Debug|ARM.ActiveCfg = Debug|Any CPU
		{9E294088-90DD-4339-ABA5-3BFB5078084D}.Debug|ARM.Build.0 = Debug|Any CPU
		{9E294088-90DD-4339-ABA5-3BFB5078084D}.Debug|iPhone.ActiveCfg = Debug|Any CPU
		{9E294088-90DD-4339-ABA5-3BFB5078084D}.Debug|iPhone.Build.0 = Debug|Any CPU
		{9E294088-90DD-4339-ABA5-3BFB5078084D}.Debug|iPhoneSimulator.ActiveCfg = Debug|Any CPU
		{9E294088-90DD-4339-ABA5-3BFB5078084D}.Debug|iPhoneSimulator.Build.0 = Debug|Any CPU
		{9E294088-90DD-4339-ABA5-3BFB5078084D}.Debug|x64.ActiveCfg = Debug|Any CPU
		{9E294088-90DD-4339-ABA5-3BFB5078084D}.Debug|x64.Build.0 = Debug|Any CPU
		{9E294088-90DD-4339-ABA5-3BFB5078084D}.Debug|x86.ActiveCfg = Debug|Any CPU
		{9E294088-90DD-4339-ABA5-3BFB5078084D}.Debug|x86.Build.0 = Debug|Any CPU
		{9E294088-90DD-4339-ABA5-3BFB5078084D}.Release|Any CPU.ActiveCfg = Release|Any CPU
		{9E294088-90DD-4339-ABA5-3BFB5078084D}.Release|Any CPU.Build.0 = Release|Any CPU
		{9E294088-90DD-4339-ABA5-3BFB5078084D}.Release|ARM.ActiveCfg = Release|Any CPU
		{9E294088-90DD-4339-ABA5-3BFB5078084D}.Release|ARM.Build.0 = Release|Any CPU
		{9E294088-90DD-4339-ABA5-3BFB5078084D}.Release|iPhone.ActiveCfg = Release|Any CPU
		{9E294088-90DD-4339-ABA5-3BFB5078084D}.Release|iPhone.Build.0 = Release|Any CPU
		{9E294088-90DD-4339-ABA5-3BFB5078084D}.Release|iPhoneSimulator.ActiveCfg = Release|Any CPU
		{9E294088-90DD-4339-ABA5-3BFB5078084D}.Release|iPhoneSimulator.Build.0 = Release|Any CPU
		{9E294088-90DD-4339-ABA5-3BFB5078084D}.Release|x64.ActiveCfg = Release|Any CPU
		{9E294088-90DD-4339-ABA5-3BFB5078084D}.Release|x64.Build.0 = Release|Any CPU
		{9E294088-90DD-4339-ABA5-3BFB5078084D}.Release|x86.ActiveCfg = Release|Any CPU
		{9E294088-90DD-4339-ABA5-3BFB5078084D}.Release|x86.Build.0 = Release|Any CPU
		{02095C26-2120-46EA-88B5-5014445A31FF}.Ad-Hoc|Any CPU.ActiveCfg = Release|Any CPU
		{02095C26-2120-46EA-88B5-5014445A31FF}.Ad-Hoc|Any CPU.Build.0 = Release|Any CPU
		{02095C26-2120-46EA-88B5-5014445A31FF}.Ad-Hoc|ARM.ActiveCfg = Release|Any CPU
		{02095C26-2120-46EA-88B5-5014445A31FF}.Ad-Hoc|ARM.Build.0 = Release|Any CPU
		{02095C26-2120-46EA-88B5-5014445A31FF}.Ad-Hoc|iPhone.ActiveCfg = Release|Any CPU
		{02095C26-2120-46EA-88B5-5014445A31FF}.Ad-Hoc|iPhone.Build.0 = Release|Any CPU
		{02095C26-2120-46EA-88B5-5014445A31FF}.Ad-Hoc|iPhoneSimulator.ActiveCfg = Release|Any CPU
		{02095C26-2120-46EA-88B5-5014445A31FF}.Ad-Hoc|iPhoneSimulator.Build.0 = Release|Any CPU
		{02095C26-2120-46EA-88B5-5014445A31FF}.Ad-Hoc|x64.ActiveCfg = Release|Any CPU
		{02095C26-2120-46EA-88B5-5014445A31FF}.Ad-Hoc|x64.Build.0 = Release|Any CPU
		{02095C26-2120-46EA-88B5-5014445A31FF}.Ad-Hoc|x86.ActiveCfg = Release|Any CPU
		{02095C26-2120-46EA-88B5-5014445A31FF}.Ad-Hoc|x86.Build.0 = Release|Any CPU
		{02095C26-2120-46EA-88B5-5014445A31FF}.AppStore|Any CPU.ActiveCfg = Release|Any CPU
		{02095C26-2120-46EA-88B5-5014445A31FF}.AppStore|Any CPU.Build.0 = Release|Any CPU
		{02095C26-2120-46EA-88B5-5014445A31FF}.AppStore|ARM.ActiveCfg = Release|Any CPU
		{02095C26-2120-46EA-88B5-5014445A31FF}.AppStore|ARM.Build.0 = Release|Any CPU
		{02095C26-2120-46EA-88B5-5014445A31FF}.AppStore|iPhone.ActiveCfg = Release|Any CPU
		{02095C26-2120-46EA-88B5-5014445A31FF}.AppStore|iPhone.Build.0 = Release|Any CPU
		{02095C26-2120-46EA-88B5-5014445A31FF}.AppStore|iPhoneSimulator.ActiveCfg = Release|Any CPU
		{02095C26-2120-46EA-88B5-5014445A31FF}.AppStore|iPhoneSimulator.Build.0 = Release|Any CPU
		{02095C26-2120-46EA-88B5-5014445A31FF}.AppStore|x64.ActiveCfg = Release|Any CPU
		{02095C26-2120-46EA-88B5-5014445A31FF}.AppStore|x64.Build.0 = Release|Any CPU
		{02095C26-2120-46EA-88B5-5014445A31FF}.AppStore|x86.ActiveCfg = Release|Any CPU
		{02095C26-2120-46EA-88B5-5014445A31FF}.AppStore|x86.Build.0 = Release|Any CPU
		{02095C26-2120-46EA-88B5-5014445A31FF}.Debug|Any CPU.ActiveCfg = Debug|Any CPU
		{02095C26-2120-46EA-88B5-5014445A31FF}.Debug|Any CPU.Build.0 = Debug|Any CPU
		{02095C26-2120-46EA-88B5-5014445A31FF}.Debug|ARM.ActiveCfg = Debug|Any CPU
		{02095C26-2120-46EA-88B5-5014445A31FF}.Debug|ARM.Build.0 = Debug|Any CPU
		{02095C26-2120-46EA-88B5-5014445A31FF}.Debug|iPhone.ActiveCfg = Debug|Any CPU
		{02095C26-2120-46EA-88B5-5014445A31FF}.Debug|iPhone.Build.0 = Debug|Any CPU
		{02095C26-2120-46EA-88B5-5014445A31FF}.Debug|iPhoneSimulator.ActiveCfg = Debug|Any CPU
		{02095C26-2120-46EA-88B5-5014445A31FF}.Debug|iPhoneSimulator.Build.0 = Debug|Any CPU
		{02095C26-2120-46EA-88B5-5014445A31FF}.Debug|x64.ActiveCfg = Debug|Any CPU
		{02095C26-2120-46EA-88B5-5014445A31FF}.Debug|x64.Build.0 = Debug|Any CPU
		{02095C26-2120-46EA-88B5-5014445A31FF}.Debug|x86.ActiveCfg = Debug|Any CPU
		{02095C26-2120-46EA-88B5-5014445A31FF}.Debug|x86.Build.0 = Debug|Any CPU
		{02095C26-2120-46EA-88B5-5014445A31FF}.Release|Any CPU.ActiveCfg = Release|Any CPU
		{02095C26-2120-46EA-88B5-5014445A31FF}.Release|Any CPU.Build.0 = Release|Any CPU
		{02095C26-2120-46EA-88B5-5014445A31FF}.Release|ARM.ActiveCfg = Release|Any CPU
		{02095C26-2120-46EA-88B5-5014445A31FF}.Release|ARM.Build.0 = Release|Any CPU
		{02095C26-2120-46EA-88B5-5014445A31FF}.Release|iPhone.ActiveCfg = Release|Any CPU
		{02095C26-2120-46EA-88B5-5014445A31FF}.Release|iPhone.Build.0 = Release|Any CPU
		{02095C26-2120-46EA-88B5-5014445A31FF}.Release|iPhoneSimulator.ActiveCfg = Release|Any CPU
		{02095C26-2120-46EA-88B5-5014445A31FF}.Release|iPhoneSimulator.Build.0 = Release|Any CPU
		{02095C26-2120-46EA-88B5-5014445A31FF}.Release|x64.ActiveCfg = Release|Any CPU
		{02095C26-2120-46EA-88B5-5014445A31FF}.Release|x64.Build.0 = Release|Any CPU
		{02095C26-2120-46EA-88B5-5014445A31FF}.Release|x86.ActiveCfg = Release|Any CPU
		{02095C26-2120-46EA-88B5-5014445A31FF}.Release|x86.Build.0 = Release|Any CPU
		{15214CBE-4AAF-4F29-8026-AE557445ABD5}.Ad-Hoc|Any CPU.ActiveCfg = Release|Any CPU
		{15214CBE-4AAF-4F29-8026-AE557445ABD5}.Ad-Hoc|Any CPU.Build.0 = Release|Any CPU
		{15214CBE-4AAF-4F29-8026-AE557445ABD5}.Ad-Hoc|ARM.ActiveCfg = Release|Any CPU
		{15214CBE-4AAF-4F29-8026-AE557445ABD5}.Ad-Hoc|ARM.Build.0 = Release|Any CPU
		{15214CBE-4AAF-4F29-8026-AE557445ABD5}.Ad-Hoc|iPhone.ActiveCfg = Release|Any CPU
		{15214CBE-4AAF-4F29-8026-AE557445ABD5}.Ad-Hoc|iPhone.Build.0 = Release|Any CPU
		{15214CBE-4AAF-4F29-8026-AE557445ABD5}.Ad-Hoc|iPhoneSimulator.ActiveCfg = Release|Any CPU
		{15214CBE-4AAF-4F29-8026-AE557445ABD5}.Ad-Hoc|iPhoneSimulator.Build.0 = Release|Any CPU
		{15214CBE-4AAF-4F29-8026-AE557445ABD5}.Ad-Hoc|x64.ActiveCfg = Release|Any CPU
		{15214CBE-4AAF-4F29-8026-AE557445ABD5}.Ad-Hoc|x64.Build.0 = Release|Any CPU
		{15214CBE-4AAF-4F29-8026-AE557445ABD5}.Ad-Hoc|x86.ActiveCfg = Release|Any CPU
		{15214CBE-4AAF-4F29-8026-AE557445ABD5}.Ad-Hoc|x86.Build.0 = Release|Any CPU
		{15214CBE-4AAF-4F29-8026-AE557445ABD5}.AppStore|Any CPU.ActiveCfg = Release|Any CPU
		{15214CBE-4AAF-4F29-8026-AE557445ABD5}.AppStore|Any CPU.Build.0 = Release|Any CPU
		{15214CBE-4AAF-4F29-8026-AE557445ABD5}.AppStore|ARM.ActiveCfg = Release|Any CPU
		{15214CBE-4AAF-4F29-8026-AE557445ABD5}.AppStore|ARM.Build.0 = Release|Any CPU
		{15214CBE-4AAF-4F29-8026-AE557445ABD5}.AppStore|iPhone.ActiveCfg = Release|Any CPU
		{15214CBE-4AAF-4F29-8026-AE557445ABD5}.AppStore|iPhone.Build.0 = Release|Any CPU
		{15214CBE-4AAF-4F29-8026-AE557445ABD5}.AppStore|iPhoneSimulator.ActiveCfg = Release|Any CPU
		{15214CBE-4AAF-4F29-8026-AE557445ABD5}.AppStore|iPhoneSimulator.Build.0 = Release|Any CPU
		{15214CBE-4AAF-4F29-8026-AE557445ABD5}.AppStore|x64.ActiveCfg = Release|Any CPU
		{15214CBE-4AAF-4F29-8026-AE557445ABD5}.AppStore|x64.Build.0 = Release|Any CPU
		{15214CBE-4AAF-4F29-8026-AE557445ABD5}.AppStore|x86.ActiveCfg = Release|Any CPU
		{15214CBE-4AAF-4F29-8026-AE557445ABD5}.AppStore|x86.Build.0 = Release|Any CPU
		{15214CBE-4AAF-4F29-8026-AE557445ABD5}.Debug|Any CPU.ActiveCfg = Debug|Any CPU
		{15214CBE-4AAF-4F29-8026-AE557445ABD5}.Debug|Any CPU.Build.0 = Debug|Any CPU
		{15214CBE-4AAF-4F29-8026-AE557445ABD5}.Debug|ARM.ActiveCfg = Debug|Any CPU
		{15214CBE-4AAF-4F29-8026-AE557445ABD5}.Debug|ARM.Build.0 = Debug|Any CPU
		{15214CBE-4AAF-4F29-8026-AE557445ABD5}.Debug|iPhone.ActiveCfg = Debug|Any CPU
		{15214CBE-4AAF-4F29-8026-AE557445ABD5}.Debug|iPhone.Build.0 = Debug|Any CPU
		{15214CBE-4AAF-4F29-8026-AE557445ABD5}.Debug|iPhoneSimulator.ActiveCfg = Debug|Any CPU
		{15214CBE-4AAF-4F29-8026-AE557445ABD5}.Debug|iPhoneSimulator.Build.0 = Debug|Any CPU
		{15214CBE-4AAF-4F29-8026-AE557445ABD5}.Debug|x64.ActiveCfg = Debug|Any CPU
		{15214CBE-4AAF-4F29-8026-AE557445ABD5}.Debug|x64.Build.0 = Debug|Any CPU
		{15214CBE-4AAF-4F29-8026-AE557445ABD5}.Debug|x86.ActiveCfg = Debug|Any CPU
		{15214CBE-4AAF-4F29-8026-AE557445ABD5}.Debug|x86.Build.0 = Debug|Any CPU
		{15214CBE-4AAF-4F29-8026-AE557445ABD5}.Release|Any CPU.ActiveCfg = Release|Any CPU
		{15214CBE-4AAF-4F29-8026-AE557445ABD5}.Release|Any CPU.Build.0 = Release|Any CPU
		{15214CBE-4AAF-4F29-8026-AE557445ABD5}.Release|ARM.ActiveCfg = Release|Any CPU
		{15214CBE-4AAF-4F29-8026-AE557445ABD5}.Release|ARM.Build.0 = Release|Any CPU
		{15214CBE-4AAF-4F29-8026-AE557445ABD5}.Release|iPhone.ActiveCfg = Release|Any CPU
		{15214CBE-4AAF-4F29-8026-AE557445ABD5}.Release|iPhone.Build.0 = Release|Any CPU
		{15214CBE-4AAF-4F29-8026-AE557445ABD5}.Release|iPhoneSimulator.ActiveCfg = Release|Any CPU
		{15214CBE-4AAF-4F29-8026-AE557445ABD5}.Release|iPhoneSimulator.Build.0 = Release|Any CPU
		{15214CBE-4AAF-4F29-8026-AE557445ABD5}.Release|x64.ActiveCfg = Release|Any CPU
		{15214CBE-4AAF-4F29-8026-AE557445ABD5}.Release|x64.Build.0 = Release|Any CPU
		{15214CBE-4AAF-4F29-8026-AE557445ABD5}.Release|x86.ActiveCfg = Release|Any CPU
		{15214CBE-4AAF-4F29-8026-AE557445ABD5}.Release|x86.Build.0 = Release|Any CPU
	EndGlobalSection
	GlobalSection(SolutionProperties) = preSolution
		HideSolutionNode = FALSE
	EndGlobalSection
	GlobalSection(NestedProjects) = preSolution
		{96C33EFF-EAE7-49A4-AE5D-30321AC268D3} = {8507F10B-CF78-4193-BC5B-C602837092B3}
		{7B43B9F5-7C88-42F1-B217-34A24AE925D0} = {96C33EFF-EAE7-49A4-AE5D-30321AC268D3}
		{0E2E8AEC-8DC9-4C9D-8680-903805F92FD4} = {96C33EFF-EAE7-49A4-AE5D-30321AC268D3}
		{BBB5402C-92F6-4E2D-BD9F-5CA6EB79CF27} = {96C33EFF-EAE7-49A4-AE5D-30321AC268D3}
		{FC8DC19A-0ABA-4922-9719-2DEBB20397F6} = {96C33EFF-EAE7-49A4-AE5D-30321AC268D3}
		{EC8490D9-54F3-496A-8DC3-759D9EC53B74} = {96C33EFF-EAE7-49A4-AE5D-30321AC268D3}
		{9E294088-90DD-4339-ABA5-3BFB5078084D} = {96C33EFF-EAE7-49A4-AE5D-30321AC268D3}
		{02095C26-2120-46EA-88B5-5014445A31FF} = {96C33EFF-EAE7-49A4-AE5D-30321AC268D3}
		{A44C2D82-3337-4AF1-85CA-4DA8A7B885FC} = {96C33EFF-EAE7-49A4-AE5D-30321AC268D3}
		{5436B113-AF23-4EE2-A2C8-20215BFD6537} = {790680FE-FE91-45C1-8A35-21C37A7D2C71}
		{256A41E1-22B6-4B0C-B502-3DAC5FAB43E5} = {5436B113-AF23-4EE2-A2C8-20215BFD6537}
		{15214CBE-4AAF-4F29-8026-AE557445ABD5} = {5436B113-AF23-4EE2-A2C8-20215BFD6537}
	EndGlobalSection
EndGlobal
